// !$*UTF8*$!
{
	archiveVersion = 1;
	classes = {
	};
	objectVersion = 46;
	objects = {

/* Begin PBXBuildFile section */
		A706D6FF14B9235100B469BB /* UIKit.framework in Frameworks */ = {isa = PBXBuildFile; fileRef = A706D6FE14B9235100B469BB /* UIKit.framework */; };
		A706D70114B9235100B469BB /* Foundation.framework in Frameworks */ = {isa = PBXBuildFile; fileRef = A706D70014B9235100B469BB /* Foundation.framework */; };
		A706D70314B9235100B469BB /* CoreGraphics.framework in Frameworks */ = {isa = PBXBuildFile; fileRef = A706D70214B9235100B469BB /* CoreGraphics.framework */; };
		A706D70B14B9235100B469BB /* main.m in Sources */ = {isa = PBXBuildFile; fileRef = A706D70A14B9235100B469BB /* main.m */; };
		A706D70F14B9235100B469BB /* AppDelegate.m in Sources */ = {isa = PBXBuildFile; fileRef = A706D70E14B9235100B469BB /* AppDelegate.m */; };
		A706D71F14B9237500B469BB /* UIKit.framework in Frameworks */ = {isa = PBXBuildFile; fileRef = A706D6FE14B9235100B469BB /* UIKit.framework */; };
		A706D72014B9237500B469BB /* Foundation.framework in Frameworks */ = {isa = PBXBuildFile; fileRef = A706D70014B9235100B469BB /* Foundation.framework */; };
		A706D72114B9237500B469BB /* CoreGraphics.framework in Frameworks */ = {isa = PBXBuildFile; fileRef = A706D70214B9235100B469BB /* CoreGraphics.framework */; };
		A706D72914B9237500B469BB /* main.m in Sources */ = {isa = PBXBuildFile; fileRef = A706D72814B9237500B469BB /* main.m */; };
		A706D73B14B9250C00B469BB /* GHUnitIOS.framework in Frameworks */ = {isa = PBXBuildFile; fileRef = A706D73A14B9250C00B469BB /* GHUnitIOS.framework */; };
		A706D75114B9253400B469BB /* OPBarButtonItem.m in Sources */ = {isa = PBXBuildFile; fileRef = A706D73E14B9253400B469BB /* OPBarButtonItem.m */; };
		A706D75214B9253400B469BB /* OPBarButtonItem.m in Sources */ = {isa = PBXBuildFile; fileRef = A706D73E14B9253400B469BB /* OPBarButtonItem.m */; };
		A706D75314B9253400B469BB /* OPGradientView.m in Sources */ = {isa = PBXBuildFile; fileRef = A706D74014B9253400B469BB /* OPGradientView.m */; };
		A706D75414B9253400B469BB /* OPGradientView.m in Sources */ = {isa = PBXBuildFile; fileRef = A706D74014B9253400B469BB /* OPGradientView.m */; };
		A706D75514B9253400B469BB /* OPNavigationBar.m in Sources */ = {isa = PBXBuildFile; fileRef = A706D74214B9253400B469BB /* OPNavigationBar.m */; };
		A706D75614B9253400B469BB /* OPNavigationBar.m in Sources */ = {isa = PBXBuildFile; fileRef = A706D74214B9253400B469BB /* OPNavigationBar.m */; };
		A706D75714B9253400B469BB /* OPNavigationController.m in Sources */ = {isa = PBXBuildFile; fileRef = A706D74414B9253400B469BB /* OPNavigationController.m */; };
		A706D75814B9253400B469BB /* OPNavigationController.m in Sources */ = {isa = PBXBuildFile; fileRef = A706D74414B9253400B469BB /* OPNavigationController.m */; };
		A706D75914B9253400B469BB /* OPNavigationController.xib in Resources */ = {isa = PBXBuildFile; fileRef = A706D74514B9253400B469BB /* OPNavigationController.xib */; };
		A706D75A14B9253400B469BB /* OPNavigationController.xib in Resources */ = {isa = PBXBuildFile; fileRef = A706D74514B9253400B469BB /* OPNavigationController.xib */; };
		A706D75B14B9253400B469BB /* OPSidebarNavigationController.m in Sources */ = {isa = PBXBuildFile; fileRef = A706D74714B9253400B469BB /* OPSidebarNavigationController.m */; };
		A706D75C14B9253400B469BB /* OPSidebarNavigationController.m in Sources */ = {isa = PBXBuildFile; fileRef = A706D74714B9253400B469BB /* OPSidebarNavigationController.m */; };
		A706D75D14B9253400B469BB /* OPSidebarNavigationController.xib in Resources */ = {isa = PBXBuildFile; fileRef = A706D74814B9253400B469BB /* OPSidebarNavigationController.xib */; };
		A706D75E14B9253400B469BB /* OPSidebarNavigationController.xib in Resources */ = {isa = PBXBuildFile; fileRef = A706D74814B9253400B469BB /* OPSidebarNavigationController.xib */; };
		A706D75F14B9253400B469BB /* OPTableViewController.m in Sources */ = {isa = PBXBuildFile; fileRef = A706D74A14B9253400B469BB /* OPTableViewController.m */; };
		A706D76014B9253400B469BB /* OPTableViewController.m in Sources */ = {isa = PBXBuildFile; fileRef = A706D74A14B9253400B469BB /* OPTableViewController.m */; };
		A706D76114B9253400B469BB /* OPTextView.m in Sources */ = {isa = PBXBuildFile; fileRef = A706D74C14B9253400B469BB /* OPTextView.m */; };
		A706D76214B9253400B469BB /* OPTextView.m in Sources */ = {isa = PBXBuildFile; fileRef = A706D74C14B9253400B469BB /* OPTextView.m */; };
		A706D76314B9253400B469BB /* OPView.m in Sources */ = {isa = PBXBuildFile; fileRef = A706D74E14B9253400B469BB /* OPView.m */; };
		A706D76414B9253400B469BB /* OPView.m in Sources */ = {isa = PBXBuildFile; fileRef = A706D74E14B9253400B469BB /* OPView.m */; };
		A706D76514B9253400B469BB /* OPViewController.m in Sources */ = {isa = PBXBuildFile; fileRef = A706D75014B9253400B469BB /* OPViewController.m */; };
		A706D76614B9253400B469BB /* OPViewController.m in Sources */ = {isa = PBXBuildFile; fileRef = A706D75014B9253400B469BB /* OPViewController.m */; };
		A706D76814B925BD00B469BB /* OPUIKit.podspec in Resources */ = {isa = PBXBuildFile; fileRef = A706D76714B925BD00B469BB /* OPUIKit.podspec */; };
		A706D84114B926A000B469BB /* NSManagedObjectContext+Opetopic.m in Sources */ = {isa = PBXBuildFile; fileRef = A706D80814B9269F00B469BB /* NSManagedObjectContext+Opetopic.m */; };
		A706D84214B926A000B469BB /* NSManagedObjectContext+Opetopic.m in Sources */ = {isa = PBXBuildFile; fileRef = A706D80814B9269F00B469BB /* NSManagedObjectContext+Opetopic.m */; };
		A706D84314B926A000B469BB /* NSPersistentStoreCoordinator+Opetopic.m in Sources */ = {isa = PBXBuildFile; fileRef = A706D80A14B9269F00B469BB /* NSPersistentStoreCoordinator+Opetopic.m */; };
		A706D84414B926A000B469BB /* NSPersistentStoreCoordinator+Opetopic.m in Sources */ = {isa = PBXBuildFile; fileRef = A706D80A14B9269F00B469BB /* NSPersistentStoreCoordinator+Opetopic.m */; };
		A706D84514B926A000B469BB /* NSArray+Opetopic.m in Sources */ = {isa = PBXBuildFile; fileRef = A706D80D14B9269F00B469BB /* NSArray+Opetopic.m */; };
		A706D84614B926A000B469BB /* NSArray+Opetopic.m in Sources */ = {isa = PBXBuildFile; fileRef = A706D80D14B9269F00B469BB /* NSArray+Opetopic.m */; };
		A706D84714B926A000B469BB /* NSCache+Opetopic.m in Sources */ = {isa = PBXBuildFile; fileRef = A706D80F14B9269F00B469BB /* NSCache+Opetopic.m */; };
		A706D84814B926A000B469BB /* NSCache+Opetopic.m in Sources */ = {isa = PBXBuildFile; fileRef = A706D80F14B9269F00B469BB /* NSCache+Opetopic.m */; };
		A706D84914B926A000B469BB /* NSData+Opetopic.m in Sources */ = {isa = PBXBuildFile; fileRef = A706D81114B9269F00B469BB /* NSData+Opetopic.m */; };
		A706D84A14B926A000B469BB /* NSData+Opetopic.m in Sources */ = {isa = PBXBuildFile; fileRef = A706D81114B9269F00B469BB /* NSData+Opetopic.m */; };
		A706D84B14B926A000B469BB /* NSDate+Opetopic.m in Sources */ = {isa = PBXBuildFile; fileRef = A706D81314B9269F00B469BB /* NSDate+Opetopic.m */; };
		A706D84C14B926A000B469BB /* NSDate+Opetopic.m in Sources */ = {isa = PBXBuildFile; fileRef = A706D81314B9269F00B469BB /* NSDate+Opetopic.m */; };
		A706D84D14B926A000B469BB /* NSDateFormatter+Opetopic.m in Sources */ = {isa = PBXBuildFile; fileRef = A706D81514B9269F00B469BB /* NSDateFormatter+Opetopic.m */; };
		A706D84E14B926A000B469BB /* NSDateFormatter+Opetopic.m in Sources */ = {isa = PBXBuildFile; fileRef = A706D81514B9269F00B469BB /* NSDateFormatter+Opetopic.m */; };
		A706D84F14B926A000B469BB /* NSDictionary+Opetopic.m in Sources */ = {isa = PBXBuildFile; fileRef = A706D81714B9269F00B469BB /* NSDictionary+Opetopic.m */; };
		A706D85014B926A000B469BB /* NSDictionary+Opetopic.m in Sources */ = {isa = PBXBuildFile; fileRef = A706D81714B9269F00B469BB /* NSDictionary+Opetopic.m */; };
		A706D85114B926A000B469BB /* NSLocale+Opetopic.m in Sources */ = {isa = PBXBuildFile; fileRef = A706D81914B9269F00B469BB /* NSLocale+Opetopic.m */; };
		A706D85214B926A000B469BB /* NSLocale+Opetopic.m in Sources */ = {isa = PBXBuildFile; fileRef = A706D81914B9269F00B469BB /* NSLocale+Opetopic.m */; };
		A706D85314B926A000B469BB /* NSMutableArray+Opetopic.m in Sources */ = {isa = PBXBuildFile; fileRef = A706D81B14B9269F00B469BB /* NSMutableArray+Opetopic.m */; };
		A706D85414B926A000B469BB /* NSMutableArray+Opetopic.m in Sources */ = {isa = PBXBuildFile; fileRef = A706D81B14B9269F00B469BB /* NSMutableArray+Opetopic.m */; };
		A706D85514B926A000B469BB /* NSMutableDictionary+Opetopic.m in Sources */ = {isa = PBXBuildFile; fileRef = A706D81D14B9269F00B469BB /* NSMutableDictionary+Opetopic.m */; };
		A706D85614B926A000B469BB /* NSMutableDictionary+Opetopic.m in Sources */ = {isa = PBXBuildFile; fileRef = A706D81D14B9269F00B469BB /* NSMutableDictionary+Opetopic.m */; };
		A706D85714B926A000B469BB /* NSNotificationCenter+Opetopic.m in Sources */ = {isa = PBXBuildFile; fileRef = A706D81F14B9269F00B469BB /* NSNotificationCenter+Opetopic.m */; };
		A706D85814B926A000B469BB /* NSNotificationCenter+Opetopic.m in Sources */ = {isa = PBXBuildFile; fileRef = A706D81F14B9269F00B469BB /* NSNotificationCenter+Opetopic.m */; };
		A706D85914B926A000B469BB /* NSObject+Opetopic.m in Sources */ = {isa = PBXBuildFile; fileRef = A706D82114B9269F00B469BB /* NSObject+Opetopic.m */; };
		A706D85A14B926A000B469BB /* NSObject+Opetopic.m in Sources */ = {isa = PBXBuildFile; fileRef = A706D82114B9269F00B469BB /* NSObject+Opetopic.m */; };
		A706D85B14B926A000B469BB /* NSPredicate+Opetopic.m in Sources */ = {isa = PBXBuildFile; fileRef = A706D82314B9269F00B469BB /* NSPredicate+Opetopic.m */; };
		A706D85C14B926A000B469BB /* NSPredicate+Opetopic.m in Sources */ = {isa = PBXBuildFile; fileRef = A706D82314B9269F00B469BB /* NSPredicate+Opetopic.m */; };
		A706D85D14B926A000B469BB /* NSSet+Opetopic.m in Sources */ = {isa = PBXBuildFile; fileRef = A706D82514B9269F00B469BB /* NSSet+Opetopic.m */; };
		A706D85E14B926A000B469BB /* NSSet+Opetopic.m in Sources */ = {isa = PBXBuildFile; fileRef = A706D82514B9269F00B469BB /* NSSet+Opetopic.m */; };
		A706D85F14B926A000B469BB /* NSString+Opetopic.m in Sources */ = {isa = PBXBuildFile; fileRef = A706D82714B9269F00B469BB /* NSString+Opetopic.m */; };
		A706D86014B926A000B469BB /* NSString+Opetopic.m in Sources */ = {isa = PBXBuildFile; fileRef = A706D82714B9269F00B469BB /* NSString+Opetopic.m */; };
		A706D86114B926A000B469BB /* NSURL+Opetopic.m in Sources */ = {isa = PBXBuildFile; fileRef = A706D82914B9269F00B469BB /* NSURL+Opetopic.m */; };
		A706D86214B926A000B469BB /* NSURL+Opetopic.m in Sources */ = {isa = PBXBuildFile; fileRef = A706D82914B9269F00B469BB /* NSURL+Opetopic.m */; };
		A706D86314B926A000B469BB /* OPMacros.m in Sources */ = {isa = PBXBuildFile; fileRef = A706D82C14B9269F00B469BB /* OPMacros.m */; };
		A706D86414B926A000B469BB /* OPMacros.m in Sources */ = {isa = PBXBuildFile; fileRef = A706D82C14B9269F00B469BB /* OPMacros.m */; };
		A706D86514B926A000B469BB /* MKMapView+Opetopic.m in Sources */ = {isa = PBXBuildFile; fileRef = A706D82F14B9269F00B469BB /* MKMapView+Opetopic.m */; };
		A706D86614B926A000B469BB /* MKMapView+Opetopic.m in Sources */ = {isa = PBXBuildFile; fileRef = A706D82F14B9269F00B469BB /* MKMapView+Opetopic.m */; };
		A706D86714B926A000B469BB /* UIApplication+Opetopic.m in Sources */ = {isa = PBXBuildFile; fileRef = A706D83214B9269F00B469BB /* UIApplication+Opetopic.m */; };
		A706D86814B926A000B469BB /* UIApplication+Opetopic.m in Sources */ = {isa = PBXBuildFile; fileRef = A706D83214B9269F00B469BB /* UIApplication+Opetopic.m */; };
		A706D86914B926A000B469BB /* UIDevice+Opetopic.m in Sources */ = {isa = PBXBuildFile; fileRef = A706D83414B9269F00B469BB /* UIDevice+Opetopic.m */; };
		A706D86A14B926A000B469BB /* UIDevice+Opetopic.m in Sources */ = {isa = PBXBuildFile; fileRef = A706D83414B9269F00B469BB /* UIDevice+Opetopic.m */; };
		A706D86B14B926A000B469BB /* UIImage+Opetopic.m in Sources */ = {isa = PBXBuildFile; fileRef = A706D83614B9269F00B469BB /* UIImage+Opetopic.m */; };
		A706D86C14B926A000B469BB /* UIImage+Opetopic.m in Sources */ = {isa = PBXBuildFile; fileRef = A706D83614B9269F00B469BB /* UIImage+Opetopic.m */; };
		A706D86D14B926A000B469BB /* UINavigationController+Opetopic.m in Sources */ = {isa = PBXBuildFile; fileRef = A706D83814B9269F00B469BB /* UINavigationController+Opetopic.m */; };
		A706D86E14B926A000B469BB /* UINavigationController+Opetopic.m in Sources */ = {isa = PBXBuildFile; fileRef = A706D83814B9269F00B469BB /* UINavigationController+Opetopic.m */; };
		A706D86F14B926A000B469BB /* UIProgressView+Opetopic.m in Sources */ = {isa = PBXBuildFile; fileRef = A706D83A14B9269F00B469BB /* UIProgressView+Opetopic.m */; };
		A706D87014B926A000B469BB /* UIProgressView+Opetopic.m in Sources */ = {isa = PBXBuildFile; fileRef = A706D83A14B9269F00B469BB /* UIProgressView+Opetopic.m */; };
		A706D87114B926A000B469BB /* UIView+Opetopic.m in Sources */ = {isa = PBXBuildFile; fileRef = A706D83C14B9269F00B469BB /* UIView+Opetopic.m */; };
		A706D87214B926A000B469BB /* UIView+Opetopic.m in Sources */ = {isa = PBXBuildFile; fileRef = A706D83C14B9269F00B469BB /* UIView+Opetopic.m */; };
		A706D87314B926A000B469BB /* UIViewController+Opetopic.m in Sources */ = {isa = PBXBuildFile; fileRef = A706D83E14B9269F00B469BB /* UIViewController+Opetopic.m */; };
		A706D87414B926A000B469BB /* UIViewController+Opetopic.m in Sources */ = {isa = PBXBuildFile; fileRef = A706D83E14B9269F00B469BB /* UIViewController+Opetopic.m */; };
		A706D87514B926A000B469BB /* UIWebView+Opetopic.m in Sources */ = {isa = PBXBuildFile; fileRef = A706D84014B9269F00B469BB /* UIWebView+Opetopic.m */; };
		A706D87614B926A000B469BB /* UIWebView+Opetopic.m in Sources */ = {isa = PBXBuildFile; fileRef = A706D84014B9269F00B469BB /* UIWebView+Opetopic.m */; };
		A706D87814B926FF00B469BB /* CoreData.framework in Frameworks */ = {isa = PBXBuildFile; fileRef = A706D87714B926FF00B469BB /* CoreData.framework */; };
		A77512C814C48E830020AF09 /* OPStyle.m in Sources */ = {isa = PBXBuildFile; fileRef = A77512C714C48E830020AF09 /* OPStyle.m */; };
		A77512C914C48E830020AF09 /* OPStyle.m in Sources */ = {isa = PBXBuildFile; fileRef = A77512C714C48E830020AF09 /* OPStyle.m */; };
		A77512D814C49AD90020AF09 /* MARTNSObject.m in Sources */ = {isa = PBXBuildFile; fileRef = A77512CD14C49AD90020AF09 /* MARTNSObject.m */; settings = {COMPILER_FLAGS = "-fno-objc-arc"; }; };
		A77512D914C49AD90020AF09 /* MARTNSObject.m in Sources */ = {isa = PBXBuildFile; fileRef = A77512CD14C49AD90020AF09 /* MARTNSObject.m */; };
		A77512DA14C49AD90020AF09 /* RTIvar.m in Sources */ = {isa = PBXBuildFile; fileRef = A77512CF14C49AD90020AF09 /* RTIvar.m */; settings = {COMPILER_FLAGS = "-fno-objc-arc"; }; };
		A77512DB14C49AD90020AF09 /* RTIvar.m in Sources */ = {isa = PBXBuildFile; fileRef = A77512CF14C49AD90020AF09 /* RTIvar.m */; };
		A77512DC14C49AD90020AF09 /* RTMethod.m in Sources */ = {isa = PBXBuildFile; fileRef = A77512D114C49AD90020AF09 /* RTMethod.m */; settings = {COMPILER_FLAGS = "-fno-objc-arc"; }; };
		A77512DD14C49AD90020AF09 /* RTMethod.m in Sources */ = {isa = PBXBuildFile; fileRef = A77512D114C49AD90020AF09 /* RTMethod.m */; };
		A77512DE14C49AD90020AF09 /* RTProperty.m in Sources */ = {isa = PBXBuildFile; fileRef = A77512D314C49AD90020AF09 /* RTProperty.m */; settings = {COMPILER_FLAGS = "-fno-objc-arc"; }; };
		A77512DF14C49AD90020AF09 /* RTProperty.m in Sources */ = {isa = PBXBuildFile; fileRef = A77512D314C49AD90020AF09 /* RTProperty.m */; };
		A77512E014C49AD90020AF09 /* RTProtocol.m in Sources */ = {isa = PBXBuildFile; fileRef = A77512D514C49AD90020AF09 /* RTProtocol.m */; settings = {COMPILER_FLAGS = "-fno-objc-arc"; }; };
		A77512E114C49AD90020AF09 /* RTProtocol.m in Sources */ = {isa = PBXBuildFile; fileRef = A77512D514C49AD90020AF09 /* RTProtocol.m */; };
		A77512E214C49AD90020AF09 /* RTUnregisteredClass.m in Sources */ = {isa = PBXBuildFile; fileRef = A77512D714C49AD90020AF09 /* RTUnregisteredClass.m */; settings = {COMPILER_FLAGS = "-fno-objc-arc"; }; };
		A77512E314C49AD90020AF09 /* RTUnregisteredClass.m in Sources */ = {isa = PBXBuildFile; fileRef = A77512D714C49AD90020AF09 /* RTUnregisteredClass.m */; };
		A77512E614C4BE570020AF09 /* UIViewController+OPUIKit.m in Sources */ = {isa = PBXBuildFile; fileRef = A77512E514C4BE570020AF09 /* UIViewController+OPUIKit.m */; };
		A77512E714C4BE570020AF09 /* UIViewController+OPUIKit.m in Sources */ = {isa = PBXBuildFile; fileRef = A77512E514C4BE570020AF09 /* UIViewController+OPUIKit.m */; };
		A79606BB14C33230001A9B06 /* OPControl.m in Sources */ = {isa = PBXBuildFile; fileRef = A79606BA14C33230001A9B06 /* OPControl.m */; };
		A79606BC14C33230001A9B06 /* OPControl.m in Sources */ = {isa = PBXBuildFile; fileRef = A79606BA14C33230001A9B06 /* OPControl.m */; };
		A79606D014C341D6001A9B06 /* icon0.png in Resources */ = {isa = PBXBuildFile; fileRef = A79606CE14C341D6001A9B06 /* icon0.png */; };
		A79606D114C341D6001A9B06 /* icon0.png in Resources */ = {isa = PBXBuildFile; fileRef = A79606CE14C341D6001A9B06 /* icon0.png */; };
		A79606D214C341D6001A9B06 /* icon1.png in Resources */ = {isa = PBXBuildFile; fileRef = A79606CF14C341D6001A9B06 /* icon1.png */; };
		A79606D314C341D6001A9B06 /* icon1.png in Resources */ = {isa = PBXBuildFile; fileRef = A79606CF14C341D6001A9B06 /* icon1.png */; };
		A79606D514C3421C001A9B06 /* icon2.png in Resources */ = {isa = PBXBuildFile; fileRef = A79606D414C3421C001A9B06 /* icon2.png */; };
		A79606D614C3421C001A9B06 /* icon2.png in Resources */ = {isa = PBXBuildFile; fileRef = A79606D414C3421C001A9B06 /* icon2.png */; };
		A79606D814C3470D001A9B06 /* icon3.png in Resources */ = {isa = PBXBuildFile; fileRef = A79606D714C3470D001A9B06 /* icon3.png */; };
		A79606D914C3470D001A9B06 /* icon3.png in Resources */ = {isa = PBXBuildFile; fileRef = A79606D714C3470D001A9B06 /* icon3.png */; };
		A79606DC14C36DA4001A9B06 /* TestViewController.m in Sources */ = {isa = PBXBuildFile; fileRef = A79606DB14C36DA4001A9B06 /* TestViewController.m */; };
		A79606DD14C36DA4001A9B06 /* TestViewController.m in Sources */ = {isa = PBXBuildFile; fileRef = A79606DB14C36DA4001A9B06 /* TestViewController.m */; };
		A7A9C16A14C1024900C39504 /* OPTabBar.m in Sources */ = {isa = PBXBuildFile; fileRef = A7A9C16914C1024900C39504 /* OPTabBar.m */; };
		A7A9C16B14C1024900C39504 /* OPTabBar.m in Sources */ = {isa = PBXBuildFile; fileRef = A7A9C16914C1024900C39504 /* OPTabBar.m */; };
		A7A9C16F14C1025800C39504 /* OPTabBarItem.m in Sources */ = {isa = PBXBuildFile; fileRef = A7A9C16E14C1025800C39504 /* OPTabBarItem.m */; };
		A7A9C17014C1025800C39504 /* OPTabBarItem.m in Sources */ = {isa = PBXBuildFile; fileRef = A7A9C16E14C1025800C39504 /* OPTabBarItem.m */; };
		A7A9C17314C1026600C39504 /* OPTabBarController.m in Sources */ = {isa = PBXBuildFile; fileRef = A7A9C17214C1026600C39504 /* OPTabBarController.m */; };
		A7A9C17414C1026600C39504 /* OPTabBarController.m in Sources */ = {isa = PBXBuildFile; fileRef = A7A9C17214C1026600C39504 /* OPTabBarController.m */; };
		A7A9C19C14C125CE00C39504 /* UIColor+Opetopic.m in Sources */ = {isa = PBXBuildFile; fileRef = A7A9C19B14C125CE00C39504 /* UIColor+Opetopic.m */; };
		A7A9C19D14C125CE00C39504 /* UIColor+Opetopic.m in Sources */ = {isa = PBXBuildFile; fileRef = A7A9C19B14C125CE00C39504 /* UIColor+Opetopic.m */; };
		A7A9C1C714C22AFA00C39504 /* OPButton.m in Sources */ = {isa = PBXBuildFile; fileRef = A7A9C1C614C22AF700C39504 /* OPButton.m */; };
		A7A9C1C814C22AFA00C39504 /* OPButton.m in Sources */ = {isa = PBXBuildFile; fileRef = A7A9C1C614C22AF700C39504 /* OPButton.m */; };
		A7A9C24414C24FEF00C39504 /* OPGradient.m in Sources */ = {isa = PBXBuildFile; fileRef = A7A9C24114C24FEE00C39504 /* OPGradient.m */; };
		A7A9C24514C24FEF00C39504 /* OPGradient.m in Sources */ = {isa = PBXBuildFile; fileRef = A7A9C24114C24FEE00C39504 /* OPGradient.m */; };
		A7A9C24614C24FEF00C39504 /* Quartz+Opetopic.m in Sources */ = {isa = PBXBuildFile; fileRef = A7A9C24314C24FEE00C39504 /* Quartz+Opetopic.m */; };
		A7A9C24714C24FEF00C39504 /* Quartz+Opetopic.m in Sources */ = {isa = PBXBuildFile; fileRef = A7A9C24314C24FEE00C39504 /* Quartz+Opetopic.m */; };
		A7A9C24A14C2501100C39504 /* NSNumber+Opetopic.m in Sources */ = {isa = PBXBuildFile; fileRef = A7A9C24914C2501100C39504 /* NSNumber+Opetopic.m */; };
		A7A9C24B14C2501100C39504 /* NSNumber+Opetopic.m in Sources */ = {isa = PBXBuildFile; fileRef = A7A9C24914C2501100C39504 /* NSNumber+Opetopic.m */; };
		A7F0596F14B9F58D005CF16F /* MapKit.framework in Frameworks */ = {isa = PBXBuildFile; fileRef = A7F0596E14B9F58D005CF16F /* MapKit.framework */; };
		A7F0597114B9F5A8005CF16F /* QuartzCore.framework in Frameworks */ = {isa = PBXBuildFile; fileRef = A7F0597014B9F5A8005CF16F /* QuartzCore.framework */; };
		A7F0597314B9F5B8005CF16F /* MessageUI.framework in Frameworks */ = {isa = PBXBuildFile; fileRef = A7F0597214B9F5B8005CF16F /* MessageUI.framework */; };
		A7F0597414B9F65F005CF16F /* MessageUI.framework in Frameworks */ = {isa = PBXBuildFile; fileRef = A7F0597214B9F5B8005CF16F /* MessageUI.framework */; };
		A7F0597514B9F65F005CF16F /* QuartzCore.framework in Frameworks */ = {isa = PBXBuildFile; fileRef = A7F0597014B9F5A8005CF16F /* QuartzCore.framework */; };
		A7F0597614B9F65F005CF16F /* MapKit.framework in Frameworks */ = {isa = PBXBuildFile; fileRef = A7F0596E14B9F58D005CF16F /* MapKit.framework */; };
		A7F0597714B9F65F005CF16F /* CoreData.framework in Frameworks */ = {isa = PBXBuildFile; fileRef = A706D87714B926FF00B469BB /* CoreData.framework */; };
		A7F0597814B9F65F005CF16F /* GHUnitIOS.framework in Frameworks */ = {isa = PBXBuildFile; fileRef = A706D73A14B9250C00B469BB /* GHUnitIOS.framework */; };
/* End PBXBuildFile section */

/* Begin PBXFileReference section */
		A706D6FA14B9235100B469BB /* OPUIKit.app */ = {isa = PBXFileReference; explicitFileType = wrapper.application; includeInIndex = 0; path = OPUIKit.app; sourceTree = BUILT_PRODUCTS_DIR; };
		A706D6FE14B9235100B469BB /* UIKit.framework */ = {isa = PBXFileReference; lastKnownFileType = wrapper.framework; name = UIKit.framework; path = System/Library/Frameworks/UIKit.framework; sourceTree = SDKROOT; };
		A706D70014B9235100B469BB /* Foundation.framework */ = {isa = PBXFileReference; lastKnownFileType = wrapper.framework; name = Foundation.framework; path = System/Library/Frameworks/Foundation.framework; sourceTree = SDKROOT; };
		A706D70214B9235100B469BB /* CoreGraphics.framework */ = {isa = PBXFileReference; lastKnownFileType = wrapper.framework; name = CoreGraphics.framework; path = System/Library/Frameworks/CoreGraphics.framework; sourceTree = SDKROOT; };
		A706D70614B9235100B469BB /* OPUIKit-Info.plist */ = {isa = PBXFileReference; lastKnownFileType = text.plist.xml; path = "OPUIKit-Info.plist"; sourceTree = "<group>"; };
		A706D70A14B9235100B469BB /* main.m */ = {isa = PBXFileReference; lastKnownFileType = sourcecode.c.objc; path = main.m; sourceTree = "<group>"; };
		A706D70C14B9235100B469BB /* OPUIKit-Prefix.pch */ = {isa = PBXFileReference; lastKnownFileType = sourcecode.c.h; path = "OPUIKit-Prefix.pch"; sourceTree = "<group>"; };
		A706D70D14B9235100B469BB /* AppDelegate.h */ = {isa = PBXFileReference; lastKnownFileType = sourcecode.c.h; path = AppDelegate.h; sourceTree = "<group>"; };
		A706D70E14B9235100B469BB /* AppDelegate.m */ = {isa = PBXFileReference; lastKnownFileType = sourcecode.c.objc; path = AppDelegate.m; sourceTree = "<group>"; };
		A706D71D14B9237500B469BB /* OPUIKitTests.app */ = {isa = PBXFileReference; explicitFileType = wrapper.application; includeInIndex = 0; path = OPUIKitTests.app; sourceTree = BUILT_PRODUCTS_DIR; };
		A706D72414B9237500B469BB /* OPUIKitTests-Info.plist */ = {isa = PBXFileReference; lastKnownFileType = text.plist.xml; path = "OPUIKitTests-Info.plist"; sourceTree = "<group>"; };
		A706D72814B9237500B469BB /* main.m */ = {isa = PBXFileReference; lastKnownFileType = sourcecode.c.objc; path = main.m; sourceTree = "<group>"; };
		A706D72A14B9237500B469BB /* OPUIKitTests-Prefix.pch */ = {isa = PBXFileReference; lastKnownFileType = sourcecode.c.h; path = "OPUIKitTests-Prefix.pch"; sourceTree = "<group>"; };
		A706D73214B923A900B469BB /* OPUIKit.podspec */ = {isa = PBXFileReference; explicitFileType = text.script.ruby; fileEncoding = 4; indentWidth = 2; path = OPUIKit.podspec; sourceTree = SOURCE_ROOT; tabWidth = 2; xcLanguageSpecificationIdentifier = xcode.lang.ruby; };
		A706D73A14B9250C00B469BB /* GHUnitIOS.framework */ = {isa = PBXFileReference; lastKnownFileType = wrapper.framework; name = GHUnitIOS.framework; path = OPUIKitTests/GHUnitIOS.framework; sourceTree = "<group>"; };
		A706D73D14B9253400B469BB /* OPBarButtonItem.h */ = {isa = PBXFileReference; fileEncoding = 4; lastKnownFileType = sourcecode.c.h; path = OPBarButtonItem.h; sourceTree = "<group>"; };
		A706D73E14B9253400B469BB /* OPBarButtonItem.m */ = {isa = PBXFileReference; fileEncoding = 4; lastKnownFileType = sourcecode.c.objc; path = OPBarButtonItem.m; sourceTree = "<group>"; };
		A706D73F14B9253400B469BB /* OPGradientView.h */ = {isa = PBXFileReference; fileEncoding = 4; lastKnownFileType = sourcecode.c.h; path = OPGradientView.h; sourceTree = "<group>"; };
		A706D74014B9253400B469BB /* OPGradientView.m */ = {isa = PBXFileReference; fileEncoding = 4; lastKnownFileType = sourcecode.c.objc; path = OPGradientView.m; sourceTree = "<group>"; };
		A706D74114B9253400B469BB /* OPNavigationBar.h */ = {isa = PBXFileReference; fileEncoding = 4; lastKnownFileType = sourcecode.c.h; path = OPNavigationBar.h; sourceTree = "<group>"; };
		A706D74214B9253400B469BB /* OPNavigationBar.m */ = {isa = PBXFileReference; fileEncoding = 4; lastKnownFileType = sourcecode.c.objc; path = OPNavigationBar.m; sourceTree = "<group>"; };
		A706D74314B9253400B469BB /* OPNavigationController.h */ = {isa = PBXFileReference; fileEncoding = 4; lastKnownFileType = sourcecode.c.h; path = OPNavigationController.h; sourceTree = "<group>"; };
		A706D74414B9253400B469BB /* OPNavigationController.m */ = {isa = PBXFileReference; fileEncoding = 4; lastKnownFileType = sourcecode.c.objc; path = OPNavigationController.m; sourceTree = "<group>"; };
		A706D74514B9253400B469BB /* OPNavigationController.xib */ = {isa = PBXFileReference; fileEncoding = 4; lastKnownFileType = file.xib; path = OPNavigationController.xib; sourceTree = "<group>"; };
		A706D74614B9253400B469BB /* OPSidebarNavigationController.h */ = {isa = PBXFileReference; fileEncoding = 4; lastKnownFileType = sourcecode.c.h; lineEnding = 0; path = OPSidebarNavigationController.h; sourceTree = "<group>"; xcLanguageSpecificationIdentifier = xcode.lang.objcpp; };
		A706D74714B9253400B469BB /* OPSidebarNavigationController.m */ = {isa = PBXFileReference; fileEncoding = 4; lastKnownFileType = sourcecode.c.objc; path = OPSidebarNavigationController.m; sourceTree = "<group>"; };
		A706D74814B9253400B469BB /* OPSidebarNavigationController.xib */ = {isa = PBXFileReference; fileEncoding = 4; lastKnownFileType = file.xib; path = OPSidebarNavigationController.xib; sourceTree = "<group>"; };
		A706D74914B9253400B469BB /* OPTableViewController.h */ = {isa = PBXFileReference; fileEncoding = 4; lastKnownFileType = sourcecode.c.h; path = OPTableViewController.h; sourceTree = "<group>"; };
		A706D74A14B9253400B469BB /* OPTableViewController.m */ = {isa = PBXFileReference; fileEncoding = 4; lastKnownFileType = sourcecode.c.objc; path = OPTableViewController.m; sourceTree = "<group>"; };
		A706D74B14B9253400B469BB /* OPTextView.h */ = {isa = PBXFileReference; fileEncoding = 4; lastKnownFileType = sourcecode.c.h; path = OPTextView.h; sourceTree = "<group>"; };
		A706D74C14B9253400B469BB /* OPTextView.m */ = {isa = PBXFileReference; fileEncoding = 4; lastKnownFileType = sourcecode.c.objc; path = OPTextView.m; sourceTree = "<group>"; };
		A706D74D14B9253400B469BB /* OPView.h */ = {isa = PBXFileReference; fileEncoding = 4; lastKnownFileType = sourcecode.c.h; path = OPView.h; sourceTree = "<group>"; };
		A706D74E14B9253400B469BB /* OPView.m */ = {isa = PBXFileReference; fileEncoding = 4; lastKnownFileType = sourcecode.c.objc; path = OPView.m; sourceTree = "<group>"; };
		A706D74F14B9253400B469BB /* OPViewController.h */ = {isa = PBXFileReference; fileEncoding = 4; lastKnownFileType = sourcecode.c.h; path = OPViewController.h; sourceTree = "<group>"; };
		A706D75014B9253400B469BB /* OPViewController.m */ = {isa = PBXFileReference; fileEncoding = 4; lastKnownFileType = sourcecode.c.objc; path = OPViewController.m; sourceTree = "<group>"; };
		A706D76714B925BD00B469BB /* OPUIKit.podspec */ = {isa = PBXFileReference; explicitFileType = text.script.ruby; fileEncoding = 4; indentWidth = 2; path = OPUIKit.podspec; sourceTree = SOURCE_ROOT; tabWidth = 2; xcLanguageSpecificationIdentifier = xcode.lang.ruby; };
		A706D80714B9269F00B469BB /* NSManagedObjectContext+Opetopic.h */ = {isa = PBXFileReference; fileEncoding = 4; lastKnownFileType = sourcecode.c.h; path = "NSManagedObjectContext+Opetopic.h"; sourceTree = "<group>"; };
		A706D80814B9269F00B469BB /* NSManagedObjectContext+Opetopic.m */ = {isa = PBXFileReference; fileEncoding = 4; lastKnownFileType = sourcecode.c.objc; path = "NSManagedObjectContext+Opetopic.m"; sourceTree = "<group>"; };
		A706D80914B9269F00B469BB /* NSPersistentStoreCoordinator+Opetopic.h */ = {isa = PBXFileReference; fileEncoding = 4; lastKnownFileType = sourcecode.c.h; path = "NSPersistentStoreCoordinator+Opetopic.h"; sourceTree = "<group>"; };
		A706D80A14B9269F00B469BB /* NSPersistentStoreCoordinator+Opetopic.m */ = {isa = PBXFileReference; fileEncoding = 4; lastKnownFileType = sourcecode.c.objc; path = "NSPersistentStoreCoordinator+Opetopic.m"; sourceTree = "<group>"; };
		A706D80C14B9269F00B469BB /* NSArray+Opetopic.h */ = {isa = PBXFileReference; fileEncoding = 4; lastKnownFileType = sourcecode.c.h; path = "NSArray+Opetopic.h"; sourceTree = "<group>"; };
		A706D80D14B9269F00B469BB /* NSArray+Opetopic.m */ = {isa = PBXFileReference; fileEncoding = 4; lastKnownFileType = sourcecode.c.objc; path = "NSArray+Opetopic.m"; sourceTree = "<group>"; };
		A706D80E14B9269F00B469BB /* NSCache+Opetopic.h */ = {isa = PBXFileReference; fileEncoding = 4; lastKnownFileType = sourcecode.c.h; path = "NSCache+Opetopic.h"; sourceTree = "<group>"; };
		A706D80F14B9269F00B469BB /* NSCache+Opetopic.m */ = {isa = PBXFileReference; fileEncoding = 4; lastKnownFileType = sourcecode.c.objc; path = "NSCache+Opetopic.m"; sourceTree = "<group>"; };
		A706D81014B9269F00B469BB /* NSData+Opetopic.h */ = {isa = PBXFileReference; fileEncoding = 4; lastKnownFileType = sourcecode.c.h; path = "NSData+Opetopic.h"; sourceTree = "<group>"; };
		A706D81114B9269F00B469BB /* NSData+Opetopic.m */ = {isa = PBXFileReference; fileEncoding = 4; lastKnownFileType = sourcecode.c.objc; path = "NSData+Opetopic.m"; sourceTree = "<group>"; };
		A706D81214B9269F00B469BB /* NSDate+Opetopic.h */ = {isa = PBXFileReference; fileEncoding = 4; lastKnownFileType = sourcecode.c.h; path = "NSDate+Opetopic.h"; sourceTree = "<group>"; };
		A706D81314B9269F00B469BB /* NSDate+Opetopic.m */ = {isa = PBXFileReference; fileEncoding = 4; lastKnownFileType = sourcecode.c.objc; path = "NSDate+Opetopic.m"; sourceTree = "<group>"; };
		A706D81414B9269F00B469BB /* NSDateFormatter+Opetopic.h */ = {isa = PBXFileReference; fileEncoding = 4; lastKnownFileType = sourcecode.c.h; path = "NSDateFormatter+Opetopic.h"; sourceTree = "<group>"; };
		A706D81514B9269F00B469BB /* NSDateFormatter+Opetopic.m */ = {isa = PBXFileReference; fileEncoding = 4; lastKnownFileType = sourcecode.c.objc; path = "NSDateFormatter+Opetopic.m"; sourceTree = "<group>"; };
		A706D81614B9269F00B469BB /* NSDictionary+Opetopic.h */ = {isa = PBXFileReference; fileEncoding = 4; lastKnownFileType = sourcecode.c.h; path = "NSDictionary+Opetopic.h"; sourceTree = "<group>"; };
		A706D81714B9269F00B469BB /* NSDictionary+Opetopic.m */ = {isa = PBXFileReference; fileEncoding = 4; lastKnownFileType = sourcecode.c.objc; path = "NSDictionary+Opetopic.m"; sourceTree = "<group>"; };
		A706D81814B9269F00B469BB /* NSLocale+Opetopic.h */ = {isa = PBXFileReference; fileEncoding = 4; lastKnownFileType = sourcecode.c.h; path = "NSLocale+Opetopic.h"; sourceTree = "<group>"; };
		A706D81914B9269F00B469BB /* NSLocale+Opetopic.m */ = {isa = PBXFileReference; fileEncoding = 4; lastKnownFileType = sourcecode.c.objc; path = "NSLocale+Opetopic.m"; sourceTree = "<group>"; };
		A706D81A14B9269F00B469BB /* NSMutableArray+Opetopic.h */ = {isa = PBXFileReference; fileEncoding = 4; lastKnownFileType = sourcecode.c.h; path = "NSMutableArray+Opetopic.h"; sourceTree = "<group>"; };
		A706D81B14B9269F00B469BB /* NSMutableArray+Opetopic.m */ = {isa = PBXFileReference; fileEncoding = 4; lastKnownFileType = sourcecode.c.objc; path = "NSMutableArray+Opetopic.m"; sourceTree = "<group>"; };
		A706D81C14B9269F00B469BB /* NSMutableDictionary+Opetopic.h */ = {isa = PBXFileReference; fileEncoding = 4; lastKnownFileType = sourcecode.c.h; path = "NSMutableDictionary+Opetopic.h"; sourceTree = "<group>"; };
		A706D81D14B9269F00B469BB /* NSMutableDictionary+Opetopic.m */ = {isa = PBXFileReference; fileEncoding = 4; lastKnownFileType = sourcecode.c.objc; path = "NSMutableDictionary+Opetopic.m"; sourceTree = "<group>"; };
		A706D81E14B9269F00B469BB /* NSNotificationCenter+Opetopic.h */ = {isa = PBXFileReference; fileEncoding = 4; lastKnownFileType = sourcecode.c.h; path = "NSNotificationCenter+Opetopic.h"; sourceTree = "<group>"; };
		A706D81F14B9269F00B469BB /* NSNotificationCenter+Opetopic.m */ = {isa = PBXFileReference; fileEncoding = 4; lastKnownFileType = sourcecode.c.objc; path = "NSNotificationCenter+Opetopic.m"; sourceTree = "<group>"; };
		A706D82014B9269F00B469BB /* NSObject+Opetopic.h */ = {isa = PBXFileReference; fileEncoding = 4; lastKnownFileType = sourcecode.c.h; path = "NSObject+Opetopic.h"; sourceTree = "<group>"; };
		A706D82114B9269F00B469BB /* NSObject+Opetopic.m */ = {isa = PBXFileReference; fileEncoding = 4; lastKnownFileType = sourcecode.c.objc; path = "NSObject+Opetopic.m"; sourceTree = "<group>"; };
		A706D82214B9269F00B469BB /* NSPredicate+Opetopic.h */ = {isa = PBXFileReference; fileEncoding = 4; lastKnownFileType = sourcecode.c.h; path = "NSPredicate+Opetopic.h"; sourceTree = "<group>"; };
		A706D82314B9269F00B469BB /* NSPredicate+Opetopic.m */ = {isa = PBXFileReference; fileEncoding = 4; lastKnownFileType = sourcecode.c.objc; path = "NSPredicate+Opetopic.m"; sourceTree = "<group>"; };
		A706D82414B9269F00B469BB /* NSSet+Opetopic.h */ = {isa = PBXFileReference; fileEncoding = 4; lastKnownFileType = sourcecode.c.h; path = "NSSet+Opetopic.h"; sourceTree = "<group>"; };
		A706D82514B9269F00B469BB /* NSSet+Opetopic.m */ = {isa = PBXFileReference; fileEncoding = 4; lastKnownFileType = sourcecode.c.objc; path = "NSSet+Opetopic.m"; sourceTree = "<group>"; };
		A706D82614B9269F00B469BB /* NSString+Opetopic.h */ = {isa = PBXFileReference; fileEncoding = 4; lastKnownFileType = sourcecode.c.h; path = "NSString+Opetopic.h"; sourceTree = "<group>"; };
		A706D82714B9269F00B469BB /* NSString+Opetopic.m */ = {isa = PBXFileReference; fileEncoding = 4; lastKnownFileType = sourcecode.c.objc; path = "NSString+Opetopic.m"; sourceTree = "<group>"; };
		A706D82814B9269F00B469BB /* NSURL+Opetopic.h */ = {isa = PBXFileReference; fileEncoding = 4; lastKnownFileType = sourcecode.c.h; path = "NSURL+Opetopic.h"; sourceTree = "<group>"; };
		A706D82914B9269F00B469BB /* NSURL+Opetopic.m */ = {isa = PBXFileReference; fileEncoding = 4; lastKnownFileType = sourcecode.c.objc; path = "NSURL+Opetopic.m"; sourceTree = "<group>"; };
		A706D82B14B9269F00B469BB /* OPMacros.h */ = {isa = PBXFileReference; fileEncoding = 4; lastKnownFileType = sourcecode.c.h; path = OPMacros.h; sourceTree = "<group>"; };
		A706D82C14B9269F00B469BB /* OPMacros.m */ = {isa = PBXFileReference; fileEncoding = 4; lastKnownFileType = sourcecode.c.objc; path = OPMacros.m; sourceTree = "<group>"; };
		A706D82E14B9269F00B469BB /* MKMapView+Opetopic.h */ = {isa = PBXFileReference; fileEncoding = 4; lastKnownFileType = sourcecode.c.h; path = "MKMapView+Opetopic.h"; sourceTree = "<group>"; };
		A706D82F14B9269F00B469BB /* MKMapView+Opetopic.m */ = {isa = PBXFileReference; fileEncoding = 4; lastKnownFileType = sourcecode.c.objc; path = "MKMapView+Opetopic.m"; sourceTree = "<group>"; };
		A706D83114B9269F00B469BB /* UIApplication+Opetopic.h */ = {isa = PBXFileReference; fileEncoding = 4; lastKnownFileType = sourcecode.c.h; path = "UIApplication+Opetopic.h"; sourceTree = "<group>"; };
		A706D83214B9269F00B469BB /* UIApplication+Opetopic.m */ = {isa = PBXFileReference; fileEncoding = 4; lastKnownFileType = sourcecode.c.objc; path = "UIApplication+Opetopic.m"; sourceTree = "<group>"; };
		A706D83314B9269F00B469BB /* UIDevice+Opetopic.h */ = {isa = PBXFileReference; fileEncoding = 4; lastKnownFileType = sourcecode.c.h; path = "UIDevice+Opetopic.h"; sourceTree = "<group>"; };
		A706D83414B9269F00B469BB /* UIDevice+Opetopic.m */ = {isa = PBXFileReference; fileEncoding = 4; lastKnownFileType = sourcecode.c.objc; path = "UIDevice+Opetopic.m"; sourceTree = "<group>"; };
		A706D83514B9269F00B469BB /* UIImage+Opetopic.h */ = {isa = PBXFileReference; fileEncoding = 4; lastKnownFileType = sourcecode.c.h; path = "UIImage+Opetopic.h"; sourceTree = "<group>"; };
		A706D83614B9269F00B469BB /* UIImage+Opetopic.m */ = {isa = PBXFileReference; fileEncoding = 4; lastKnownFileType = sourcecode.c.objc; path = "UIImage+Opetopic.m"; sourceTree = "<group>"; };
		A706D83714B9269F00B469BB /* UINavigationController+Opetopic.h */ = {isa = PBXFileReference; fileEncoding = 4; lastKnownFileType = sourcecode.c.h; path = "UINavigationController+Opetopic.h"; sourceTree = "<group>"; };
		A706D83814B9269F00B469BB /* UINavigationController+Opetopic.m */ = {isa = PBXFileReference; fileEncoding = 4; lastKnownFileType = sourcecode.c.objc; path = "UINavigationController+Opetopic.m"; sourceTree = "<group>"; };
		A706D83914B9269F00B469BB /* UIProgressView+Opetopic.h */ = {isa = PBXFileReference; fileEncoding = 4; lastKnownFileType = sourcecode.c.h; path = "UIProgressView+Opetopic.h"; sourceTree = "<group>"; };
		A706D83A14B9269F00B469BB /* UIProgressView+Opetopic.m */ = {isa = PBXFileReference; fileEncoding = 4; lastKnownFileType = sourcecode.c.objc; path = "UIProgressView+Opetopic.m"; sourceTree = "<group>"; };
		A706D83B14B9269F00B469BB /* UIView+Opetopic.h */ = {isa = PBXFileReference; fileEncoding = 4; lastKnownFileType = sourcecode.c.h; path = "UIView+Opetopic.h"; sourceTree = "<group>"; };
		A706D83C14B9269F00B469BB /* UIView+Opetopic.m */ = {isa = PBXFileReference; fileEncoding = 4; lastKnownFileType = sourcecode.c.objc; path = "UIView+Opetopic.m"; sourceTree = "<group>"; };
		A706D83D14B9269F00B469BB /* UIViewController+Opetopic.h */ = {isa = PBXFileReference; fileEncoding = 4; lastKnownFileType = sourcecode.c.h; path = "UIViewController+Opetopic.h"; sourceTree = "<group>"; };
		A706D83E14B9269F00B469BB /* UIViewController+Opetopic.m */ = {isa = PBXFileReference; fileEncoding = 4; lastKnownFileType = sourcecode.c.objc; path = "UIViewController+Opetopic.m"; sourceTree = "<group>"; };
		A706D83F14B9269F00B469BB /* UIWebView+Opetopic.h */ = {isa = PBXFileReference; fileEncoding = 4; lastKnownFileType = sourcecode.c.h; path = "UIWebView+Opetopic.h"; sourceTree = "<group>"; };
		A706D84014B9269F00B469BB /* UIWebView+Opetopic.m */ = {isa = PBXFileReference; fileEncoding = 4; lastKnownFileType = sourcecode.c.objc; path = "UIWebView+Opetopic.m"; sourceTree = "<group>"; };
		A706D87714B926FF00B469BB /* CoreData.framework */ = {isa = PBXFileReference; lastKnownFileType = wrapper.framework; name = CoreData.framework; path = System/Library/Frameworks/CoreData.framework; sourceTree = SDKROOT; };
		A77512C614C48E830020AF09 /* OPStyle.h */ = {isa = PBXFileReference; fileEncoding = 4; lastKnownFileType = sourcecode.c.h; path = OPStyle.h; sourceTree = "<group>"; };
		A77512C714C48E830020AF09 /* OPStyle.m */ = {isa = PBXFileReference; fileEncoding = 4; lastKnownFileType = sourcecode.c.objc; path = OPStyle.m; sourceTree = "<group>"; };
		A77512CC14C49AD90020AF09 /* MARTNSObject.h */ = {isa = PBXFileReference; fileEncoding = 4; lastKnownFileType = sourcecode.c.h; path = MARTNSObject.h; sourceTree = "<group>"; };
		A77512CD14C49AD90020AF09 /* MARTNSObject.m */ = {isa = PBXFileReference; fileEncoding = 4; lastKnownFileType = sourcecode.c.objc; path = MARTNSObject.m; sourceTree = "<group>"; };
		A77512CE14C49AD90020AF09 /* RTIvar.h */ = {isa = PBXFileReference; fileEncoding = 4; lastKnownFileType = sourcecode.c.h; path = RTIvar.h; sourceTree = "<group>"; };
		A77512CF14C49AD90020AF09 /* RTIvar.m */ = {isa = PBXFileReference; fileEncoding = 4; lastKnownFileType = sourcecode.c.objc; path = RTIvar.m; sourceTree = "<group>"; };
		A77512D014C49AD90020AF09 /* RTMethod.h */ = {isa = PBXFileReference; fileEncoding = 4; lastKnownFileType = sourcecode.c.h; path = RTMethod.h; sourceTree = "<group>"; };
		A77512D114C49AD90020AF09 /* RTMethod.m */ = {isa = PBXFileReference; fileEncoding = 4; lastKnownFileType = sourcecode.c.objc; path = RTMethod.m; sourceTree = "<group>"; };
		A77512D214C49AD90020AF09 /* RTProperty.h */ = {isa = PBXFileReference; fileEncoding = 4; lastKnownFileType = sourcecode.c.h; path = RTProperty.h; sourceTree = "<group>"; };
		A77512D314C49AD90020AF09 /* RTProperty.m */ = {isa = PBXFileReference; fileEncoding = 4; lastKnownFileType = sourcecode.c.objc; path = RTProperty.m; sourceTree = "<group>"; };
		A77512D414C49AD90020AF09 /* RTProtocol.h */ = {isa = PBXFileReference; fileEncoding = 4; lastKnownFileType = sourcecode.c.h; path = RTProtocol.h; sourceTree = "<group>"; };
		A77512D514C49AD90020AF09 /* RTProtocol.m */ = {isa = PBXFileReference; fileEncoding = 4; lastKnownFileType = sourcecode.c.objc; path = RTProtocol.m; sourceTree = "<group>"; };
		A77512D614C49AD90020AF09 /* RTUnregisteredClass.h */ = {isa = PBXFileReference; fileEncoding = 4; lastKnownFileType = sourcecode.c.h; path = RTUnregisteredClass.h; sourceTree = "<group>"; };
		A77512D714C49AD90020AF09 /* RTUnregisteredClass.m */ = {isa = PBXFileReference; fileEncoding = 4; lastKnownFileType = sourcecode.c.objc; path = RTUnregisteredClass.m; sourceTree = "<group>"; };
		A77512E414C4BE560020AF09 /* UIViewController+OPUIKit.h */ = {isa = PBXFileReference; fileEncoding = 4; lastKnownFileType = sourcecode.c.h; path = "UIViewController+OPUIKit.h"; sourceTree = "<group>"; };
		A77512E514C4BE570020AF09 /* UIViewController+OPUIKit.m */ = {isa = PBXFileReference; fileEncoding = 4; lastKnownFileType = sourcecode.c.objc; path = "UIViewController+OPUIKit.m"; sourceTree = "<group>"; };
		A77512E814C4E04D0020AF09 /* OPUIKitBlockDefinitions.h */ = {isa = PBXFileReference; fileEncoding = 4; path = OPUIKitBlockDefinitions.h; sourceTree = "<group>"; };
		A77512EC14C4E9870020AF09 /* OPStyleProtocol.h */ = {isa = PBXFileReference; fileEncoding = 4; lastKnownFileType = sourcecode.c.h; path = OPStyleProtocol.h; sourceTree = "<group>"; };
		A79606B914C33230001A9B06 /* OPControl.h */ = {isa = PBXFileReference; fileEncoding = 4; lastKnownFileType = sourcecode.c.h; path = OPControl.h; sourceTree = "<group>"; };
		A79606BA14C33230001A9B06 /* OPControl.m */ = {isa = PBXFileReference; fileEncoding = 4; lastKnownFileType = sourcecode.c.objc; path = OPControl.m; sourceTree = "<group>"; };
		A79606CE14C341D6001A9B06 /* icon0.png */ = {isa = PBXFileReference; lastKnownFileType = image.png; path = icon0.png; sourceTree = "<group>"; };
		A79606CF14C341D6001A9B06 /* icon1.png */ = {isa = PBXFileReference; lastKnownFileType = image.png; path = icon1.png; sourceTree = "<group>"; };
		A79606D414C3421C001A9B06 /* icon2.png */ = {isa = PBXFileReference; lastKnownFileType = image.png; path = icon2.png; sourceTree = "<group>"; };
		A79606D714C3470D001A9B06 /* icon3.png */ = {isa = PBXFileReference; lastKnownFileType = image.png; path = icon3.png; sourceTree = "<group>"; };
		A79606DA14C36DA4001A9B06 /* TestViewController.h */ = {isa = PBXFileReference; fileEncoding = 4; lastKnownFileType = sourcecode.c.h; path = TestViewController.h; sourceTree = "<group>"; };
		A79606DB14C36DA4001A9B06 /* TestViewController.m */ = {isa = PBXFileReference; fileEncoding = 4; lastKnownFileType = sourcecode.c.objc; path = TestViewController.m; sourceTree = "<group>"; };
		A7A9C16814C1024900C39504 /* OPTabBar.h */ = {isa = PBXFileReference; fileEncoding = 4; lastKnownFileType = sourcecode.c.h; path = OPTabBar.h; sourceTree = "<group>"; };
		A7A9C16914C1024900C39504 /* OPTabBar.m */ = {isa = PBXFileReference; fileEncoding = 4; lastKnownFileType = sourcecode.c.objc; path = OPTabBar.m; sourceTree = "<group>"; };
		A7A9C16D14C1025800C39504 /* OPTabBarItem.h */ = {isa = PBXFileReference; fileEncoding = 4; lastKnownFileType = sourcecode.c.h; path = OPTabBarItem.h; sourceTree = "<group>"; };
		A7A9C16E14C1025800C39504 /* OPTabBarItem.m */ = {isa = PBXFileReference; fileEncoding = 4; lastKnownFileType = sourcecode.c.objc; path = OPTabBarItem.m; sourceTree = "<group>"; };
		A7A9C17114C1026600C39504 /* OPTabBarController.h */ = {isa = PBXFileReference; fileEncoding = 4; lastKnownFileType = sourcecode.c.h; path = OPTabBarController.h; sourceTree = "<group>"; };
		A7A9C17214C1026600C39504 /* OPTabBarController.m */ = {isa = PBXFileReference; fileEncoding = 4; lastKnownFileType = sourcecode.c.objc; path = OPTabBarController.m; sourceTree = "<group>"; };
		A7A9C19A14C125CE00C39504 /* UIColor+Opetopic.h */ = {isa = PBXFileReference; fileEncoding = 4; lastKnownFileType = sourcecode.c.h; path = "UIColor+Opetopic.h"; sourceTree = "<group>"; };
		A7A9C19B14C125CE00C39504 /* UIColor+Opetopic.m */ = {isa = PBXFileReference; fileEncoding = 4; lastKnownFileType = sourcecode.c.objc; path = "UIColor+Opetopic.m"; sourceTree = "<group>"; };
		A7A9C1C514C22AF600C39504 /* OPButton.h */ = {isa = PBXFileReference; fileEncoding = 4; lastKnownFileType = sourcecode.c.h; path = OPButton.h; sourceTree = "<group>"; };
		A7A9C1C614C22AF700C39504 /* OPButton.m */ = {isa = PBXFileReference; fileEncoding = 4; lastKnownFileType = sourcecode.c.objc; path = OPButton.m; sourceTree = "<group>"; };
		A7A9C24014C24FEE00C39504 /* OPGradient.h */ = {isa = PBXFileReference; fileEncoding = 4; lastKnownFileType = sourcecode.c.h; path = OPGradient.h; sourceTree = "<group>"; };
		A7A9C24114C24FEE00C39504 /* OPGradient.m */ = {isa = PBXFileReference; fileEncoding = 4; lastKnownFileType = sourcecode.c.objc; path = OPGradient.m; sourceTree = "<group>"; };
		A7A9C24214C24FEE00C39504 /* Quartz+Opetopic.h */ = {isa = PBXFileReference; fileEncoding = 4; lastKnownFileType = sourcecode.c.h; path = "Quartz+Opetopic.h"; sourceTree = "<group>"; };
		A7A9C24314C24FEE00C39504 /* Quartz+Opetopic.m */ = {isa = PBXFileReference; fileEncoding = 4; lastKnownFileType = sourcecode.c.objc; path = "Quartz+Opetopic.m"; sourceTree = "<group>"; };
		A7A9C24814C2501100C39504 /* NSNumber+Opetopic.h */ = {isa = PBXFileReference; fileEncoding = 4; lastKnownFileType = sourcecode.c.h; path = "NSNumber+Opetopic.h"; sourceTree = "<group>"; };
		A7A9C24914C2501100C39504 /* NSNumber+Opetopic.m */ = {isa = PBXFileReference; fileEncoding = 4; lastKnownFileType = sourcecode.c.objc; path = "NSNumber+Opetopic.m"; sourceTree = "<group>"; };
		A7F0596E14B9F58D005CF16F /* MapKit.framework */ = {isa = PBXFileReference; lastKnownFileType = wrapper.framework; name = MapKit.framework; path = System/Library/Frameworks/MapKit.framework; sourceTree = SDKROOT; };
		A7F0597014B9F5A8005CF16F /* QuartzCore.framework */ = {isa = PBXFileReference; lastKnownFileType = wrapper.framework; name = QuartzCore.framework; path = System/Library/Frameworks/QuartzCore.framework; sourceTree = SDKROOT; };
		A7F0597214B9F5B8005CF16F /* MessageUI.framework */ = {isa = PBXFileReference; lastKnownFileType = wrapper.framework; name = MessageUI.framework; path = System/Library/Frameworks/MessageUI.framework; sourceTree = SDKROOT; };
/* End PBXFileReference section */

/* Begin PBXFrameworksBuildPhase section */
		A706D6F714B9235100B469BB /* Frameworks */ = {
			isa = PBXFrameworksBuildPhase;
			buildActionMask = 2147483647;
			files = (
				A7F0597414B9F65F005CF16F /* MessageUI.framework in Frameworks */,
				A7F0597514B9F65F005CF16F /* QuartzCore.framework in Frameworks */,
				A7F0597614B9F65F005CF16F /* MapKit.framework in Frameworks */,
				A7F0597714B9F65F005CF16F /* CoreData.framework in Frameworks */,
				A7F0597814B9F65F005CF16F /* GHUnitIOS.framework in Frameworks */,
				A706D6FF14B9235100B469BB /* UIKit.framework in Frameworks */,
				A706D70114B9235100B469BB /* Foundation.framework in Frameworks */,
				A706D70314B9235100B469BB /* CoreGraphics.framework in Frameworks */,
			);
			runOnlyForDeploymentPostprocessing = 0;
		};
		A706D71A14B9237500B469BB /* Frameworks */ = {
			isa = PBXFrameworksBuildPhase;
			buildActionMask = 2147483647;
			files = (
				A7F0597314B9F5B8005CF16F /* MessageUI.framework in Frameworks */,
				A7F0597114B9F5A8005CF16F /* QuartzCore.framework in Frameworks */,
				A7F0596F14B9F58D005CF16F /* MapKit.framework in Frameworks */,
				A706D87814B926FF00B469BB /* CoreData.framework in Frameworks */,
				A706D71F14B9237500B469BB /* UIKit.framework in Frameworks */,
				A706D72014B9237500B469BB /* Foundation.framework in Frameworks */,
				A706D72114B9237500B469BB /* CoreGraphics.framework in Frameworks */,
				A706D73B14B9250C00B469BB /* GHUnitIOS.framework in Frameworks */,
			);
			runOnlyForDeploymentPostprocessing = 0;
		};
/* End PBXFrameworksBuildPhase section */

/* Begin PBXGroup section */
		A706D6EF14B9235100B469BB = {
			isa = PBXGroup;
			children = (
				A706D70414B9235100B469BB /* OPUIKit */,
				A706D72214B9237500B469BB /* OPUIKitTests */,
				A706D6FD14B9235100B469BB /* Frameworks */,
				A706D6FB14B9235100B469BB /* Products */,
			);
			sourceTree = "<group>";
		};
		A706D6FB14B9235100B469BB /* Products */ = {
			isa = PBXGroup;
			children = (
				A706D6FA14B9235100B469BB /* OPUIKit.app */,
				A706D71D14B9237500B469BB /* OPUIKitTests.app */,
			);
			name = Products;
			sourceTree = "<group>";
		};
		A706D6FD14B9235100B469BB /* Frameworks */ = {
			isa = PBXGroup;
			children = (
				A7F0597214B9F5B8005CF16F /* MessageUI.framework */,
				A7F0597014B9F5A8005CF16F /* QuartzCore.framework */,
				A7F0596E14B9F58D005CF16F /* MapKit.framework */,
				A706D87714B926FF00B469BB /* CoreData.framework */,
				A706D73A14B9250C00B469BB /* GHUnitIOS.framework */,
				A706D6FE14B9235100B469BB /* UIKit.framework */,
				A706D70014B9235100B469BB /* Foundation.framework */,
				A706D70214B9235100B469BB /* CoreGraphics.framework */,
			);
			name = Frameworks;
			sourceTree = "<group>";
		};
		A706D70414B9235100B469BB /* OPUIKit */ = {
			isa = PBXGroup;
			children = (
				A7A9C23F14C24FED00C39504 /* OPQuartzKit */,
				A706D80514B9269F00B469BB /* OPExtensionKit */,
				A706D73C14B9253400B469BB /* Source */,
				A706D70514B9235100B469BB /* Supporting Files */,
			);
			path = OPUIKit;
			sourceTree = "<group>";
		};
		A706D70514B9235100B469BB /* Supporting Files */ = {
			isa = PBXGroup;
			children = (
				A79606CE14C341D6001A9B06 /* icon0.png */,
				A79606CF14C341D6001A9B06 /* icon1.png */,
				A79606D414C3421C001A9B06 /* icon2.png */,
				A79606D714C3470D001A9B06 /* icon3.png */,
				A706D70D14B9235100B469BB /* AppDelegate.h */,
				A706D70E14B9235100B469BB /* AppDelegate.m */,
				A79606DA14C36DA4001A9B06 /* TestViewController.h */,
				A79606DB14C36DA4001A9B06 /* TestViewController.m */,
				A706D73214B923A900B469BB /* OPUIKit.podspec */,
				A706D70614B9235100B469BB /* OPUIKit-Info.plist */,
				A706D70A14B9235100B469BB /* main.m */,
				A706D70C14B9235100B469BB /* OPUIKit-Prefix.pch */,
			);
			name = "Supporting Files";
			sourceTree = "<group>";
		};
		A706D72214B9237500B469BB /* OPUIKitTests */ = {
			isa = PBXGroup;
			children = (
				A706D72314B9237500B469BB /* Supporting Files */,
			);
			path = OPUIKitTests;
			sourceTree = "<group>";
		};
		A706D72314B9237500B469BB /* Supporting Files */ = {
			isa = PBXGroup;
			children = (
				A706D76714B925BD00B469BB /* OPUIKit.podspec */,
				A706D72414B9237500B469BB /* OPUIKitTests-Info.plist */,
				A706D72814B9237500B469BB /* main.m */,
				A706D72A14B9237500B469BB /* OPUIKitTests-Prefix.pch */,
			);
			name = "Supporting Files";
			sourceTree = "<group>";
		};
		A706D73C14B9253400B469BB /* Source */ = {
			isa = PBXGroup;
			children = (
				A77512E814C4E04D0020AF09 /* OPUIKitBlockDefinitions.h */,
				A77512EE14C4EE2D0020AF09 /* OP Controllers */,
				A77512ED14C4EE1E0020AF09 /* OPStyle */,
				A77512CB14C49AD90020AF09 /* MAObjCRuntime */,
				A706D73D14B9253400B469BB /* OPBarButtonItem.h */,
				A706D73E14B9253400B469BB /* OPBarButtonItem.m */,
				A706D73F14B9253400B469BB /* OPGradientView.h */,
				A706D74014B9253400B469BB /* OPGradientView.m */,
				A706D74114B9253400B469BB /* OPNavigationBar.h */,
				A706D74214B9253400B469BB /* OPNavigationBar.m */,
				A706D74B14B9253400B469BB /* OPTextView.h */,
				A706D74C14B9253400B469BB /* OPTextView.m */,
				A706D74D14B9253400B469BB /* OPView.h */,
				A706D74E14B9253400B469BB /* OPView.m */,
				A79606B914C33230001A9B06 /* OPControl.h */,
				A79606BA14C33230001A9B06 /* OPControl.m */,
				A7A9C1C514C22AF600C39504 /* OPButton.h */,
				A7A9C1C614C22AF700C39504 /* OPButton.m */,
				A7A9C16814C1024900C39504 /* OPTabBar.h */,
				A7A9C16914C1024900C39504 /* OPTabBar.m */,
				A7A9C16D14C1025800C39504 /* OPTabBarItem.h */,
				A7A9C16E14C1025800C39504 /* OPTabBarItem.m */,
				A7A9C17114C1026600C39504 /* OPTabBarController.h */,
				A7A9C17214C1026600C39504 /* OPTabBarController.m */,
			);
			path = Source;
			sourceTree = "<group>";
		};
		A706D80514B9269F00B469BB /* OPExtensionKit */ = {
			isa = PBXGroup;
			children = (
				A706D80614B9269F00B469BB /* CoreData */,
				A706D80B14B9269F00B469BB /* Foundation */,
				A706D82A14B9269F00B469BB /* Macros */,
				A706D82D14B9269F00B469BB /* MapKit */,
				A706D83014B9269F00B469BB /* UIKit */,
			);
			name = OPExtensionKit;
			path = opextensionkit/OPExtensionKit/Source;
			sourceTree = "<group>";
		};
		A706D80614B9269F00B469BB /* CoreData */ = {
			isa = PBXGroup;
			children = (
				A706D80714B9269F00B469BB /* NSManagedObjectContext+Opetopic.h */,
				A706D80814B9269F00B469BB /* NSManagedObjectContext+Opetopic.m */,
				A706D80914B9269F00B469BB /* NSPersistentStoreCoordinator+Opetopic.h */,
				A706D80A14B9269F00B469BB /* NSPersistentStoreCoordinator+Opetopic.m */,
			);
			path = CoreData;
			sourceTree = "<group>";
		};
		A706D80B14B9269F00B469BB /* Foundation */ = {
			isa = PBXGroup;
			children = (
				A7A9C24814C2501100C39504 /* NSNumber+Opetopic.h */,
				A7A9C24914C2501100C39504 /* NSNumber+Opetopic.m */,
				A706D80C14B9269F00B469BB /* NSArray+Opetopic.h */,
				A706D80D14B9269F00B469BB /* NSArray+Opetopic.m */,
				A706D80E14B9269F00B469BB /* NSCache+Opetopic.h */,
				A706D80F14B9269F00B469BB /* NSCache+Opetopic.m */,
				A706D81014B9269F00B469BB /* NSData+Opetopic.h */,
				A706D81114B9269F00B469BB /* NSData+Opetopic.m */,
				A706D81214B9269F00B469BB /* NSDate+Opetopic.h */,
				A706D81314B9269F00B469BB /* NSDate+Opetopic.m */,
				A706D81414B9269F00B469BB /* NSDateFormatter+Opetopic.h */,
				A706D81514B9269F00B469BB /* NSDateFormatter+Opetopic.m */,
				A706D81614B9269F00B469BB /* NSDictionary+Opetopic.h */,
				A706D81714B9269F00B469BB /* NSDictionary+Opetopic.m */,
				A706D81814B9269F00B469BB /* NSLocale+Opetopic.h */,
				A706D81914B9269F00B469BB /* NSLocale+Opetopic.m */,
				A706D81A14B9269F00B469BB /* NSMutableArray+Opetopic.h */,
				A706D81B14B9269F00B469BB /* NSMutableArray+Opetopic.m */,
				A706D81C14B9269F00B469BB /* NSMutableDictionary+Opetopic.h */,
				A706D81D14B9269F00B469BB /* NSMutableDictionary+Opetopic.m */,
				A706D81E14B9269F00B469BB /* NSNotificationCenter+Opetopic.h */,
				A706D81F14B9269F00B469BB /* NSNotificationCenter+Opetopic.m */,
				A706D82014B9269F00B469BB /* NSObject+Opetopic.h */,
				A706D82114B9269F00B469BB /* NSObject+Opetopic.m */,
				A706D82214B9269F00B469BB /* NSPredicate+Opetopic.h */,
				A706D82314B9269F00B469BB /* NSPredicate+Opetopic.m */,
				A706D82414B9269F00B469BB /* NSSet+Opetopic.h */,
				A706D82514B9269F00B469BB /* NSSet+Opetopic.m */,
				A706D82614B9269F00B469BB /* NSString+Opetopic.h */,
				A706D82714B9269F00B469BB /* NSString+Opetopic.m */,
				A706D82814B9269F00B469BB /* NSURL+Opetopic.h */,
				A706D82914B9269F00B469BB /* NSURL+Opetopic.m */,
			);
			path = Foundation;
			sourceTree = "<group>";
		};
		A706D82A14B9269F00B469BB /* Macros */ = {
			isa = PBXGroup;
			children = (
				A706D82B14B9269F00B469BB /* OPMacros.h */,
				A706D82C14B9269F00B469BB /* OPMacros.m */,
			);
			path = Macros;
			sourceTree = "<group>";
		};
		A706D82D14B9269F00B469BB /* MapKit */ = {
			isa = PBXGroup;
			children = (
				A706D82E14B9269F00B469BB /* MKMapView+Opetopic.h */,
				A706D82F14B9269F00B469BB /* MKMapView+Opetopic.m */,
			);
			path = MapKit;
			sourceTree = "<group>";
		};
		A706D83014B9269F00B469BB /* UIKit */ = {
			isa = PBXGroup;
			children = (
				A7A9C19A14C125CE00C39504 /* UIColor+Opetopic.h */,
				A7A9C19B14C125CE00C39504 /* UIColor+Opetopic.m */,
				A706D83114B9269F00B469BB /* UIApplication+Opetopic.h */,
				A706D83214B9269F00B469BB /* UIApplication+Opetopic.m */,
				A706D83314B9269F00B469BB /* UIDevice+Opetopic.h */,
				A706D83414B9269F00B469BB /* UIDevice+Opetopic.m */,
				A706D83514B9269F00B469BB /* UIImage+Opetopic.h */,
				A706D83614B9269F00B469BB /* UIImage+Opetopic.m */,
				A706D83714B9269F00B469BB /* UINavigationController+Opetopic.h */,
				A706D83814B9269F00B469BB /* UINavigationController+Opetopic.m */,
				A706D83914B9269F00B469BB /* UIProgressView+Opetopic.h */,
				A706D83A14B9269F00B469BB /* UIProgressView+Opetopic.m */,
				A706D83B14B9269F00B469BB /* UIView+Opetopic.h */,
				A706D83C14B9269F00B469BB /* UIView+Opetopic.m */,
				A706D83D14B9269F00B469BB /* UIViewController+Opetopic.h */,
				A706D83E14B9269F00B469BB /* UIViewController+Opetopic.m */,
				A706D83F14B9269F00B469BB /* UIWebView+Opetopic.h */,
				A706D84014B9269F00B469BB /* UIWebView+Opetopic.m */,
			);
			path = UIKit;
			sourceTree = "<group>";
		};
		A77512CB14C49AD90020AF09 /* MAObjCRuntime */ = {
			isa = PBXGroup;
			children = (
				A77512CC14C49AD90020AF09 /* MARTNSObject.h */,
				A77512CD14C49AD90020AF09 /* MARTNSObject.m */,
				A77512CE14C49AD90020AF09 /* RTIvar.h */,
				A77512CF14C49AD90020AF09 /* RTIvar.m */,
				A77512D014C49AD90020AF09 /* RTMethod.h */,
				A77512D114C49AD90020AF09 /* RTMethod.m */,
				A77512D214C49AD90020AF09 /* RTProperty.h */,
				A77512D314C49AD90020AF09 /* RTProperty.m */,
				A77512D414C49AD90020AF09 /* RTProtocol.h */,
				A77512D514C49AD90020AF09 /* RTProtocol.m */,
				A77512D614C49AD90020AF09 /* RTUnregisteredClass.h */,
				A77512D714C49AD90020AF09 /* RTUnregisteredClass.m */,
			);
			path = MAObjCRuntime;
			sourceTree = "<group>";
		};
		A77512ED14C4EE1E0020AF09 /* OPStyle */ = {
			isa = PBXGroup;
			children = (
				A77512EC14C4E9870020AF09 /* OPStyleProtocol.h */,
				A77512C614C48E830020AF09 /* OPStyle.h */,
				A77512C714C48E830020AF09 /* OPStyle.m */,
			);
			name = OPStyle;
			sourceTree = "<group>";
		};
		A77512EE14C4EE2D0020AF09 /* OP Controllers */ = {
			isa = PBXGroup;
			children = (
				A77512E414C4BE560020AF09 /* UIViewController+OPUIKit.h */,
				A77512E514C4BE570020AF09 /* UIViewController+OPUIKit.m */,
				A706D74314B9253400B469BB /* OPNavigationController.h */,
				A706D74414B9253400B469BB /* OPNavigationController.m */,
				A706D74514B9253400B469BB /* OPNavigationController.xib */,
				A706D74614B9253400B469BB /* OPSidebarNavigationController.h */,
				A706D74714B9253400B469BB /* OPSidebarNavigationController.m */,
				A706D74814B9253400B469BB /* OPSidebarNavigationController.xib */,
				A706D74914B9253400B469BB /* OPTableViewController.h */,
				A706D74A14B9253400B469BB /* OPTableViewController.m */,
				A706D74F14B9253400B469BB /* OPViewController.h */,
				A706D75014B9253400B469BB /* OPViewController.m */,
			);
			name = "OP Controllers";
			sourceTree = "<group>";
		};
		A7A9C23F14C24FED00C39504 /* OPQuartzKit */ = {
			isa = PBXGroup;
			children = (
				A7A9C24014C24FEE00C39504 /* OPGradient.h */,
				A7A9C24114C24FEE00C39504 /* OPGradient.m */,
				A7A9C24214C24FEE00C39504 /* Quartz+Opetopic.h */,
				A7A9C24314C24FEE00C39504 /* Quartz+Opetopic.m */,
			);
			name = OPQuartzKit;
			path = OPQuartzKit/OPQuartzKit/Source;
			sourceTree = "<group>";
		};
/* End PBXGroup section */

/* Begin PBXNativeTarget section */
		A706D6F914B9235100B469BB /* OPUIKit */ = {
			isa = PBXNativeTarget;
			buildConfigurationList = A706D71214B9235100B469BB /* Build configuration list for PBXNativeTarget "OPUIKit" */;
			buildPhases = (
				A706D6F614B9235100B469BB /* Sources */,
				A706D6F714B9235100B469BB /* Frameworks */,
				A706D6F814B9235100B469BB /* Resources */,
			);
			buildRules = (
			);
			dependencies = (
			);
			name = OPUIKit;
			productName = OPUIKit;
			productReference = A706D6FA14B9235100B469BB /* OPUIKit.app */;
			productType = "com.apple.product-type.application";
		};
		A706D71C14B9237500B469BB /* OPUIKitTests */ = {
			isa = PBXNativeTarget;
			buildConfigurationList = A706D73014B9237500B469BB /* Build configuration list for PBXNativeTarget "OPUIKitTests" */;
			buildPhases = (
				A706D71914B9237500B469BB /* Sources */,
				A706D71A14B9237500B469BB /* Frameworks */,
				A706D71B14B9237500B469BB /* Resources */,
			);
			buildRules = (
			);
			dependencies = (
			);
			name = OPUIKitTests;
			productName = OPUIKitTests;
			productReference = A706D71D14B9237500B469BB /* OPUIKitTests.app */;
			productType = "com.apple.product-type.application";
		};
/* End PBXNativeTarget section */

/* Begin PBXProject section */
		A706D6F114B9235100B469BB /* Project object */ = {
			isa = PBXProject;
			attributes = {
				LastUpgradeCheck = 0420;
				ORGANIZATIONNAME = Opetopic;
			};
			buildConfigurationList = A706D6F414B9235100B469BB /* Build configuration list for PBXProject "OPUIKit" */;
			compatibilityVersion = "Xcode 3.2";
			developmentRegion = English;
			hasScannedForEncodings = 0;
			knownRegions = (
				en,
			);
			mainGroup = A706D6EF14B9235100B469BB;
			productRefGroup = A706D6FB14B9235100B469BB /* Products */;
			projectDirPath = "";
			projectRoot = "";
			targets = (
				A706D6F914B9235100B469BB /* OPUIKit */,
				A706D71C14B9237500B469BB /* OPUIKitTests */,
			);
		};
/* End PBXProject section */

/* Begin PBXResourcesBuildPhase section */
		A706D6F814B9235100B469BB /* Resources */ = {
			isa = PBXResourcesBuildPhase;
			buildActionMask = 2147483647;
			files = (
				A706D75914B9253400B469BB /* OPNavigationController.xib in Resources */,
				A706D75D14B9253400B469BB /* OPSidebarNavigationController.xib in Resources */,
				A706D76814B925BD00B469BB /* OPUIKit.podspec in Resources */,
				A79606D014C341D6001A9B06 /* icon0.png in Resources */,
				A79606D214C341D6001A9B06 /* icon1.png in Resources */,
				A79606D514C3421C001A9B06 /* icon2.png in Resources */,
				A79606D814C3470D001A9B06 /* icon3.png in Resources */,
			);
			runOnlyForDeploymentPostprocessing = 0;
		};
		A706D71B14B9237500B469BB /* Resources */ = {
			isa = PBXResourcesBuildPhase;
			buildActionMask = 2147483647;
			files = (
				A706D75A14B9253400B469BB /* OPNavigationController.xib in Resources */,
				A706D75E14B9253400B469BB /* OPSidebarNavigationController.xib in Resources */,
				A79606D114C341D6001A9B06 /* icon0.png in Resources */,
				A79606D314C341D6001A9B06 /* icon1.png in Resources */,
				A79606D614C3421C001A9B06 /* icon2.png in Resources */,
				A79606D914C3470D001A9B06 /* icon3.png in Resources */,
			);
			runOnlyForDeploymentPostprocessing = 0;
		};
/* End PBXResourcesBuildPhase section */

/* Begin PBXSourcesBuildPhase section */
		A706D6F614B9235100B469BB /* Sources */ = {
			isa = PBXSourcesBuildPhase;
			buildActionMask = 2147483647;
			files = (
				A706D70B14B9235100B469BB /* main.m in Sources */,
				A706D70F14B9235100B469BB /* AppDelegate.m in Sources */,
				A706D75114B9253400B469BB /* OPBarButtonItem.m in Sources */,
				A706D75314B9253400B469BB /* OPGradientView.m in Sources */,
				A706D75514B9253400B469BB /* OPNavigationBar.m in Sources */,
				A706D75714B9253400B469BB /* OPNavigationController.m in Sources */,
				A706D75B14B9253400B469BB /* OPSidebarNavigationController.m in Sources */,
				A706D75F14B9253400B469BB /* OPTableViewController.m in Sources */,
				A706D76114B9253400B469BB /* OPTextView.m in Sources */,
				A706D76314B9253400B469BB /* OPView.m in Sources */,
				A706D76514B9253400B469BB /* OPViewController.m in Sources */,
				A706D84114B926A000B469BB /* NSManagedObjectContext+Opetopic.m in Sources */,
				A706D84314B926A000B469BB /* NSPersistentStoreCoordinator+Opetopic.m in Sources */,
				A706D84514B926A000B469BB /* NSArray+Opetopic.m in Sources */,
				A706D84714B926A000B469BB /* NSCache+Opetopic.m in Sources */,
				A706D84914B926A000B469BB /* NSData+Opetopic.m in Sources */,
				A706D84B14B926A000B469BB /* NSDate+Opetopic.m in Sources */,
				A706D84D14B926A000B469BB /* NSDateFormatter+Opetopic.m in Sources */,
				A706D84F14B926A000B469BB /* NSDictionary+Opetopic.m in Sources */,
				A706D85114B926A000B469BB /* NSLocale+Opetopic.m in Sources */,
				A706D85314B926A000B469BB /* NSMutableArray+Opetopic.m in Sources */,
				A706D85514B926A000B469BB /* NSMutableDictionary+Opetopic.m in Sources */,
				A706D85714B926A000B469BB /* NSNotificationCenter+Opetopic.m in Sources */,
				A706D85914B926A000B469BB /* NSObject+Opetopic.m in Sources */,
				A706D85B14B926A000B469BB /* NSPredicate+Opetopic.m in Sources */,
				A706D85D14B926A000B469BB /* NSSet+Opetopic.m in Sources */,
				A706D85F14B926A000B469BB /* NSString+Opetopic.m in Sources */,
				A706D86114B926A000B469BB /* NSURL+Opetopic.m in Sources */,
				A706D86314B926A000B469BB /* OPMacros.m in Sources */,
				A706D86514B926A000B469BB /* MKMapView+Opetopic.m in Sources */,
				A706D86714B926A000B469BB /* UIApplication+Opetopic.m in Sources */,
				A706D86914B926A000B469BB /* UIDevice+Opetopic.m in Sources */,
				A706D86B14B926A000B469BB /* UIImage+Opetopic.m in Sources */,
				A706D86D14B926A000B469BB /* UINavigationController+Opetopic.m in Sources */,
				A706D86F14B926A000B469BB /* UIProgressView+Opetopic.m in Sources */,
				A706D87114B926A000B469BB /* UIView+Opetopic.m in Sources */,
				A706D87314B926A000B469BB /* UIViewController+Opetopic.m in Sources */,
				A706D87514B926A000B469BB /* UIWebView+Opetopic.m in Sources */,
				A7A9C16A14C1024900C39504 /* OPTabBar.m in Sources */,
				A7A9C16F14C1025800C39504 /* OPTabBarItem.m in Sources */,
				A7A9C17314C1026600C39504 /* OPTabBarController.m in Sources */,
				A7A9C19C14C125CE00C39504 /* UIColor+Opetopic.m in Sources */,
				A7A9C1C714C22AFA00C39504 /* OPButton.m in Sources */,
				A7A9C24414C24FEF00C39504 /* OPGradient.m in Sources */,
				A7A9C24614C24FEF00C39504 /* Quartz+Opetopic.m in Sources */,
				A7A9C24A14C2501100C39504 /* NSNumber+Opetopic.m in Sources */,
				A79606BB14C33230001A9B06 /* OPControl.m in Sources */,
				A79606DC14C36DA4001A9B06 /* TestViewController.m in Sources */,
				A77512C814C48E830020AF09 /* OPStyle.m in Sources */,
				A77512D814C49AD90020AF09 /* MARTNSObject.m in Sources */,
				A77512DA14C49AD90020AF09 /* RTIvar.m in Sources */,
				A77512DC14C49AD90020AF09 /* RTMethod.m in Sources */,
				A77512DE14C49AD90020AF09 /* RTProperty.m in Sources */,
				A77512E014C49AD90020AF09 /* RTProtocol.m in Sources */,
				A77512E214C49AD90020AF09 /* RTUnregisteredClass.m in Sources */,
				A77512E614C4BE570020AF09 /* UIViewController+OPUIKit.m in Sources */,
			);
			runOnlyForDeploymentPostprocessing = 0;
		};
		A706D71914B9237500B469BB /* Sources */ = {
			isa = PBXSourcesBuildPhase;
			buildActionMask = 2147483647;
			files = (
				A706D72914B9237500B469BB /* main.m in Sources */,
				A706D75214B9253400B469BB /* OPBarButtonItem.m in Sources */,
				A706D75414B9253400B469BB /* OPGradientView.m in Sources */,
				A706D75614B9253400B469BB /* OPNavigationBar.m in Sources */,
				A706D75814B9253400B469BB /* OPNavigationController.m in Sources */,
				A706D75C14B9253400B469BB /* OPSidebarNavigationController.m in Sources */,
				A706D76014B9253400B469BB /* OPTableViewController.m in Sources */,
				A706D76214B9253400B469BB /* OPTextView.m in Sources */,
				A706D76414B9253400B469BB /* OPView.m in Sources */,
				A706D76614B9253400B469BB /* OPViewController.m in Sources */,
				A706D84214B926A000B469BB /* NSManagedObjectContext+Opetopic.m in Sources */,
				A706D84414B926A000B469BB /* NSPersistentStoreCoordinator+Opetopic.m in Sources */,
				A706D84614B926A000B469BB /* NSArray+Opetopic.m in Sources */,
				A706D84814B926A000B469BB /* NSCache+Opetopic.m in Sources */,
				A706D84A14B926A000B469BB /* NSData+Opetopic.m in Sources */,
				A706D84C14B926A000B469BB /* NSDate+Opetopic.m in Sources */,
				A706D84E14B926A000B469BB /* NSDateFormatter+Opetopic.m in Sources */,
				A706D85014B926A000B469BB /* NSDictionary+Opetopic.m in Sources */,
				A706D85214B926A000B469BB /* NSLocale+Opetopic.m in Sources */,
				A706D85414B926A000B469BB /* NSMutableArray+Opetopic.m in Sources */,
				A706D85614B926A000B469BB /* NSMutableDictionary+Opetopic.m in Sources */,
				A706D85814B926A000B469BB /* NSNotificationCenter+Opetopic.m in Sources */,
				A706D85A14B926A000B469BB /* NSObject+Opetopic.m in Sources */,
				A706D85C14B926A000B469BB /* NSPredicate+Opetopic.m in Sources */,
				A706D85E14B926A000B469BB /* NSSet+Opetopic.m in Sources */,
				A706D86014B926A000B469BB /* NSString+Opetopic.m in Sources */,
				A706D86214B926A000B469BB /* NSURL+Opetopic.m in Sources */,
				A706D86414B926A000B469BB /* OPMacros.m in Sources */,
				A706D86614B926A000B469BB /* MKMapView+Opetopic.m in Sources */,
				A706D86814B926A000B469BB /* UIApplication+Opetopic.m in Sources */,
				A706D86A14B926A000B469BB /* UIDevice+Opetopic.m in Sources */,
				A706D86C14B926A000B469BB /* UIImage+Opetopic.m in Sources */,
				A706D86E14B926A000B469BB /* UINavigationController+Opetopic.m in Sources */,
				A706D87014B926A000B469BB /* UIProgressView+Opetopic.m in Sources */,
				A706D87214B926A000B469BB /* UIView+Opetopic.m in Sources */,
				A706D87414B926A000B469BB /* UIViewController+Opetopic.m in Sources */,
				A706D87614B926A000B469BB /* UIWebView+Opetopic.m in Sources */,
				A7A9C16B14C1024900C39504 /* OPTabBar.m in Sources */,
				A7A9C17014C1025800C39504 /* OPTabBarItem.m in Sources */,
				A7A9C17414C1026600C39504 /* OPTabBarController.m in Sources */,
				A7A9C19D14C125CE00C39504 /* UIColor+Opetopic.m in Sources */,
				A7A9C1C814C22AFA00C39504 /* OPButton.m in Sources */,
				A7A9C24514C24FEF00C39504 /* OPGradient.m in Sources */,
				A7A9C24714C24FEF00C39504 /* Quartz+Opetopic.m in Sources */,
				A7A9C24B14C2501100C39504 /* NSNumber+Opetopic.m in Sources */,
				A79606BC14C33230001A9B06 /* OPControl.m in Sources */,
				A79606DD14C36DA4001A9B06 /* TestViewController.m in Sources */,
				A77512C914C48E830020AF09 /* OPStyle.m in Sources */,
				A77512D914C49AD90020AF09 /* MARTNSObject.m in Sources */,
				A77512DB14C49AD90020AF09 /* RTIvar.m in Sources */,
				A77512DD14C49AD90020AF09 /* RTMethod.m in Sources */,
				A77512DF14C49AD90020AF09 /* RTProperty.m in Sources */,
				A77512E114C49AD90020AF09 /* RTProtocol.m in Sources */,
				A77512E314C49AD90020AF09 /* RTUnregisteredClass.m in Sources */,
				A77512E714C4BE570020AF09 /* UIViewController+OPUIKit.m in Sources */,
			);
			runOnlyForDeploymentPostprocessing = 0;
		};
/* End PBXSourcesBuildPhase section */

/* Begin XCBuildConfiguration section */
		A706D71014B9235100B469BB /* Debug */ = {
			isa = XCBuildConfiguration;
			buildSettings = {
				ALWAYS_SEARCH_USER_PATHS = NO;
				ARCHS = "$(ARCHS_STANDARD_32_BIT)";
				CLANG_ENABLE_OBJC_ARC = YES;
				"CODE_SIGN_IDENTITY[sdk=iphoneos*]" = "iPhone Developer";
				COPY_PHASE_STRIP = NO;
				GCC_C_LANGUAGE_STANDARD = gnu99;
				GCC_DYNAMIC_NO_PIC = NO;
				GCC_OPTIMIZATION_LEVEL = 0;
				GCC_PREPROCESSOR_DEFINITIONS = (
					"DEBUG=1",
					"$(inherited)",
				);
				GCC_SYMBOLS_PRIVATE_EXTERN = NO;
				GCC_VERSION = com.apple.compilers.llvm.clang.1_0;
				GCC_WARN_ABOUT_MISSING_PROTOTYPES = YES;
				GCC_WARN_ABOUT_RETURN_TYPE = YES;
				GCC_WARN_UNUSED_VARIABLE = YES;
				IPHONEOS_DEPLOYMENT_TARGET = 5.0;
				SDKROOT = iphoneos;
				TARGETED_DEVICE_FAMILY = "1,2";
			};
			name = Debug;
		};
		A706D71114B9235100B469BB /* Release */ = {
			isa = XCBuildConfiguration;
			buildSettings = {
				ALWAYS_SEARCH_USER_PATHS = NO;
				ARCHS = "$(ARCHS_STANDARD_32_BIT)";
				CLANG_ENABLE_OBJC_ARC = YES;
				"CODE_SIGN_IDENTITY[sdk=iphoneos*]" = "iPhone Developer";
				COPY_PHASE_STRIP = YES;
				GCC_C_LANGUAGE_STANDARD = gnu99;
				GCC_VERSION = com.apple.compilers.llvm.clang.1_0;
				GCC_WARN_ABOUT_MISSING_PROTOTYPES = YES;
				GCC_WARN_ABOUT_RETURN_TYPE = YES;
				GCC_WARN_UNUSED_VARIABLE = YES;
				IPHONEOS_DEPLOYMENT_TARGET = 5.0;
				OTHER_CFLAGS = "-DNS_BLOCK_ASSERTIONS=1";
				SDKROOT = iphoneos;
				TARGETED_DEVICE_FAMILY = "1,2";
				VALIDATE_PRODUCT = YES;
			};
			name = Release;
		};
		A706D71314B9235100B469BB /* Debug */ = {
			isa = XCBuildConfiguration;
			buildSettings = {
				FRAMEWORK_SEARCH_PATHS = (
					"$(inherited)",
					"\"$(SRCROOT)/OPUIKitTests\"",
				);
				GCC_PRECOMPILE_PREFIX_HEADER = YES;
				GCC_PREFIX_HEADER = "OPUIKit/OPUIKit-Prefix.pch";
				INFOPLIST_FILE = "OPUIKit/OPUIKit-Info.plist";
				IPHONEOS_DEPLOYMENT_TARGET = 4.0;
				PRODUCT_NAME = "$(TARGET_NAME)";
				WRAPPER_EXTENSION = app;
			};
			name = Debug;
		};
		A706D71414B9235100B469BB /* Release */ = {
			isa = XCBuildConfiguration;
			buildSettings = {
				FRAMEWORK_SEARCH_PATHS = (
					"$(inherited)",
					"\"$(SRCROOT)/OPUIKitTests\"",
				);
				GCC_PRECOMPILE_PREFIX_HEADER = YES;
				GCC_PREFIX_HEADER = "OPUIKit/OPUIKit-Prefix.pch";
				INFOPLIST_FILE = "OPUIKit/OPUIKit-Info.plist";
				IPHONEOS_DEPLOYMENT_TARGET = 4.0;
				PRODUCT_NAME = "$(TARGET_NAME)";
				WRAPPER_EXTENSION = app;
			};
			name = Release;
		};
		A706D72E14B9237500B469BB /* Debug */ = {
			isa = XCBuildConfiguration;
			buildSettings = {
				"CODE_SIGN_IDENTITY[sdk=iphoneos*]" = "iPhone Developer";
				FRAMEWORK_SEARCH_PATHS = (
					"$(inherited)",
					"\"$(SRCROOT)/OPUIKitTests\"",
				);
				GCC_PRECOMPILE_PREFIX_HEADER = YES;
				GCC_PREFIX_HEADER = "OPUIKitTests/OPUIKitTests-Prefix.pch";
				INFOPLIST_FILE = "OPUIKitTests/OPUIKitTests-Info.plist";
				PRODUCT_NAME = "$(TARGET_NAME)";
				WRAPPER_EXTENSION = app;
			};
			name = Debug;
		};
		A706D72F14B9237500B469BB /* Release */ = {
			isa = XCBuildConfiguration;
			buildSettings = {
				"CODE_SIGN_IDENTITY[sdk=iphoneos*]" = "iPhone Developer";
				FRAMEWORK_SEARCH_PATHS = (
					"$(inherited)",
					"\"$(SRCROOT)/OPUIKitTests\"",
				);
				GCC_PRECOMPILE_PREFIX_HEADER = YES;
				GCC_PREFIX_HEADER = "OPUIKitTests/OPUIKitTests-Prefix.pch";
				INFOPLIST_FILE = "OPUIKitTests/OPUIKitTests-Info.plist";
				PRODUCT_NAME = "$(TARGET_NAME)";
				WRAPPER_EXTENSION = app;
			};
			name = Release;
		};
/* End XCBuildConfiguration section */

/* Begin XCConfigurationList section */
		A706D6F414B9235100B469BB /* Build configuration list for PBXProject "OPUIKit" */ = {
			isa = XCConfigurationList;
			buildConfigurations = (
				A706D71014B9235100B469BB /* Debug */,
				A706D71114B9235100B469BB /* Release */,
			);
			defaultConfigurationIsVisible = 0;
			defaultConfigurationName = Release;
		};
		A706D71214B9235100B469BB /* Build configuration list for PBXNativeTarget "OPUIKit" */ = {
			isa = XCConfigurationList;
			buildConfigurations = (
				A706D71314B9235100B469BB /* Debug */,
				A706D71414B9235100B469BB /* Release */,
			);
			defaultConfigurationIsVisible = 0;
			defaultConfigurationName = Release;
		};
		A706D73014B9237500B469BB /* Build configuration list for PBXNativeTarget "OPUIKitTests" */ = {
			isa = XCConfigurationList;
			buildConfigurations = (
				A706D72E14B9237500B469BB /* Debug */,
				A706D72F14B9237500B469BB /* Release */,
			);
			defaultConfigurationIsVisible = 0;
			defaultConfigurationName = Release;
		};
/* End XCConfigurationList section */
	};
	rootObject = A706D6F114B9235100B469BB /* Project object */;
}
