// !$*UTF8*$!
{
	archiveVersion = 1;
	classes = {
	};
	objectVersion = 46;
	objects = {

/* Begin PBXBuildFile section */
		A706D6FF14B9235100B469BB /* UIKit.framework in Frameworks */ = {isa = PBXBuildFile; fileRef = A706D6FE14B9235100B469BB /* UIKit.framework */; };
		A706D70114B9235100B469BB /* Foundation.framework in Frameworks */ = {isa = PBXBuildFile; fileRef = A706D70014B9235100B469BB /* Foundation.framework */; };
		A706D70314B9235100B469BB /* CoreGraphics.framework in Frameworks */ = {isa = PBXBuildFile; fileRef = A706D70214B9235100B469BB /* CoreGraphics.framework */; };
		A706D70B14B9235100B469BB /* main.m in Sources */ = {isa = PBXBuildFile; fileRef = A706D70A14B9235100B469BB /* main.m */; };
		A706D70F14B9235100B469BB /* OPAppDelegate.m in Sources */ = {isa = PBXBuildFile; fileRef = A706D70E14B9235100B469BB /* OPAppDelegate.m */; };
		A706D71F14B9237500B469BB /* UIKit.framework in Frameworks */ = {isa = PBXBuildFile; fileRef = A706D6FE14B9235100B469BB /* UIKit.framework */; };
		A706D72014B9237500B469BB /* Foundation.framework in Frameworks */ = {isa = PBXBuildFile; fileRef = A706D70014B9235100B469BB /* Foundation.framework */; };
		A706D72114B9237500B469BB /* CoreGraphics.framework in Frameworks */ = {isa = PBXBuildFile; fileRef = A706D70214B9235100B469BB /* CoreGraphics.framework */; };
		A706D72914B9237500B469BB /* main.m in Sources */ = {isa = PBXBuildFile; fileRef = A706D72814B9237500B469BB /* main.m */; };
		A706D73B14B9250C00B469BB /* GHUnitIOS.framework in Frameworks */ = {isa = PBXBuildFile; fileRef = A706D73A14B9250C00B469BB /* GHUnitIOS.framework */; };
		A706D75114B9253400B469BB /* OPBarButtonItem.m in Sources */ = {isa = PBXBuildFile; fileRef = A706D73E14B9253400B469BB /* OPBarButtonItem.m */; };
		A706D75214B9253400B469BB /* OPBarButtonItem.m in Sources */ = {isa = PBXBuildFile; fileRef = A706D73E14B9253400B469BB /* OPBarButtonItem.m */; };
		A706D75314B9253400B469BB /* OPGradientView.m in Sources */ = {isa = PBXBuildFile; fileRef = A706D74014B9253400B469BB /* OPGradientView.m */; };
		A706D75414B9253400B469BB /* OPGradientView.m in Sources */ = {isa = PBXBuildFile; fileRef = A706D74014B9253400B469BB /* OPGradientView.m */; };
		A706D75514B9253400B469BB /* OPNavigationBar.m in Sources */ = {isa = PBXBuildFile; fileRef = A706D74214B9253400B469BB /* OPNavigationBar.m */; };
		A706D75614B9253400B469BB /* OPNavigationBar.m in Sources */ = {isa = PBXBuildFile; fileRef = A706D74214B9253400B469BB /* OPNavigationBar.m */; };
		A706D75714B9253400B469BB /* OPNavigationController.m in Sources */ = {isa = PBXBuildFile; fileRef = A706D74414B9253400B469BB /* OPNavigationController.m */; };
		A706D75814B9253400B469BB /* OPNavigationController.m in Sources */ = {isa = PBXBuildFile; fileRef = A706D74414B9253400B469BB /* OPNavigationController.m */; };
		A706D75914B9253400B469BB /* OPNavigationController.xib in Resources */ = {isa = PBXBuildFile; fileRef = A706D74514B9253400B469BB /* OPNavigationController.xib */; };
		A706D75A14B9253400B469BB /* OPNavigationController.xib in Resources */ = {isa = PBXBuildFile; fileRef = A706D74514B9253400B469BB /* OPNavigationController.xib */; };
		A706D75B14B9253400B469BB /* OPSidebarNavigationController.m in Sources */ = {isa = PBXBuildFile; fileRef = A706D74714B9253400B469BB /* OPSidebarNavigationController.m */; };
		A706D75C14B9253400B469BB /* OPSidebarNavigationController.m in Sources */ = {isa = PBXBuildFile; fileRef = A706D74714B9253400B469BB /* OPSidebarNavigationController.m */; };
		A706D75D14B9253400B469BB /* OPSidebarNavigationController.xib in Resources */ = {isa = PBXBuildFile; fileRef = A706D74814B9253400B469BB /* OPSidebarNavigationController.xib */; };
		A706D75E14B9253400B469BB /* OPSidebarNavigationController.xib in Resources */ = {isa = PBXBuildFile; fileRef = A706D74814B9253400B469BB /* OPSidebarNavigationController.xib */; };
		A706D75F14B9253400B469BB /* OPTableViewController.m in Sources */ = {isa = PBXBuildFile; fileRef = A706D74A14B9253400B469BB /* OPTableViewController.m */; };
		A706D76014B9253400B469BB /* OPTableViewController.m in Sources */ = {isa = PBXBuildFile; fileRef = A706D74A14B9253400B469BB /* OPTableViewController.m */; };
		A706D76114B9253400B469BB /* OPTextView.m in Sources */ = {isa = PBXBuildFile; fileRef = A706D74C14B9253400B469BB /* OPTextView.m */; };
		A706D76214B9253400B469BB /* OPTextView.m in Sources */ = {isa = PBXBuildFile; fileRef = A706D74C14B9253400B469BB /* OPTextView.m */; };
		A706D76314B9253400B469BB /* OPView.m in Sources */ = {isa = PBXBuildFile; fileRef = A706D74E14B9253400B469BB /* OPView.m */; };
		A706D76414B9253400B469BB /* OPView.m in Sources */ = {isa = PBXBuildFile; fileRef = A706D74E14B9253400B469BB /* OPView.m */; };
		A706D76514B9253400B469BB /* OPViewController.m in Sources */ = {isa = PBXBuildFile; fileRef = A706D75014B9253400B469BB /* OPViewController.m */; };
		A706D76614B9253400B469BB /* OPViewController.m in Sources */ = {isa = PBXBuildFile; fileRef = A706D75014B9253400B469BB /* OPViewController.m */; };
		A706D76814B925BD00B469BB /* OPUIKit.podspec in Resources */ = {isa = PBXBuildFile; fileRef = A706D76714B925BD00B469BB /* OPUIKit.podspec */; };
		A706D7BB14B9268100B469BB /* A2BlockDelegate.m in Sources */ = {isa = PBXBuildFile; fileRef = A706D76C14B9268100B469BB /* A2BlockDelegate.m */; settings = {COMPILER_FLAGS = "-fno-objc-arc"; }; };
		A706D7BC14B9268100B469BB /* A2BlockDelegate.m in Sources */ = {isa = PBXBuildFile; fileRef = A706D76C14B9268100B469BB /* A2BlockDelegate.m */; settings = {COMPILER_FLAGS = "-fno-objc-arc"; }; };
		A706D7BD14B9268100B469BB /* A2DynamicDelegate.m in Sources */ = {isa = PBXBuildFile; fileRef = A706D76E14B9268100B469BB /* A2DynamicDelegate.m */; settings = {COMPILER_FLAGS = "-fno-objc-arc"; }; };
		A706D7BE14B9268100B469BB /* A2DynamicDelegate.m in Sources */ = {isa = PBXBuildFile; fileRef = A706D76E14B9268100B469BB /* A2DynamicDelegate.m */; settings = {COMPILER_FLAGS = "-fno-objc-arc"; }; };
		A706D7C914B9268100B469BB /* A2BlockDelegate+BlocksKit.m in Sources */ = {isa = PBXBuildFile; fileRef = A706D77D14B9268100B469BB /* A2BlockDelegate+BlocksKit.m */; settings = {COMPILER_FLAGS = "-fno-objc-arc"; }; };
		A706D7CA14B9268100B469BB /* A2BlockDelegate+BlocksKit.m in Sources */ = {isa = PBXBuildFile; fileRef = A706D77D14B9268100B469BB /* A2BlockDelegate+BlocksKit.m */; settings = {COMPILER_FLAGS = "-fno-objc-arc"; }; };
		A706D7CD14B9268100B469BB /* MFMailComposeViewController+BlocksKit.m in Sources */ = {isa = PBXBuildFile; fileRef = A706D78414B9268100B469BB /* MFMailComposeViewController+BlocksKit.m */; settings = {COMPILER_FLAGS = "-fno-objc-arc"; }; };
		A706D7CE14B9268100B469BB /* MFMailComposeViewController+BlocksKit.m in Sources */ = {isa = PBXBuildFile; fileRef = A706D78414B9268100B469BB /* MFMailComposeViewController+BlocksKit.m */; settings = {COMPILER_FLAGS = "-fno-objc-arc"; }; };
		A706D7CF14B9268100B469BB /* MFMessageComposeViewController+BlocksKit.m in Sources */ = {isa = PBXBuildFile; fileRef = A706D78614B9268100B469BB /* MFMessageComposeViewController+BlocksKit.m */; settings = {COMPILER_FLAGS = "-fno-objc-arc"; }; };
		A706D7D014B9268100B469BB /* MFMessageComposeViewController+BlocksKit.m in Sources */ = {isa = PBXBuildFile; fileRef = A706D78614B9268100B469BB /* MFMessageComposeViewController+BlocksKit.m */; settings = {COMPILER_FLAGS = "-fno-objc-arc"; }; };
		A706D7D114B9268100B469BB /* NSArray+BlocksKit.m in Sources */ = {isa = PBXBuildFile; fileRef = A706D78814B9268100B469BB /* NSArray+BlocksKit.m */; settings = {COMPILER_FLAGS = "-fno-objc-arc"; }; };
		A706D7D214B9268100B469BB /* NSArray+BlocksKit.m in Sources */ = {isa = PBXBuildFile; fileRef = A706D78814B9268100B469BB /* NSArray+BlocksKit.m */; settings = {COMPILER_FLAGS = "-fno-objc-arc"; }; };
		A706D7D314B9268100B469BB /* NSCache+BlocksKit.m in Sources */ = {isa = PBXBuildFile; fileRef = A706D78A14B9268100B469BB /* NSCache+BlocksKit.m */; settings = {COMPILER_FLAGS = "-fno-objc-arc"; }; };
		A706D7D414B9268100B469BB /* NSCache+BlocksKit.m in Sources */ = {isa = PBXBuildFile; fileRef = A706D78A14B9268100B469BB /* NSCache+BlocksKit.m */; settings = {COMPILER_FLAGS = "-fno-objc-arc"; }; };
		A706D7D514B9268100B469BB /* NSDictionary+BlocksKit.m in Sources */ = {isa = PBXBuildFile; fileRef = A706D78C14B9268100B469BB /* NSDictionary+BlocksKit.m */; settings = {COMPILER_FLAGS = "-fno-objc-arc"; }; };
		A706D7D614B9268100B469BB /* NSDictionary+BlocksKit.m in Sources */ = {isa = PBXBuildFile; fileRef = A706D78C14B9268100B469BB /* NSDictionary+BlocksKit.m */; settings = {COMPILER_FLAGS = "-fno-objc-arc"; }; };
		A706D7D714B9268100B469BB /* NSIndexSet+BlocksKit.m in Sources */ = {isa = PBXBuildFile; fileRef = A706D78E14B9268100B469BB /* NSIndexSet+BlocksKit.m */; settings = {COMPILER_FLAGS = "-fno-objc-arc"; }; };
		A706D7D814B9268100B469BB /* NSIndexSet+BlocksKit.m in Sources */ = {isa = PBXBuildFile; fileRef = A706D78E14B9268100B469BB /* NSIndexSet+BlocksKit.m */; settings = {COMPILER_FLAGS = "-fno-objc-arc"; }; };
		A706D7D914B9268100B469BB /* NSInvocation+BlocksKit.m in Sources */ = {isa = PBXBuildFile; fileRef = A706D79014B9268100B469BB /* NSInvocation+BlocksKit.m */; settings = {COMPILER_FLAGS = "-fno-objc-arc"; }; };
		A706D7DA14B9268100B469BB /* NSInvocation+BlocksKit.m in Sources */ = {isa = PBXBuildFile; fileRef = A706D79014B9268100B469BB /* NSInvocation+BlocksKit.m */; settings = {COMPILER_FLAGS = "-fno-objc-arc"; }; };
		A706D7DB14B9268100B469BB /* NSMutableArray+BlocksKit.m in Sources */ = {isa = PBXBuildFile; fileRef = A706D79214B9268100B469BB /* NSMutableArray+BlocksKit.m */; settings = {COMPILER_FLAGS = "-fno-objc-arc"; }; };
		A706D7DC14B9268100B469BB /* NSMutableArray+BlocksKit.m in Sources */ = {isa = PBXBuildFile; fileRef = A706D79214B9268100B469BB /* NSMutableArray+BlocksKit.m */; settings = {COMPILER_FLAGS = "-fno-objc-arc"; }; };
		A706D7DD14B9268100B469BB /* NSMutableDictionary+BlocksKit.m in Sources */ = {isa = PBXBuildFile; fileRef = A706D79414B9268100B469BB /* NSMutableDictionary+BlocksKit.m */; settings = {COMPILER_FLAGS = "-fno-objc-arc"; }; };
		A706D7DE14B9268100B469BB /* NSMutableDictionary+BlocksKit.m in Sources */ = {isa = PBXBuildFile; fileRef = A706D79414B9268100B469BB /* NSMutableDictionary+BlocksKit.m */; settings = {COMPILER_FLAGS = "-fno-objc-arc"; }; };
		A706D7DF14B9268100B469BB /* NSMutableIndexSet+BlocksKit.m in Sources */ = {isa = PBXBuildFile; fileRef = A706D79614B9268100B469BB /* NSMutableIndexSet+BlocksKit.m */; settings = {COMPILER_FLAGS = "-fno-objc-arc"; }; };
		A706D7E014B9268100B469BB /* NSMutableIndexSet+BlocksKit.m in Sources */ = {isa = PBXBuildFile; fileRef = A706D79614B9268100B469BB /* NSMutableIndexSet+BlocksKit.m */; settings = {COMPILER_FLAGS = "-fno-objc-arc"; }; };
		A706D7E114B9268100B469BB /* NSMutableSet+BlocksKit.m in Sources */ = {isa = PBXBuildFile; fileRef = A706D79814B9268100B469BB /* NSMutableSet+BlocksKit.m */; settings = {COMPILER_FLAGS = "-fno-objc-arc"; }; };
		A706D7E214B9268100B469BB /* NSMutableSet+BlocksKit.m in Sources */ = {isa = PBXBuildFile; fileRef = A706D79814B9268100B469BB /* NSMutableSet+BlocksKit.m */; settings = {COMPILER_FLAGS = "-fno-objc-arc"; }; };
		A706D7E314B9268100B469BB /* NSObject+AssociatedObjects.m in Sources */ = {isa = PBXBuildFile; fileRef = A706D79A14B9268100B469BB /* NSObject+AssociatedObjects.m */; settings = {COMPILER_FLAGS = "-fno-objc-arc"; }; };
		A706D7E414B9268100B469BB /* NSObject+AssociatedObjects.m in Sources */ = {isa = PBXBuildFile; fileRef = A706D79A14B9268100B469BB /* NSObject+AssociatedObjects.m */; settings = {COMPILER_FLAGS = "-fno-objc-arc"; }; };
		A706D7E514B9268100B469BB /* NSObject+BlockObservation.m in Sources */ = {isa = PBXBuildFile; fileRef = A706D79C14B9268100B469BB /* NSObject+BlockObservation.m */; settings = {COMPILER_FLAGS = "-fno-objc-arc"; }; };
		A706D7E614B9268100B469BB /* NSObject+BlockObservation.m in Sources */ = {isa = PBXBuildFile; fileRef = A706D79C14B9268100B469BB /* NSObject+BlockObservation.m */; settings = {COMPILER_FLAGS = "-fno-objc-arc"; }; };
		A706D7E714B9268100B469BB /* NSObject+BlocksKit.m in Sources */ = {isa = PBXBuildFile; fileRef = A706D79E14B9268100B469BB /* NSObject+BlocksKit.m */; settings = {COMPILER_FLAGS = "-fno-objc-arc"; }; };
		A706D7E814B9268100B469BB /* NSObject+BlocksKit.m in Sources */ = {isa = PBXBuildFile; fileRef = A706D79E14B9268100B469BB /* NSObject+BlocksKit.m */; settings = {COMPILER_FLAGS = "-fno-objc-arc"; }; };
		A706D7E914B9268100B469BB /* NSSet+BlocksKit.m in Sources */ = {isa = PBXBuildFile; fileRef = A706D7A014B9268100B469BB /* NSSet+BlocksKit.m */; settings = {COMPILER_FLAGS = "-fno-objc-arc"; }; };
		A706D7EA14B9268100B469BB /* NSSet+BlocksKit.m in Sources */ = {isa = PBXBuildFile; fileRef = A706D7A014B9268100B469BB /* NSSet+BlocksKit.m */; settings = {COMPILER_FLAGS = "-fno-objc-arc"; }; };
		A706D7EB14B9268100B469BB /* NSTimer+BlocksKit.m in Sources */ = {isa = PBXBuildFile; fileRef = A706D7A214B9268100B469BB /* NSTimer+BlocksKit.m */; settings = {COMPILER_FLAGS = "-fno-objc-arc"; }; };
		A706D7EC14B9268100B469BB /* NSTimer+BlocksKit.m in Sources */ = {isa = PBXBuildFile; fileRef = A706D7A214B9268100B469BB /* NSTimer+BlocksKit.m */; settings = {COMPILER_FLAGS = "-fno-objc-arc"; }; };
		A706D7ED14B9268100B469BB /* NSURLConnection+BlocksKit.m in Sources */ = {isa = PBXBuildFile; fileRef = A706D7A414B9268100B469BB /* NSURLConnection+BlocksKit.m */; settings = {COMPILER_FLAGS = "-fno-objc-arc"; }; };
		A706D7EE14B9268100B469BB /* NSURLConnection+BlocksKit.m in Sources */ = {isa = PBXBuildFile; fileRef = A706D7A414B9268100B469BB /* NSURLConnection+BlocksKit.m */; settings = {COMPILER_FLAGS = "-fno-objc-arc"; }; };
		A706D7EF14B9268100B469BB /* UIActionSheet+BlocksKit.m in Sources */ = {isa = PBXBuildFile; fileRef = A706D7A614B9268100B469BB /* UIActionSheet+BlocksKit.m */; settings = {COMPILER_FLAGS = "-fno-objc-arc"; }; };
		A706D7F014B9268100B469BB /* UIActionSheet+BlocksKit.m in Sources */ = {isa = PBXBuildFile; fileRef = A706D7A614B9268100B469BB /* UIActionSheet+BlocksKit.m */; settings = {COMPILER_FLAGS = "-fno-objc-arc"; }; };
		A706D7F114B9268100B469BB /* UIAlertView+BlocksKit.m in Sources */ = {isa = PBXBuildFile; fileRef = A706D7A814B9268100B469BB /* UIAlertView+BlocksKit.m */; settings = {COMPILER_FLAGS = "-fno-objc-arc"; }; };
		A706D7F214B9268100B469BB /* UIAlertView+BlocksKit.m in Sources */ = {isa = PBXBuildFile; fileRef = A706D7A814B9268100B469BB /* UIAlertView+BlocksKit.m */; settings = {COMPILER_FLAGS = "-fno-objc-arc"; }; };
		A706D7F314B9268100B469BB /* UIBarButtonItem+BlocksKit.m in Sources */ = {isa = PBXBuildFile; fileRef = A706D7AA14B9268100B469BB /* UIBarButtonItem+BlocksKit.m */; settings = {COMPILER_FLAGS = "-fno-objc-arc"; }; };
		A706D7F414B9268100B469BB /* UIBarButtonItem+BlocksKit.m in Sources */ = {isa = PBXBuildFile; fileRef = A706D7AA14B9268100B469BB /* UIBarButtonItem+BlocksKit.m */; settings = {COMPILER_FLAGS = "-fno-objc-arc"; }; };
		A706D7F514B9268100B469BB /* UIControl+BlocksKit.m in Sources */ = {isa = PBXBuildFile; fileRef = A706D7AC14B9268100B469BB /* UIControl+BlocksKit.m */; settings = {COMPILER_FLAGS = "-fno-objc-arc"; }; };
		A706D7F614B9268100B469BB /* UIControl+BlocksKit.m in Sources */ = {isa = PBXBuildFile; fileRef = A706D7AC14B9268100B469BB /* UIControl+BlocksKit.m */; settings = {COMPILER_FLAGS = "-fno-objc-arc"; }; };
		A706D7F714B9268100B469BB /* UIGestureRecognizer+BlocksKit.m in Sources */ = {isa = PBXBuildFile; fileRef = A706D7AE14B9268100B469BB /* UIGestureRecognizer+BlocksKit.m */; settings = {COMPILER_FLAGS = "-fno-objc-arc"; }; };
		A706D7F814B9268100B469BB /* UIGestureRecognizer+BlocksKit.m in Sources */ = {isa = PBXBuildFile; fileRef = A706D7AE14B9268100B469BB /* UIGestureRecognizer+BlocksKit.m */; settings = {COMPILER_FLAGS = "-fno-objc-arc"; }; };
		A706D7F914B9268100B469BB /* UIPopoverController+BlocksKit.m in Sources */ = {isa = PBXBuildFile; fileRef = A706D7B014B9268100B469BB /* UIPopoverController+BlocksKit.m */; settings = {COMPILER_FLAGS = "-fno-objc-arc"; }; };
		A706D7FA14B9268100B469BB /* UIPopoverController+BlocksKit.m in Sources */ = {isa = PBXBuildFile; fileRef = A706D7B014B9268100B469BB /* UIPopoverController+BlocksKit.m */; settings = {COMPILER_FLAGS = "-fno-objc-arc"; }; };
		A706D7FB14B9268100B469BB /* UIView+BlocksKit.m in Sources */ = {isa = PBXBuildFile; fileRef = A706D7B214B9268100B469BB /* UIView+BlocksKit.m */; settings = {COMPILER_FLAGS = "-fno-objc-arc"; }; };
		A706D7FC14B9268100B469BB /* UIView+BlocksKit.m in Sources */ = {isa = PBXBuildFile; fileRef = A706D7B214B9268100B469BB /* UIView+BlocksKit.m */; settings = {COMPILER_FLAGS = "-fno-objc-arc"; }; };
		A706D7FD14B9268100B469BB /* UIWebView+BlocksKit.m in Sources */ = {isa = PBXBuildFile; fileRef = A706D7B414B9268100B469BB /* UIWebView+BlocksKit.m */; settings = {COMPILER_FLAGS = "-fno-objc-arc"; }; };
		A706D7FE14B9268100B469BB /* UIWebView+BlocksKit.m in Sources */ = {isa = PBXBuildFile; fileRef = A706D7B414B9268100B469BB /* UIWebView+BlocksKit.m */; settings = {COMPILER_FLAGS = "-fno-objc-arc"; }; };
		A706D84114B926A000B469BB /* NSManagedObjectContext+Opetopic.m in Sources */ = {isa = PBXBuildFile; fileRef = A706D80814B9269F00B469BB /* NSManagedObjectContext+Opetopic.m */; };
		A706D84214B926A000B469BB /* NSManagedObjectContext+Opetopic.m in Sources */ = {isa = PBXBuildFile; fileRef = A706D80814B9269F00B469BB /* NSManagedObjectContext+Opetopic.m */; };
		A706D84314B926A000B469BB /* NSPersistentStoreCoordinator+Opetopic.m in Sources */ = {isa = PBXBuildFile; fileRef = A706D80A14B9269F00B469BB /* NSPersistentStoreCoordinator+Opetopic.m */; };
		A706D84414B926A000B469BB /* NSPersistentStoreCoordinator+Opetopic.m in Sources */ = {isa = PBXBuildFile; fileRef = A706D80A14B9269F00B469BB /* NSPersistentStoreCoordinator+Opetopic.m */; };
		A706D84514B926A000B469BB /* NSArray+Opetopic.m in Sources */ = {isa = PBXBuildFile; fileRef = A706D80D14B9269F00B469BB /* NSArray+Opetopic.m */; };
		A706D84614B926A000B469BB /* NSArray+Opetopic.m in Sources */ = {isa = PBXBuildFile; fileRef = A706D80D14B9269F00B469BB /* NSArray+Opetopic.m */; };
		A706D84714B926A000B469BB /* NSCache+Opetopic.m in Sources */ = {isa = PBXBuildFile; fileRef = A706D80F14B9269F00B469BB /* NSCache+Opetopic.m */; };
		A706D84814B926A000B469BB /* NSCache+Opetopic.m in Sources */ = {isa = PBXBuildFile; fileRef = A706D80F14B9269F00B469BB /* NSCache+Opetopic.m */; };
		A706D84914B926A000B469BB /* NSData+Opetopic.m in Sources */ = {isa = PBXBuildFile; fileRef = A706D81114B9269F00B469BB /* NSData+Opetopic.m */; };
		A706D84A14B926A000B469BB /* NSData+Opetopic.m in Sources */ = {isa = PBXBuildFile; fileRef = A706D81114B9269F00B469BB /* NSData+Opetopic.m */; };
		A706D84B14B926A000B469BB /* NSDate+Opetopic.m in Sources */ = {isa = PBXBuildFile; fileRef = A706D81314B9269F00B469BB /* NSDate+Opetopic.m */; };
		A706D84C14B926A000B469BB /* NSDate+Opetopic.m in Sources */ = {isa = PBXBuildFile; fileRef = A706D81314B9269F00B469BB /* NSDate+Opetopic.m */; };
		A706D84D14B926A000B469BB /* NSDateFormatter+Opetopic.m in Sources */ = {isa = PBXBuildFile; fileRef = A706D81514B9269F00B469BB /* NSDateFormatter+Opetopic.m */; };
		A706D84E14B926A000B469BB /* NSDateFormatter+Opetopic.m in Sources */ = {isa = PBXBuildFile; fileRef = A706D81514B9269F00B469BB /* NSDateFormatter+Opetopic.m */; };
		A706D84F14B926A000B469BB /* NSDictionary+Opetopic.m in Sources */ = {isa = PBXBuildFile; fileRef = A706D81714B9269F00B469BB /* NSDictionary+Opetopic.m */; };
		A706D85014B926A000B469BB /* NSDictionary+Opetopic.m in Sources */ = {isa = PBXBuildFile; fileRef = A706D81714B9269F00B469BB /* NSDictionary+Opetopic.m */; };
		A706D85114B926A000B469BB /* NSLocale+Opetopic.m in Sources */ = {isa = PBXBuildFile; fileRef = A706D81914B9269F00B469BB /* NSLocale+Opetopic.m */; };
		A706D85214B926A000B469BB /* NSLocale+Opetopic.m in Sources */ = {isa = PBXBuildFile; fileRef = A706D81914B9269F00B469BB /* NSLocale+Opetopic.m */; };
		A706D85314B926A000B469BB /* NSMutableArray+Opetopic.m in Sources */ = {isa = PBXBuildFile; fileRef = A706D81B14B9269F00B469BB /* NSMutableArray+Opetopic.m */; };
		A706D85414B926A000B469BB /* NSMutableArray+Opetopic.m in Sources */ = {isa = PBXBuildFile; fileRef = A706D81B14B9269F00B469BB /* NSMutableArray+Opetopic.m */; };
		A706D85514B926A000B469BB /* NSMutableDictionary+Opetopic.m in Sources */ = {isa = PBXBuildFile; fileRef = A706D81D14B9269F00B469BB /* NSMutableDictionary+Opetopic.m */; };
		A706D85614B926A000B469BB /* NSMutableDictionary+Opetopic.m in Sources */ = {isa = PBXBuildFile; fileRef = A706D81D14B9269F00B469BB /* NSMutableDictionary+Opetopic.m */; };
		A706D85714B926A000B469BB /* NSNotificationCenter+Opetopic.m in Sources */ = {isa = PBXBuildFile; fileRef = A706D81F14B9269F00B469BB /* NSNotificationCenter+Opetopic.m */; };
		A706D85814B926A000B469BB /* NSNotificationCenter+Opetopic.m in Sources */ = {isa = PBXBuildFile; fileRef = A706D81F14B9269F00B469BB /* NSNotificationCenter+Opetopic.m */; };
		A706D85914B926A000B469BB /* NSObject+Opetopic.m in Sources */ = {isa = PBXBuildFile; fileRef = A706D82114B9269F00B469BB /* NSObject+Opetopic.m */; };
		A706D85A14B926A000B469BB /* NSObject+Opetopic.m in Sources */ = {isa = PBXBuildFile; fileRef = A706D82114B9269F00B469BB /* NSObject+Opetopic.m */; };
		A706D85B14B926A000B469BB /* NSPredicate+Opetopic.m in Sources */ = {isa = PBXBuildFile; fileRef = A706D82314B9269F00B469BB /* NSPredicate+Opetopic.m */; };
		A706D85C14B926A000B469BB /* NSPredicate+Opetopic.m in Sources */ = {isa = PBXBuildFile; fileRef = A706D82314B9269F00B469BB /* NSPredicate+Opetopic.m */; };
		A706D85D14B926A000B469BB /* NSSet+Opetopic.m in Sources */ = {isa = PBXBuildFile; fileRef = A706D82514B9269F00B469BB /* NSSet+Opetopic.m */; };
		A706D85E14B926A000B469BB /* NSSet+Opetopic.m in Sources */ = {isa = PBXBuildFile; fileRef = A706D82514B9269F00B469BB /* NSSet+Opetopic.m */; };
		A706D85F14B926A000B469BB /* NSString+Opetopic.m in Sources */ = {isa = PBXBuildFile; fileRef = A706D82714B9269F00B469BB /* NSString+Opetopic.m */; };
		A706D86014B926A000B469BB /* NSString+Opetopic.m in Sources */ = {isa = PBXBuildFile; fileRef = A706D82714B9269F00B469BB /* NSString+Opetopic.m */; };
		A706D86114B926A000B469BB /* NSURL+Opetopic.m in Sources */ = {isa = PBXBuildFile; fileRef = A706D82914B9269F00B469BB /* NSURL+Opetopic.m */; };
		A706D86214B926A000B469BB /* NSURL+Opetopic.m in Sources */ = {isa = PBXBuildFile; fileRef = A706D82914B9269F00B469BB /* NSURL+Opetopic.m */; };
		A706D86314B926A000B469BB /* OPMacros.m in Sources */ = {isa = PBXBuildFile; fileRef = A706D82C14B9269F00B469BB /* OPMacros.m */; };
		A706D86414B926A000B469BB /* OPMacros.m in Sources */ = {isa = PBXBuildFile; fileRef = A706D82C14B9269F00B469BB /* OPMacros.m */; };
		A706D86514B926A000B469BB /* MKMapView+Opetopic.m in Sources */ = {isa = PBXBuildFile; fileRef = A706D82F14B9269F00B469BB /* MKMapView+Opetopic.m */; };
		A706D86614B926A000B469BB /* MKMapView+Opetopic.m in Sources */ = {isa = PBXBuildFile; fileRef = A706D82F14B9269F00B469BB /* MKMapView+Opetopic.m */; };
		A706D86714B926A000B469BB /* UIApplication+Opetopic.m in Sources */ = {isa = PBXBuildFile; fileRef = A706D83214B9269F00B469BB /* UIApplication+Opetopic.m */; };
		A706D86814B926A000B469BB /* UIApplication+Opetopic.m in Sources */ = {isa = PBXBuildFile; fileRef = A706D83214B9269F00B469BB /* UIApplication+Opetopic.m */; };
		A706D86914B926A000B469BB /* UIDevice+Opetopic.m in Sources */ = {isa = PBXBuildFile; fileRef = A706D83414B9269F00B469BB /* UIDevice+Opetopic.m */; };
		A706D86A14B926A000B469BB /* UIDevice+Opetopic.m in Sources */ = {isa = PBXBuildFile; fileRef = A706D83414B9269F00B469BB /* UIDevice+Opetopic.m */; };
		A706D86B14B926A000B469BB /* UIImage+Opetopic.m in Sources */ = {isa = PBXBuildFile; fileRef = A706D83614B9269F00B469BB /* UIImage+Opetopic.m */; };
		A706D86C14B926A000B469BB /* UIImage+Opetopic.m in Sources */ = {isa = PBXBuildFile; fileRef = A706D83614B9269F00B469BB /* UIImage+Opetopic.m */; };
		A706D86D14B926A000B469BB /* UINavigationController+Opetopic.m in Sources */ = {isa = PBXBuildFile; fileRef = A706D83814B9269F00B469BB /* UINavigationController+Opetopic.m */; };
		A706D86E14B926A000B469BB /* UINavigationController+Opetopic.m in Sources */ = {isa = PBXBuildFile; fileRef = A706D83814B9269F00B469BB /* UINavigationController+Opetopic.m */; };
		A706D86F14B926A000B469BB /* UIProgressView+Opetopic.m in Sources */ = {isa = PBXBuildFile; fileRef = A706D83A14B9269F00B469BB /* UIProgressView+Opetopic.m */; };
		A706D87014B926A000B469BB /* UIProgressView+Opetopic.m in Sources */ = {isa = PBXBuildFile; fileRef = A706D83A14B9269F00B469BB /* UIProgressView+Opetopic.m */; };
		A706D87114B926A000B469BB /* UIView+Opetopic.m in Sources */ = {isa = PBXBuildFile; fileRef = A706D83C14B9269F00B469BB /* UIView+Opetopic.m */; };
		A706D87214B926A000B469BB /* UIView+Opetopic.m in Sources */ = {isa = PBXBuildFile; fileRef = A706D83C14B9269F00B469BB /* UIView+Opetopic.m */; };
		A706D87314B926A000B469BB /* UIViewController+Opetopic.m in Sources */ = {isa = PBXBuildFile; fileRef = A706D83E14B9269F00B469BB /* UIViewController+Opetopic.m */; };
		A706D87414B926A000B469BB /* UIViewController+Opetopic.m in Sources */ = {isa = PBXBuildFile; fileRef = A706D83E14B9269F00B469BB /* UIViewController+Opetopic.m */; };
		A706D87514B926A000B469BB /* UIWebView+Opetopic.m in Sources */ = {isa = PBXBuildFile; fileRef = A706D84014B9269F00B469BB /* UIWebView+Opetopic.m */; };
		A706D87614B926A000B469BB /* UIWebView+Opetopic.m in Sources */ = {isa = PBXBuildFile; fileRef = A706D84014B9269F00B469BB /* UIWebView+Opetopic.m */; };
		A706D87814B926FF00B469BB /* CoreData.framework in Frameworks */ = {isa = PBXBuildFile; fileRef = A706D87714B926FF00B469BB /* CoreData.framework */; };
		A7F0596F14B9F58D005CF16F /* MapKit.framework in Frameworks */ = {isa = PBXBuildFile; fileRef = A7F0596E14B9F58D005CF16F /* MapKit.framework */; };
		A7F0597114B9F5A8005CF16F /* QuartzCore.framework in Frameworks */ = {isa = PBXBuildFile; fileRef = A7F0597014B9F5A8005CF16F /* QuartzCore.framework */; };
		A7F0597314B9F5B8005CF16F /* MessageUI.framework in Frameworks */ = {isa = PBXBuildFile; fileRef = A7F0597214B9F5B8005CF16F /* MessageUI.framework */; };
		A7F0597414B9F65F005CF16F /* MessageUI.framework in Frameworks */ = {isa = PBXBuildFile; fileRef = A7F0597214B9F5B8005CF16F /* MessageUI.framework */; };
		A7F0597514B9F65F005CF16F /* QuartzCore.framework in Frameworks */ = {isa = PBXBuildFile; fileRef = A7F0597014B9F5A8005CF16F /* QuartzCore.framework */; };
		A7F0597614B9F65F005CF16F /* MapKit.framework in Frameworks */ = {isa = PBXBuildFile; fileRef = A7F0596E14B9F58D005CF16F /* MapKit.framework */; };
		A7F0597714B9F65F005CF16F /* CoreData.framework in Frameworks */ = {isa = PBXBuildFile; fileRef = A706D87714B926FF00B469BB /* CoreData.framework */; };
		A7F0597814B9F65F005CF16F /* GHUnitIOS.framework in Frameworks */ = {isa = PBXBuildFile; fileRef = A706D73A14B9250C00B469BB /* GHUnitIOS.framework */; };
/* End PBXBuildFile section */

/* Begin PBXFileReference section */
		A706D6FA14B9235100B469BB /* OPUIKit.app */ = {isa = PBXFileReference; explicitFileType = wrapper.application; includeInIndex = 0; path = OPUIKit.app; sourceTree = BUILT_PRODUCTS_DIR; };
		A706D6FE14B9235100B469BB /* UIKit.framework */ = {isa = PBXFileReference; lastKnownFileType = wrapper.framework; name = UIKit.framework; path = System/Library/Frameworks/UIKit.framework; sourceTree = SDKROOT; };
		A706D70014B9235100B469BB /* Foundation.framework */ = {isa = PBXFileReference; lastKnownFileType = wrapper.framework; name = Foundation.framework; path = System/Library/Frameworks/Foundation.framework; sourceTree = SDKROOT; };
		A706D70214B9235100B469BB /* CoreGraphics.framework */ = {isa = PBXFileReference; lastKnownFileType = wrapper.framework; name = CoreGraphics.framework; path = System/Library/Frameworks/CoreGraphics.framework; sourceTree = SDKROOT; };
		A706D70614B9235100B469BB /* OPUIKit-Info.plist */ = {isa = PBXFileReference; lastKnownFileType = text.plist.xml; path = "OPUIKit-Info.plist"; sourceTree = "<group>"; };
		A706D70A14B9235100B469BB /* main.m */ = {isa = PBXFileReference; lastKnownFileType = sourcecode.c.objc; path = main.m; sourceTree = "<group>"; };
		A706D70C14B9235100B469BB /* OPUIKit-Prefix.pch */ = {isa = PBXFileReference; lastKnownFileType = sourcecode.c.h; path = "OPUIKit-Prefix.pch"; sourceTree = "<group>"; };
		A706D70D14B9235100B469BB /* OPAppDelegate.h */ = {isa = PBXFileReference; lastKnownFileType = sourcecode.c.h; path = OPAppDelegate.h; sourceTree = "<group>"; };
		A706D70E14B9235100B469BB /* OPAppDelegate.m */ = {isa = PBXFileReference; lastKnownFileType = sourcecode.c.objc; path = OPAppDelegate.m; sourceTree = "<group>"; };
		A706D71D14B9237500B469BB /* OPUIKitTests.app */ = {isa = PBXFileReference; explicitFileType = wrapper.application; includeInIndex = 0; path = OPUIKitTests.app; sourceTree = BUILT_PRODUCTS_DIR; };
		A706D72414B9237500B469BB /* OPUIKitTests-Info.plist */ = {isa = PBXFileReference; lastKnownFileType = text.plist.xml; path = "OPUIKitTests-Info.plist"; sourceTree = "<group>"; };
		A706D72814B9237500B469BB /* main.m */ = {isa = PBXFileReference; lastKnownFileType = sourcecode.c.objc; path = main.m; sourceTree = "<group>"; };
		A706D72A14B9237500B469BB /* OPUIKitTests-Prefix.pch */ = {isa = PBXFileReference; lastKnownFileType = sourcecode.c.h; path = "OPUIKitTests-Prefix.pch"; sourceTree = "<group>"; };
		A706D73214B923A900B469BB /* OPUIKit.podspec */ = {isa = PBXFileReference; explicitFileType = text.script.ruby; fileEncoding = 4; indentWidth = 2; path = OPUIKit.podspec; sourceTree = SOURCE_ROOT; tabWidth = 2; xcLanguageSpecificationIdentifier = xcode.lang.ruby; };
		A706D73A14B9250C00B469BB /* GHUnitIOS.framework */ = {isa = PBXFileReference; lastKnownFileType = wrapper.framework; name = GHUnitIOS.framework; path = OPUIKitTests/GHUnitIOS.framework; sourceTree = "<group>"; };
		A706D73D14B9253400B469BB /* OPBarButtonItem.h */ = {isa = PBXFileReference; fileEncoding = 4; lastKnownFileType = sourcecode.c.h; path = OPBarButtonItem.h; sourceTree = "<group>"; };
		A706D73E14B9253400B469BB /* OPBarButtonItem.m */ = {isa = PBXFileReference; fileEncoding = 4; lastKnownFileType = sourcecode.c.objc; path = OPBarButtonItem.m; sourceTree = "<group>"; };
		A706D73F14B9253400B469BB /* OPGradientView.h */ = {isa = PBXFileReference; fileEncoding = 4; lastKnownFileType = sourcecode.c.h; path = OPGradientView.h; sourceTree = "<group>"; };
		A706D74014B9253400B469BB /* OPGradientView.m */ = {isa = PBXFileReference; fileEncoding = 4; lastKnownFileType = sourcecode.c.objc; path = OPGradientView.m; sourceTree = "<group>"; };
		A706D74114B9253400B469BB /* OPNavigationBar.h */ = {isa = PBXFileReference; fileEncoding = 4; lastKnownFileType = sourcecode.c.h; path = OPNavigationBar.h; sourceTree = "<group>"; };
		A706D74214B9253400B469BB /* OPNavigationBar.m */ = {isa = PBXFileReference; fileEncoding = 4; lastKnownFileType = sourcecode.c.objc; path = OPNavigationBar.m; sourceTree = "<group>"; };
		A706D74314B9253400B469BB /* OPNavigationController.h */ = {isa = PBXFileReference; fileEncoding = 4; lastKnownFileType = sourcecode.c.h; path = OPNavigationController.h; sourceTree = "<group>"; };
		A706D74414B9253400B469BB /* OPNavigationController.m */ = {isa = PBXFileReference; fileEncoding = 4; lastKnownFileType = sourcecode.c.objc; path = OPNavigationController.m; sourceTree = "<group>"; };
		A706D74514B9253400B469BB /* OPNavigationController.xib */ = {isa = PBXFileReference; fileEncoding = 4; lastKnownFileType = file.xib; path = OPNavigationController.xib; sourceTree = "<group>"; };
		A706D74614B9253400B469BB /* OPSidebarNavigationController.h */ = {isa = PBXFileReference; fileEncoding = 4; lastKnownFileType = sourcecode.c.h; lineEnding = 0; path = OPSidebarNavigationController.h; sourceTree = "<group>"; xcLanguageSpecificationIdentifier = xcode.lang.objcpp; };
		A706D74714B9253400B469BB /* OPSidebarNavigationController.m */ = {isa = PBXFileReference; fileEncoding = 4; lastKnownFileType = sourcecode.c.objc; path = OPSidebarNavigationController.m; sourceTree = "<group>"; };
		A706D74814B9253400B469BB /* OPSidebarNavigationController.xib */ = {isa = PBXFileReference; fileEncoding = 4; lastKnownFileType = file.xib; path = OPSidebarNavigationController.xib; sourceTree = "<group>"; };
		A706D74914B9253400B469BB /* OPTableViewController.h */ = {isa = PBXFileReference; fileEncoding = 4; lastKnownFileType = sourcecode.c.h; path = OPTableViewController.h; sourceTree = "<group>"; };
		A706D74A14B9253400B469BB /* OPTableViewController.m */ = {isa = PBXFileReference; fileEncoding = 4; lastKnownFileType = sourcecode.c.objc; path = OPTableViewController.m; sourceTree = "<group>"; };
		A706D74B14B9253400B469BB /* OPTextView.h */ = {isa = PBXFileReference; fileEncoding = 4; lastKnownFileType = sourcecode.c.h; path = OPTextView.h; sourceTree = "<group>"; };
		A706D74C14B9253400B469BB /* OPTextView.m */ = {isa = PBXFileReference; fileEncoding = 4; lastKnownFileType = sourcecode.c.objc; path = OPTextView.m; sourceTree = "<group>"; };
		A706D74D14B9253400B469BB /* OPView.h */ = {isa = PBXFileReference; fileEncoding = 4; lastKnownFileType = sourcecode.c.h; path = OPView.h; sourceTree = "<group>"; };
		A706D74E14B9253400B469BB /* OPView.m */ = {isa = PBXFileReference; fileEncoding = 4; lastKnownFileType = sourcecode.c.objc; path = OPView.m; sourceTree = "<group>"; };
		A706D74F14B9253400B469BB /* OPViewController.h */ = {isa = PBXFileReference; fileEncoding = 4; lastKnownFileType = sourcecode.c.h; path = OPViewController.h; sourceTree = "<group>"; };
		A706D75014B9253400B469BB /* OPViewController.m */ = {isa = PBXFileReference; fileEncoding = 4; lastKnownFileType = sourcecode.c.objc; path = OPViewController.m; sourceTree = "<group>"; };
		A706D76714B925BD00B469BB /* OPUIKit.podspec */ = {isa = PBXFileReference; explicitFileType = text.script.ruby; fileEncoding = 4; indentWidth = 2; path = OPUIKit.podspec; sourceTree = SOURCE_ROOT; tabWidth = 2; xcLanguageSpecificationIdentifier = xcode.lang.ruby; };
		A706D76B14B9268100B469BB /* A2BlockDelegate.h */ = {isa = PBXFileReference; fileEncoding = 4; lastKnownFileType = sourcecode.c.h; path = A2BlockDelegate.h; sourceTree = "<group>"; };
		A706D76C14B9268100B469BB /* A2BlockDelegate.m */ = {isa = PBXFileReference; fileEncoding = 4; lastKnownFileType = sourcecode.c.objc; path = A2BlockDelegate.m; sourceTree = "<group>"; };
		A706D76D14B9268100B469BB /* A2DynamicDelegate.h */ = {isa = PBXFileReference; fileEncoding = 4; lastKnownFileType = sourcecode.c.h; path = A2DynamicDelegate.h; sourceTree = "<group>"; };
		A706D76E14B9268100B469BB /* A2DynamicDelegate.m */ = {isa = PBXFileReference; fileEncoding = 4; lastKnownFileType = sourcecode.c.objc; path = A2DynamicDelegate.m; sourceTree = "<group>"; };
		A706D77C14B9268100B469BB /* A2BlockDelegate+BlocksKit.h */ = {isa = PBXFileReference; fileEncoding = 4; lastKnownFileType = sourcecode.c.h; path = "A2BlockDelegate+BlocksKit.h"; sourceTree = "<group>"; };
		A706D77D14B9268100B469BB /* A2BlockDelegate+BlocksKit.m */ = {isa = PBXFileReference; fileEncoding = 4; lastKnownFileType = sourcecode.c.objc; path = "A2BlockDelegate+BlocksKit.m"; sourceTree = "<group>"; };
		A706D77E14B9268100B469BB /* BKGlobals.h */ = {isa = PBXFileReference; fileEncoding = 4; lastKnownFileType = sourcecode.c.h; path = BKGlobals.h; sourceTree = "<group>"; };
		A706D77F14B9268100B469BB /* BKMacros.h */ = {isa = PBXFileReference; fileEncoding = 4; lastKnownFileType = sourcecode.c.h; path = BKMacros.h; sourceTree = "<group>"; };
		A706D78214B9268100B469BB /* BlocksKit.h */ = {isa = PBXFileReference; fileEncoding = 4; lastKnownFileType = sourcecode.c.h; path = BlocksKit.h; sourceTree = "<group>"; };
		A706D78314B9268100B469BB /* MFMailComposeViewController+BlocksKit.h */ = {isa = PBXFileReference; fileEncoding = 4; lastKnownFileType = sourcecode.c.h; path = "MFMailComposeViewController+BlocksKit.h"; sourceTree = "<group>"; };
		A706D78414B9268100B469BB /* MFMailComposeViewController+BlocksKit.m */ = {isa = PBXFileReference; fileEncoding = 4; lastKnownFileType = sourcecode.c.objc; path = "MFMailComposeViewController+BlocksKit.m"; sourceTree = "<group>"; };
		A706D78514B9268100B469BB /* MFMessageComposeViewController+BlocksKit.h */ = {isa = PBXFileReference; fileEncoding = 4; lastKnownFileType = sourcecode.c.h; path = "MFMessageComposeViewController+BlocksKit.h"; sourceTree = "<group>"; };
		A706D78614B9268100B469BB /* MFMessageComposeViewController+BlocksKit.m */ = {isa = PBXFileReference; fileEncoding = 4; lastKnownFileType = sourcecode.c.objc; path = "MFMessageComposeViewController+BlocksKit.m"; sourceTree = "<group>"; };
		A706D78714B9268100B469BB /* NSArray+BlocksKit.h */ = {isa = PBXFileReference; fileEncoding = 4; lastKnownFileType = sourcecode.c.h; path = "NSArray+BlocksKit.h"; sourceTree = "<group>"; };
		A706D78814B9268100B469BB /* NSArray+BlocksKit.m */ = {isa = PBXFileReference; fileEncoding = 4; lastKnownFileType = sourcecode.c.objc; path = "NSArray+BlocksKit.m"; sourceTree = "<group>"; };
		A706D78914B9268100B469BB /* NSCache+BlocksKit.h */ = {isa = PBXFileReference; fileEncoding = 4; lastKnownFileType = sourcecode.c.h; path = "NSCache+BlocksKit.h"; sourceTree = "<group>"; };
		A706D78A14B9268100B469BB /* NSCache+BlocksKit.m */ = {isa = PBXFileReference; fileEncoding = 4; lastKnownFileType = sourcecode.c.objc; path = "NSCache+BlocksKit.m"; sourceTree = "<group>"; };
		A706D78B14B9268100B469BB /* NSDictionary+BlocksKit.h */ = {isa = PBXFileReference; fileEncoding = 4; lastKnownFileType = sourcecode.c.h; path = "NSDictionary+BlocksKit.h"; sourceTree = "<group>"; };
		A706D78C14B9268100B469BB /* NSDictionary+BlocksKit.m */ = {isa = PBXFileReference; fileEncoding = 4; lastKnownFileType = sourcecode.c.objc; path = "NSDictionary+BlocksKit.m"; sourceTree = "<group>"; };
		A706D78D14B9268100B469BB /* NSIndexSet+BlocksKit.h */ = {isa = PBXFileReference; fileEncoding = 4; lastKnownFileType = sourcecode.c.h; path = "NSIndexSet+BlocksKit.h"; sourceTree = "<group>"; };
		A706D78E14B9268100B469BB /* NSIndexSet+BlocksKit.m */ = {isa = PBXFileReference; fileEncoding = 4; lastKnownFileType = sourcecode.c.objc; path = "NSIndexSet+BlocksKit.m"; sourceTree = "<group>"; };
		A706D78F14B9268100B469BB /* NSInvocation+BlocksKit.h */ = {isa = PBXFileReference; fileEncoding = 4; lastKnownFileType = sourcecode.c.h; path = "NSInvocation+BlocksKit.h"; sourceTree = "<group>"; };
		A706D79014B9268100B469BB /* NSInvocation+BlocksKit.m */ = {isa = PBXFileReference; fileEncoding = 4; lastKnownFileType = sourcecode.c.objc; path = "NSInvocation+BlocksKit.m"; sourceTree = "<group>"; };
		A706D79114B9268100B469BB /* NSMutableArray+BlocksKit.h */ = {isa = PBXFileReference; fileEncoding = 4; lastKnownFileType = sourcecode.c.h; path = "NSMutableArray+BlocksKit.h"; sourceTree = "<group>"; };
		A706D79214B9268100B469BB /* NSMutableArray+BlocksKit.m */ = {isa = PBXFileReference; fileEncoding = 4; lastKnownFileType = sourcecode.c.objc; path = "NSMutableArray+BlocksKit.m"; sourceTree = "<group>"; };
		A706D79314B9268100B469BB /* NSMutableDictionary+BlocksKit.h */ = {isa = PBXFileReference; fileEncoding = 4; lastKnownFileType = sourcecode.c.h; path = "NSMutableDictionary+BlocksKit.h"; sourceTree = "<group>"; };
		A706D79414B9268100B469BB /* NSMutableDictionary+BlocksKit.m */ = {isa = PBXFileReference; fileEncoding = 4; lastKnownFileType = sourcecode.c.objc; path = "NSMutableDictionary+BlocksKit.m"; sourceTree = "<group>"; };
		A706D79514B9268100B469BB /* NSMutableIndexSet+BlocksKit.h */ = {isa = PBXFileReference; fileEncoding = 4; lastKnownFileType = sourcecode.c.h; path = "NSMutableIndexSet+BlocksKit.h"; sourceTree = "<group>"; };
		A706D79614B9268100B469BB /* NSMutableIndexSet+BlocksKit.m */ = {isa = PBXFileReference; fileEncoding = 4; lastKnownFileType = sourcecode.c.objc; path = "NSMutableIndexSet+BlocksKit.m"; sourceTree = "<group>"; };
		A706D79714B9268100B469BB /* NSMutableSet+BlocksKit.h */ = {isa = PBXFileReference; fileEncoding = 4; lastKnownFileType = sourcecode.c.h; path = "NSMutableSet+BlocksKit.h"; sourceTree = "<group>"; };
		A706D79814B9268100B469BB /* NSMutableSet+BlocksKit.m */ = {isa = PBXFileReference; fileEncoding = 4; lastKnownFileType = sourcecode.c.objc; path = "NSMutableSet+BlocksKit.m"; sourceTree = "<group>"; };
		A706D79914B9268100B469BB /* NSObject+AssociatedObjects.h */ = {isa = PBXFileReference; fileEncoding = 4; lastKnownFileType = sourcecode.c.h; path = "NSObject+AssociatedObjects.h"; sourceTree = "<group>"; };
		A706D79A14B9268100B469BB /* NSObject+AssociatedObjects.m */ = {isa = PBXFileReference; fileEncoding = 4; lastKnownFileType = sourcecode.c.objc; path = "NSObject+AssociatedObjects.m"; sourceTree = "<group>"; };
		A706D79B14B9268100B469BB /* NSObject+BlockObservation.h */ = {isa = PBXFileReference; fileEncoding = 4; lastKnownFileType = sourcecode.c.h; path = "NSObject+BlockObservation.h"; sourceTree = "<group>"; };
		A706D79C14B9268100B469BB /* NSObject+BlockObservation.m */ = {isa = PBXFileReference; fileEncoding = 4; lastKnownFileType = sourcecode.c.objc; path = "NSObject+BlockObservation.m"; sourceTree = "<group>"; };
		A706D79D14B9268100B469BB /* NSObject+BlocksKit.h */ = {isa = PBXFileReference; fileEncoding = 4; lastKnownFileType = sourcecode.c.h; path = "NSObject+BlocksKit.h"; sourceTree = "<group>"; };
		A706D79E14B9268100B469BB /* NSObject+BlocksKit.m */ = {isa = PBXFileReference; fileEncoding = 4; lastKnownFileType = sourcecode.c.objc; path = "NSObject+BlocksKit.m"; sourceTree = "<group>"; };
		A706D79F14B9268100B469BB /* NSSet+BlocksKit.h */ = {isa = PBXFileReference; fileEncoding = 4; lastKnownFileType = sourcecode.c.h; path = "NSSet+BlocksKit.h"; sourceTree = "<group>"; };
		A706D7A014B9268100B469BB /* NSSet+BlocksKit.m */ = {isa = PBXFileReference; fileEncoding = 4; lastKnownFileType = sourcecode.c.objc; path = "NSSet+BlocksKit.m"; sourceTree = "<group>"; };
		A706D7A114B9268100B469BB /* NSTimer+BlocksKit.h */ = {isa = PBXFileReference; fileEncoding = 4; lastKnownFileType = sourcecode.c.h; path = "NSTimer+BlocksKit.h"; sourceTree = "<group>"; };
		A706D7A214B9268100B469BB /* NSTimer+BlocksKit.m */ = {isa = PBXFileReference; fileEncoding = 4; lastKnownFileType = sourcecode.c.objc; path = "NSTimer+BlocksKit.m"; sourceTree = "<group>"; };
		A706D7A314B9268100B469BB /* NSURLConnection+BlocksKit.h */ = {isa = PBXFileReference; fileEncoding = 4; lastKnownFileType = sourcecode.c.h; path = "NSURLConnection+BlocksKit.h"; sourceTree = "<group>"; };
		A706D7A414B9268100B469BB /* NSURLConnection+BlocksKit.m */ = {isa = PBXFileReference; fileEncoding = 4; lastKnownFileType = sourcecode.c.objc; path = "NSURLConnection+BlocksKit.m"; sourceTree = "<group>"; };
		A706D7A514B9268100B469BB /* UIActionSheet+BlocksKit.h */ = {isa = PBXFileReference; fileEncoding = 4; lastKnownFileType = sourcecode.c.h; path = "UIActionSheet+BlocksKit.h"; sourceTree = "<group>"; };
		A706D7A614B9268100B469BB /* UIActionSheet+BlocksKit.m */ = {isa = PBXFileReference; fileEncoding = 4; lastKnownFileType = sourcecode.c.objc; path = "UIActionSheet+BlocksKit.m"; sourceTree = "<group>"; };
		A706D7A714B9268100B469BB /* UIAlertView+BlocksKit.h */ = {isa = PBXFileReference; fileEncoding = 4; lastKnownFileType = sourcecode.c.h; path = "UIAlertView+BlocksKit.h"; sourceTree = "<group>"; };
		A706D7A814B9268100B469BB /* UIAlertView+BlocksKit.m */ = {isa = PBXFileReference; fileEncoding = 4; lastKnownFileType = sourcecode.c.objc; path = "UIAlertView+BlocksKit.m"; sourceTree = "<group>"; };
		A706D7A914B9268100B469BB /* UIBarButtonItem+BlocksKit.h */ = {isa = PBXFileReference; fileEncoding = 4; lastKnownFileType = sourcecode.c.h; path = "UIBarButtonItem+BlocksKit.h"; sourceTree = "<group>"; };
		A706D7AA14B9268100B469BB /* UIBarButtonItem+BlocksKit.m */ = {isa = PBXFileReference; fileEncoding = 4; lastKnownFileType = sourcecode.c.objc; path = "UIBarButtonItem+BlocksKit.m"; sourceTree = "<group>"; };
		A706D7AB14B9268100B469BB /* UIControl+BlocksKit.h */ = {isa = PBXFileReference; fileEncoding = 4; lastKnownFileType = sourcecode.c.h; path = "UIControl+BlocksKit.h"; sourceTree = "<group>"; };
		A706D7AC14B9268100B469BB /* UIControl+BlocksKit.m */ = {isa = PBXFileReference; fileEncoding = 4; lastKnownFileType = sourcecode.c.objc; path = "UIControl+BlocksKit.m"; sourceTree = "<group>"; };
		A706D7AD14B9268100B469BB /* UIGestureRecognizer+BlocksKit.h */ = {isa = PBXFileReference; fileEncoding = 4; lastKnownFileType = sourcecode.c.h; path = "UIGestureRecognizer+BlocksKit.h"; sourceTree = "<group>"; };
		A706D7AE14B9268100B469BB /* UIGestureRecognizer+BlocksKit.m */ = {isa = PBXFileReference; fileEncoding = 4; lastKnownFileType = sourcecode.c.objc; path = "UIGestureRecognizer+BlocksKit.m"; sourceTree = "<group>"; };
		A706D7AF14B9268100B469BB /* UIPopoverController+BlocksKit.h */ = {isa = PBXFileReference; fileEncoding = 4; lastKnownFileType = sourcecode.c.h; path = "UIPopoverController+BlocksKit.h"; sourceTree = "<group>"; };
		A706D7B014B9268100B469BB /* UIPopoverController+BlocksKit.m */ = {isa = PBXFileReference; fileEncoding = 4; lastKnownFileType = sourcecode.c.objc; path = "UIPopoverController+BlocksKit.m"; sourceTree = "<group>"; };
		A706D7B114B9268100B469BB /* UIView+BlocksKit.h */ = {isa = PBXFileReference; fileEncoding = 4; lastKnownFileType = sourcecode.c.h; path = "UIView+BlocksKit.h"; sourceTree = "<group>"; };
		A706D7B214B9268100B469BB /* UIView+BlocksKit.m */ = {isa = PBXFileReference; fileEncoding = 4; lastKnownFileType = sourcecode.c.objc; path = "UIView+BlocksKit.m"; sourceTree = "<group>"; };
		A706D7B314B9268100B469BB /* UIWebView+BlocksKit.h */ = {isa = PBXFileReference; fileEncoding = 4; lastKnownFileType = sourcecode.c.h; path = "UIWebView+BlocksKit.h"; sourceTree = "<group>"; };
		A706D7B414B9268100B469BB /* UIWebView+BlocksKit.m */ = {isa = PBXFileReference; fileEncoding = 4; lastKnownFileType = sourcecode.c.objc; path = "UIWebView+BlocksKit.m"; sourceTree = "<group>"; };
		A706D80714B9269F00B469BB /* NSManagedObjectContext+Opetopic.h */ = {isa = PBXFileReference; fileEncoding = 4; lastKnownFileType = sourcecode.c.h; path = "NSManagedObjectContext+Opetopic.h"; sourceTree = "<group>"; };
		A706D80814B9269F00B469BB /* NSManagedObjectContext+Opetopic.m */ = {isa = PBXFileReference; fileEncoding = 4; lastKnownFileType = sourcecode.c.objc; path = "NSManagedObjectContext+Opetopic.m"; sourceTree = "<group>"; };
		A706D80914B9269F00B469BB /* NSPersistentStoreCoordinator+Opetopic.h */ = {isa = PBXFileReference; fileEncoding = 4; lastKnownFileType = sourcecode.c.h; path = "NSPersistentStoreCoordinator+Opetopic.h"; sourceTree = "<group>"; };
		A706D80A14B9269F00B469BB /* NSPersistentStoreCoordinator+Opetopic.m */ = {isa = PBXFileReference; fileEncoding = 4; lastKnownFileType = sourcecode.c.objc; path = "NSPersistentStoreCoordinator+Opetopic.m"; sourceTree = "<group>"; };
		A706D80C14B9269F00B469BB /* NSArray+Opetopic.h */ = {isa = PBXFileReference; fileEncoding = 4; lastKnownFileType = sourcecode.c.h; path = "NSArray+Opetopic.h"; sourceTree = "<group>"; };
		A706D80D14B9269F00B469BB /* NSArray+Opetopic.m */ = {isa = PBXFileReference; fileEncoding = 4; lastKnownFileType = sourcecode.c.objc; path = "NSArray+Opetopic.m"; sourceTree = "<group>"; };
		A706D80E14B9269F00B469BB /* NSCache+Opetopic.h */ = {isa = PBXFileReference; fileEncoding = 4; lastKnownFileType = sourcecode.c.h; path = "NSCache+Opetopic.h"; sourceTree = "<group>"; };
		A706D80F14B9269F00B469BB /* NSCache+Opetopic.m */ = {isa = PBXFileReference; fileEncoding = 4; lastKnownFileType = sourcecode.c.objc; path = "NSCache+Opetopic.m"; sourceTree = "<group>"; };
		A706D81014B9269F00B469BB /* NSData+Opetopic.h */ = {isa = PBXFileReference; fileEncoding = 4; lastKnownFileType = sourcecode.c.h; path = "NSData+Opetopic.h"; sourceTree = "<group>"; };
		A706D81114B9269F00B469BB /* NSData+Opetopic.m */ = {isa = PBXFileReference; fileEncoding = 4; lastKnownFileType = sourcecode.c.objc; path = "NSData+Opetopic.m"; sourceTree = "<group>"; };
		A706D81214B9269F00B469BB /* NSDate+Opetopic.h */ = {isa = PBXFileReference; fileEncoding = 4; lastKnownFileType = sourcecode.c.h; path = "NSDate+Opetopic.h"; sourceTree = "<group>"; };
		A706D81314B9269F00B469BB /* NSDate+Opetopic.m */ = {isa = PBXFileReference; fileEncoding = 4; lastKnownFileType = sourcecode.c.objc; path = "NSDate+Opetopic.m"; sourceTree = "<group>"; };
		A706D81414B9269F00B469BB /* NSDateFormatter+Opetopic.h */ = {isa = PBXFileReference; fileEncoding = 4; lastKnownFileType = sourcecode.c.h; path = "NSDateFormatter+Opetopic.h"; sourceTree = "<group>"; };
		A706D81514B9269F00B469BB /* NSDateFormatter+Opetopic.m */ = {isa = PBXFileReference; fileEncoding = 4; lastKnownFileType = sourcecode.c.objc; path = "NSDateFormatter+Opetopic.m"; sourceTree = "<group>"; };
		A706D81614B9269F00B469BB /* NSDictionary+Opetopic.h */ = {isa = PBXFileReference; fileEncoding = 4; lastKnownFileType = sourcecode.c.h; path = "NSDictionary+Opetopic.h"; sourceTree = "<group>"; };
		A706D81714B9269F00B469BB /* NSDictionary+Opetopic.m */ = {isa = PBXFileReference; fileEncoding = 4; lastKnownFileType = sourcecode.c.objc; path = "NSDictionary+Opetopic.m"; sourceTree = "<group>"; };
		A706D81814B9269F00B469BB /* NSLocale+Opetopic.h */ = {isa = PBXFileReference; fileEncoding = 4; lastKnownFileType = sourcecode.c.h; path = "NSLocale+Opetopic.h"; sourceTree = "<group>"; };
		A706D81914B9269F00B469BB /* NSLocale+Opetopic.m */ = {isa = PBXFileReference; fileEncoding = 4; lastKnownFileType = sourcecode.c.objc; path = "NSLocale+Opetopic.m"; sourceTree = "<group>"; };
		A706D81A14B9269F00B469BB /* NSMutableArray+Opetopic.h */ = {isa = PBXFileReference; fileEncoding = 4; lastKnownFileType = sourcecode.c.h; path = "NSMutableArray+Opetopic.h"; sourceTree = "<group>"; };
		A706D81B14B9269F00B469BB /* NSMutableArray+Opetopic.m */ = {isa = PBXFileReference; fileEncoding = 4; lastKnownFileType = sourcecode.c.objc; path = "NSMutableArray+Opetopic.m"; sourceTree = "<group>"; };
		A706D81C14B9269F00B469BB /* NSMutableDictionary+Opetopic.h */ = {isa = PBXFileReference; fileEncoding = 4; lastKnownFileType = sourcecode.c.h; path = "NSMutableDictionary+Opetopic.h"; sourceTree = "<group>"; };
		A706D81D14B9269F00B469BB /* NSMutableDictionary+Opetopic.m */ = {isa = PBXFileReference; fileEncoding = 4; lastKnownFileType = sourcecode.c.objc; path = "NSMutableDictionary+Opetopic.m"; sourceTree = "<group>"; };
		A706D81E14B9269F00B469BB /* NSNotificationCenter+Opetopic.h */ = {isa = PBXFileReference; fileEncoding = 4; lastKnownFileType = sourcecode.c.h; path = "NSNotificationCenter+Opetopic.h"; sourceTree = "<group>"; };
		A706D81F14B9269F00B469BB /* NSNotificationCenter+Opetopic.m */ = {isa = PBXFileReference; fileEncoding = 4; lastKnownFileType = sourcecode.c.objc; path = "NSNotificationCenter+Opetopic.m"; sourceTree = "<group>"; };
		A706D82014B9269F00B469BB /* NSObject+Opetopic.h */ = {isa = PBXFileReference; fileEncoding = 4; lastKnownFileType = sourcecode.c.h; path = "NSObject+Opetopic.h"; sourceTree = "<group>"; };
		A706D82114B9269F00B469BB /* NSObject+Opetopic.m */ = {isa = PBXFileReference; fileEncoding = 4; lastKnownFileType = sourcecode.c.objc; path = "NSObject+Opetopic.m"; sourceTree = "<group>"; };
		A706D82214B9269F00B469BB /* NSPredicate+Opetopic.h */ = {isa = PBXFileReference; fileEncoding = 4; lastKnownFileType = sourcecode.c.h; path = "NSPredicate+Opetopic.h"; sourceTree = "<group>"; };
		A706D82314B9269F00B469BB /* NSPredicate+Opetopic.m */ = {isa = PBXFileReference; fileEncoding = 4; lastKnownFileType = sourcecode.c.objc; path = "NSPredicate+Opetopic.m"; sourceTree = "<group>"; };
		A706D82414B9269F00B469BB /* NSSet+Opetopic.h */ = {isa = PBXFileReference; fileEncoding = 4; lastKnownFileType = sourcecode.c.h; path = "NSSet+Opetopic.h"; sourceTree = "<group>"; };
		A706D82514B9269F00B469BB /* NSSet+Opetopic.m */ = {isa = PBXFileReference; fileEncoding = 4; lastKnownFileType = sourcecode.c.objc; path = "NSSet+Opetopic.m"; sourceTree = "<group>"; };
		A706D82614B9269F00B469BB /* NSString+Opetopic.h */ = {isa = PBXFileReference; fileEncoding = 4; lastKnownFileType = sourcecode.c.h; path = "NSString+Opetopic.h"; sourceTree = "<group>"; };
		A706D82714B9269F00B469BB /* NSString+Opetopic.m */ = {isa = PBXFileReference; fileEncoding = 4; lastKnownFileType = sourcecode.c.objc; path = "NSString+Opetopic.m"; sourceTree = "<group>"; };
		A706D82814B9269F00B469BB /* NSURL+Opetopic.h */ = {isa = PBXFileReference; fileEncoding = 4; lastKnownFileType = sourcecode.c.h; path = "NSURL+Opetopic.h"; sourceTree = "<group>"; };
		A706D82914B9269F00B469BB /* NSURL+Opetopic.m */ = {isa = PBXFileReference; fileEncoding = 4; lastKnownFileType = sourcecode.c.objc; path = "NSURL+Opetopic.m"; sourceTree = "<group>"; };
		A706D82B14B9269F00B469BB /* OPMacros.h */ = {isa = PBXFileReference; fileEncoding = 4; lastKnownFileType = sourcecode.c.h; path = OPMacros.h; sourceTree = "<group>"; };
		A706D82C14B9269F00B469BB /* OPMacros.m */ = {isa = PBXFileReference; fileEncoding = 4; lastKnownFileType = sourcecode.c.objc; path = OPMacros.m; sourceTree = "<group>"; };
		A706D82E14B9269F00B469BB /* MKMapView+Opetopic.h */ = {isa = PBXFileReference; fileEncoding = 4; lastKnownFileType = sourcecode.c.h; path = "MKMapView+Opetopic.h"; sourceTree = "<group>"; };
		A706D82F14B9269F00B469BB /* MKMapView+Opetopic.m */ = {isa = PBXFileReference; fileEncoding = 4; lastKnownFileType = sourcecode.c.objc; path = "MKMapView+Opetopic.m"; sourceTree = "<group>"; };
		A706D83114B9269F00B469BB /* UIApplication+Opetopic.h */ = {isa = PBXFileReference; fileEncoding = 4; lastKnownFileType = sourcecode.c.h; path = "UIApplication+Opetopic.h"; sourceTree = "<group>"; };
		A706D83214B9269F00B469BB /* UIApplication+Opetopic.m */ = {isa = PBXFileReference; fileEncoding = 4; lastKnownFileType = sourcecode.c.objc; path = "UIApplication+Opetopic.m"; sourceTree = "<group>"; };
		A706D83314B9269F00B469BB /* UIDevice+Opetopic.h */ = {isa = PBXFileReference; fileEncoding = 4; lastKnownFileType = sourcecode.c.h; path = "UIDevice+Opetopic.h"; sourceTree = "<group>"; };
		A706D83414B9269F00B469BB /* UIDevice+Opetopic.m */ = {isa = PBXFileReference; fileEncoding = 4; lastKnownFileType = sourcecode.c.objc; path = "UIDevice+Opetopic.m"; sourceTree = "<group>"; };
		A706D83514B9269F00B469BB /* UIImage+Opetopic.h */ = {isa = PBXFileReference; fileEncoding = 4; lastKnownFileType = sourcecode.c.h; path = "UIImage+Opetopic.h"; sourceTree = "<group>"; };
		A706D83614B9269F00B469BB /* UIImage+Opetopic.m */ = {isa = PBXFileReference; fileEncoding = 4; lastKnownFileType = sourcecode.c.objc; path = "UIImage+Opetopic.m"; sourceTree = "<group>"; };
		A706D83714B9269F00B469BB /* UINavigationController+Opetopic.h */ = {isa = PBXFileReference; fileEncoding = 4; lastKnownFileType = sourcecode.c.h; path = "UINavigationController+Opetopic.h"; sourceTree = "<group>"; };
		A706D83814B9269F00B469BB /* UINavigationController+Opetopic.m */ = {isa = PBXFileReference; fileEncoding = 4; lastKnownFileType = sourcecode.c.objc; path = "UINavigationController+Opetopic.m"; sourceTree = "<group>"; };
		A706D83914B9269F00B469BB /* UIProgressView+Opetopic.h */ = {isa = PBXFileReference; fileEncoding = 4; lastKnownFileType = sourcecode.c.h; path = "UIProgressView+Opetopic.h"; sourceTree = "<group>"; };
		A706D83A14B9269F00B469BB /* UIProgressView+Opetopic.m */ = {isa = PBXFileReference; fileEncoding = 4; lastKnownFileType = sourcecode.c.objc; path = "UIProgressView+Opetopic.m"; sourceTree = "<group>"; };
		A706D83B14B9269F00B469BB /* UIView+Opetopic.h */ = {isa = PBXFileReference; fileEncoding = 4; lastKnownFileType = sourcecode.c.h; path = "UIView+Opetopic.h"; sourceTree = "<group>"; };
		A706D83C14B9269F00B469BB /* UIView+Opetopic.m */ = {isa = PBXFileReference; fileEncoding = 4; lastKnownFileType = sourcecode.c.objc; path = "UIView+Opetopic.m"; sourceTree = "<group>"; };
		A706D83D14B9269F00B469BB /* UIViewController+Opetopic.h */ = {isa = PBXFileReference; fileEncoding = 4; lastKnownFileType = sourcecode.c.h; path = "UIViewController+Opetopic.h"; sourceTree = "<group>"; };
		A706D83E14B9269F00B469BB /* UIViewController+Opetopic.m */ = {isa = PBXFileReference; fileEncoding = 4; lastKnownFileType = sourcecode.c.objc; path = "UIViewController+Opetopic.m"; sourceTree = "<group>"; };
		A706D83F14B9269F00B469BB /* UIWebView+Opetopic.h */ = {isa = PBXFileReference; fileEncoding = 4; lastKnownFileType = sourcecode.c.h; path = "UIWebView+Opetopic.h"; sourceTree = "<group>"; };
		A706D84014B9269F00B469BB /* UIWebView+Opetopic.m */ = {isa = PBXFileReference; fileEncoding = 4; lastKnownFileType = sourcecode.c.objc; path = "UIWebView+Opetopic.m"; sourceTree = "<group>"; };
		A706D87714B926FF00B469BB /* CoreData.framework */ = {isa = PBXFileReference; lastKnownFileType = wrapper.framework; name = CoreData.framework; path = System/Library/Frameworks/CoreData.framework; sourceTree = SDKROOT; };
		A7F0596E14B9F58D005CF16F /* MapKit.framework */ = {isa = PBXFileReference; lastKnownFileType = wrapper.framework; name = MapKit.framework; path = System/Library/Frameworks/MapKit.framework; sourceTree = SDKROOT; };
		A7F0597014B9F5A8005CF16F /* QuartzCore.framework */ = {isa = PBXFileReference; lastKnownFileType = wrapper.framework; name = QuartzCore.framework; path = System/Library/Frameworks/QuartzCore.framework; sourceTree = SDKROOT; };
		A7F0597214B9F5B8005CF16F /* MessageUI.framework */ = {isa = PBXFileReference; lastKnownFileType = wrapper.framework; name = MessageUI.framework; path = System/Library/Frameworks/MessageUI.framework; sourceTree = SDKROOT; };
/* End PBXFileReference section */

/* Begin PBXFrameworksBuildPhase section */
		A706D6F714B9235100B469BB /* Frameworks */ = {
			isa = PBXFrameworksBuildPhase;
			buildActionMask = 2147483647;
			files = (
				A7F0597414B9F65F005CF16F /* MessageUI.framework in Frameworks */,
				A7F0597514B9F65F005CF16F /* QuartzCore.framework in Frameworks */,
				A7F0597614B9F65F005CF16F /* MapKit.framework in Frameworks */,
				A7F0597714B9F65F005CF16F /* CoreData.framework in Frameworks */,
				A7F0597814B9F65F005CF16F /* GHUnitIOS.framework in Frameworks */,
				A706D6FF14B9235100B469BB /* UIKit.framework in Frameworks */,
				A706D70114B9235100B469BB /* Foundation.framework in Frameworks */,
				A706D70314B9235100B469BB /* CoreGraphics.framework in Frameworks */,
			);
			runOnlyForDeploymentPostprocessing = 0;
		};
		A706D71A14B9237500B469BB /* Frameworks */ = {
			isa = PBXFrameworksBuildPhase;
			buildActionMask = 2147483647;
			files = (
				A7F0597314B9F5B8005CF16F /* MessageUI.framework in Frameworks */,
				A7F0597114B9F5A8005CF16F /* QuartzCore.framework in Frameworks */,
				A7F0596F14B9F58D005CF16F /* MapKit.framework in Frameworks */,
				A706D87814B926FF00B469BB /* CoreData.framework in Frameworks */,
				A706D71F14B9237500B469BB /* UIKit.framework in Frameworks */,
				A706D72014B9237500B469BB /* Foundation.framework in Frameworks */,
				A706D72114B9237500B469BB /* CoreGraphics.framework in Frameworks */,
				A706D73B14B9250C00B469BB /* GHUnitIOS.framework in Frameworks */,
			);
			runOnlyForDeploymentPostprocessing = 0;
		};
/* End PBXFrameworksBuildPhase section */

/* Begin PBXGroup section */
		A706D6EF14B9235100B469BB = {
			isa = PBXGroup;
			children = (
				A706D70414B9235100B469BB /* OPUIKit */,
				A706D72214B9237500B469BB /* OPUIKitTests */,
				A706D6FD14B9235100B469BB /* Frameworks */,
				A706D6FB14B9235100B469BB /* Products */,
			);
			sourceTree = "<group>";
		};
		A706D6FB14B9235100B469BB /* Products */ = {
			isa = PBXGroup;
			children = (
				A706D6FA14B9235100B469BB /* OPUIKit.app */,
				A706D71D14B9237500B469BB /* OPUIKitTests.app */,
			);
			name = Products;
			sourceTree = "<group>";
		};
		A706D6FD14B9235100B469BB /* Frameworks */ = {
			isa = PBXGroup;
			children = (
				A7F0597214B9F5B8005CF16F /* MessageUI.framework */,
				A7F0597014B9F5A8005CF16F /* QuartzCore.framework */,
				A7F0596E14B9F58D005CF16F /* MapKit.framework */,
				A706D87714B926FF00B469BB /* CoreData.framework */,
				A706D73A14B9250C00B469BB /* GHUnitIOS.framework */,
				A706D6FE14B9235100B469BB /* UIKit.framework */,
				A706D70014B9235100B469BB /* Foundation.framework */,
				A706D70214B9235100B469BB /* CoreGraphics.framework */,
			);
			name = Frameworks;
			sourceTree = "<group>";
		};
		A706D70414B9235100B469BB /* OPUIKit */ = {
			isa = PBXGroup;
			children = (
				A706D80514B9269F00B469BB /* OPExtensionKit */,
				A706D76914B9268100B469BB /* A2DynamicDelegate */,
				A706D77B14B9268100B469BB /* BlocksKit */,
				A706D73C14B9253400B469BB /* Source */,
				A706D70514B9235100B469BB /* Supporting Files */,
			);
			path = OPUIKit;
			sourceTree = "<group>";
		};
		A706D70514B9235100B469BB /* Supporting Files */ = {
			isa = PBXGroup;
			children = (
				A706D70D14B9235100B469BB /* OPAppDelegate.h */,
				A706D70E14B9235100B469BB /* OPAppDelegate.m */,
				A706D73214B923A900B469BB /* OPUIKit.podspec */,
				A706D70614B9235100B469BB /* OPUIKit-Info.plist */,
				A706D70A14B9235100B469BB /* main.m */,
				A706D70C14B9235100B469BB /* OPUIKit-Prefix.pch */,
			);
			name = "Supporting Files";
			sourceTree = "<group>";
		};
		A706D72214B9237500B469BB /* OPUIKitTests */ = {
			isa = PBXGroup;
			children = (
				A706D72314B9237500B469BB /* Supporting Files */,
			);
			path = OPUIKitTests;
			sourceTree = "<group>";
		};
		A706D72314B9237500B469BB /* Supporting Files */ = {
			isa = PBXGroup;
			children = (
				A706D76714B925BD00B469BB /* OPUIKit.podspec */,
				A706D72414B9237500B469BB /* OPUIKitTests-Info.plist */,
				A706D72814B9237500B469BB /* main.m */,
				A706D72A14B9237500B469BB /* OPUIKitTests-Prefix.pch */,
			);
			name = "Supporting Files";
			sourceTree = "<group>";
		};
		A706D73C14B9253400B469BB /* Source */ = {
			isa = PBXGroup;
			children = (
				A706D73D14B9253400B469BB /* OPBarButtonItem.h */,
				A706D73E14B9253400B469BB /* OPBarButtonItem.m */,
				A706D73F14B9253400B469BB /* OPGradientView.h */,
				A706D74014B9253400B469BB /* OPGradientView.m */,
				A706D74114B9253400B469BB /* OPNavigationBar.h */,
				A706D74214B9253400B469BB /* OPNavigationBar.m */,
				A706D74314B9253400B469BB /* OPNavigationController.h */,
				A706D74414B9253400B469BB /* OPNavigationController.m */,
				A706D74514B9253400B469BB /* OPNavigationController.xib */,
				A706D74614B9253400B469BB /* OPSidebarNavigationController.h */,
				A706D74714B9253400B469BB /* OPSidebarNavigationController.m */,
				A706D74814B9253400B469BB /* OPSidebarNavigationController.xib */,
				A706D74914B9253400B469BB /* OPTableViewController.h */,
				A706D74A14B9253400B469BB /* OPTableViewController.m */,
				A706D74B14B9253400B469BB /* OPTextView.h */,
				A706D74C14B9253400B469BB /* OPTextView.m */,
				A706D74D14B9253400B469BB /* OPView.h */,
				A706D74E14B9253400B469BB /* OPView.m */,
				A706D74F14B9253400B469BB /* OPViewController.h */,
				A706D75014B9253400B469BB /* OPViewController.m */,
			);
			path = Source;
			sourceTree = "<group>";
		};
		A706D76914B9268100B469BB /* A2DynamicDelegate */ = {
			isa = PBXGroup;
			children = (
				A706D76B14B9268100B469BB /* A2BlockDelegate.h */,
				A706D76C14B9268100B469BB /* A2BlockDelegate.m */,
				A706D76D14B9268100B469BB /* A2DynamicDelegate.h */,
				A706D76E14B9268100B469BB /* A2DynamicDelegate.m */,
			);
			name = A2DynamicDelegate;
			path = BlocksKit/A2DynamicDelegate;
			sourceTree = "<group>";
		};
		A706D77B14B9268100B469BB /* BlocksKit */ = {
			isa = PBXGroup;
			children = (
				A706D77C14B9268100B469BB /* A2BlockDelegate+BlocksKit.h */,
				A706D77D14B9268100B469BB /* A2BlockDelegate+BlocksKit.m */,
				A706D77E14B9268100B469BB /* BKGlobals.h */,
				A706D77F14B9268100B469BB /* BKMacros.h */,
				A706D78214B9268100B469BB /* BlocksKit.h */,
				A706D78314B9268100B469BB /* MFMailComposeViewController+BlocksKit.h */,
				A706D78414B9268100B469BB /* MFMailComposeViewController+BlocksKit.m */,
				A706D78514B9268100B469BB /* MFMessageComposeViewController+BlocksKit.h */,
				A706D78614B9268100B469BB /* MFMessageComposeViewController+BlocksKit.m */,
				A706D78714B9268100B469BB /* NSArray+BlocksKit.h */,
				A706D78814B9268100B469BB /* NSArray+BlocksKit.m */,
				A706D78914B9268100B469BB /* NSCache+BlocksKit.h */,
				A706D78A14B9268100B469BB /* NSCache+BlocksKit.m */,
				A706D78B14B9268100B469BB /* NSDictionary+BlocksKit.h */,
				A706D78C14B9268100B469BB /* NSDictionary+BlocksKit.m */,
				A706D78D14B9268100B469BB /* NSIndexSet+BlocksKit.h */,
				A706D78E14B9268100B469BB /* NSIndexSet+BlocksKit.m */,
				A706D78F14B9268100B469BB /* NSInvocation+BlocksKit.h */,
				A706D79014B9268100B469BB /* NSInvocation+BlocksKit.m */,
				A706D79114B9268100B469BB /* NSMutableArray+BlocksKit.h */,
				A706D79214B9268100B469BB /* NSMutableArray+BlocksKit.m */,
				A706D79314B9268100B469BB /* NSMutableDictionary+BlocksKit.h */,
				A706D79414B9268100B469BB /* NSMutableDictionary+BlocksKit.m */,
				A706D79514B9268100B469BB /* NSMutableIndexSet+BlocksKit.h */,
				A706D79614B9268100B469BB /* NSMutableIndexSet+BlocksKit.m */,
				A706D79714B9268100B469BB /* NSMutableSet+BlocksKit.h */,
				A706D79814B9268100B469BB /* NSMutableSet+BlocksKit.m */,
				A706D79914B9268100B469BB /* NSObject+AssociatedObjects.h */,
				A706D79A14B9268100B469BB /* NSObject+AssociatedObjects.m */,
				A706D79B14B9268100B469BB /* NSObject+BlockObservation.h */,
				A706D79C14B9268100B469BB /* NSObject+BlockObservation.m */,
				A706D79D14B9268100B469BB /* NSObject+BlocksKit.h */,
				A706D79E14B9268100B469BB /* NSObject+BlocksKit.m */,
				A706D79F14B9268100B469BB /* NSSet+BlocksKit.h */,
				A706D7A014B9268100B469BB /* NSSet+BlocksKit.m */,
				A706D7A114B9268100B469BB /* NSTimer+BlocksKit.h */,
				A706D7A214B9268100B469BB /* NSTimer+BlocksKit.m */,
				A706D7A314B9268100B469BB /* NSURLConnection+BlocksKit.h */,
				A706D7A414B9268100B469BB /* NSURLConnection+BlocksKit.m */,
				A706D7A514B9268100B469BB /* UIActionSheet+BlocksKit.h */,
				A706D7A614B9268100B469BB /* UIActionSheet+BlocksKit.m */,
				A706D7A714B9268100B469BB /* UIAlertView+BlocksKit.h */,
				A706D7A814B9268100B469BB /* UIAlertView+BlocksKit.m */,
				A706D7A914B9268100B469BB /* UIBarButtonItem+BlocksKit.h */,
				A706D7AA14B9268100B469BB /* UIBarButtonItem+BlocksKit.m */,
				A706D7AB14B9268100B469BB /* UIControl+BlocksKit.h */,
				A706D7AC14B9268100B469BB /* UIControl+BlocksKit.m */,
				A706D7AD14B9268100B469BB /* UIGestureRecognizer+BlocksKit.h */,
				A706D7AE14B9268100B469BB /* UIGestureRecognizer+BlocksKit.m */,
				A706D7AF14B9268100B469BB /* UIPopoverController+BlocksKit.h */,
				A706D7B014B9268100B469BB /* UIPopoverController+BlocksKit.m */,
				A706D7B114B9268100B469BB /* UIView+BlocksKit.h */,
				A706D7B214B9268100B469BB /* UIView+BlocksKit.m */,
				A706D7B314B9268100B469BB /* UIWebView+BlocksKit.h */,
				A706D7B414B9268100B469BB /* UIWebView+BlocksKit.m */,
			);
			name = BlocksKit;
			path = BlocksKit/BlocksKit;
			sourceTree = "<group>";
		};
		A706D80514B9269F00B469BB /* OPExtensionKit */ = {
			isa = PBXGroup;
			children = (
				A706D80614B9269F00B469BB /* CoreData */,
				A706D80B14B9269F00B469BB /* Foundation */,
				A706D82A14B9269F00B469BB /* Macros */,
				A706D82D14B9269F00B469BB /* MapKit */,
				A706D83014B9269F00B469BB /* UIKit */,
			);
			name = OPExtensionKit;
			path = opextensionkit/OPExtensionKit/Source;
			sourceTree = "<group>";
		};
		A706D80614B9269F00B469BB /* CoreData */ = {
			isa = PBXGroup;
			children = (
				A706D80714B9269F00B469BB /* NSManagedObjectContext+Opetopic.h */,
				A706D80814B9269F00B469BB /* NSManagedObjectContext+Opetopic.m */,
				A706D80914B9269F00B469BB /* NSPersistentStoreCoordinator+Opetopic.h */,
				A706D80A14B9269F00B469BB /* NSPersistentStoreCoordinator+Opetopic.m */,
			);
			path = CoreData;
			sourceTree = "<group>";
		};
		A706D80B14B9269F00B469BB /* Foundation */ = {
			isa = PBXGroup;
			children = (
				A706D80C14B9269F00B469BB /* NSArray+Opetopic.h */,
				A706D80D14B9269F00B469BB /* NSArray+Opetopic.m */,
				A706D80E14B9269F00B469BB /* NSCache+Opetopic.h */,
				A706D80F14B9269F00B469BB /* NSCache+Opetopic.m */,
				A706D81014B9269F00B469BB /* NSData+Opetopic.h */,
				A706D81114B9269F00B469BB /* NSData+Opetopic.m */,
				A706D81214B9269F00B469BB /* NSDate+Opetopic.h */,
				A706D81314B9269F00B469BB /* NSDate+Opetopic.m */,
				A706D81414B9269F00B469BB /* NSDateFormatter+Opetopic.h */,
				A706D81514B9269F00B469BB /* NSDateFormatter+Opetopic.m */,
				A706D81614B9269F00B469BB /* NSDictionary+Opetopic.h */,
				A706D81714B9269F00B469BB /* NSDictionary+Opetopic.m */,
				A706D81814B9269F00B469BB /* NSLocale+Opetopic.h */,
				A706D81914B9269F00B469BB /* NSLocale+Opetopic.m */,
				A706D81A14B9269F00B469BB /* NSMutableArray+Opetopic.h */,
				A706D81B14B9269F00B469BB /* NSMutableArray+Opetopic.m */,
				A706D81C14B9269F00B469BB /* NSMutableDictionary+Opetopic.h */,
				A706D81D14B9269F00B469BB /* NSMutableDictionary+Opetopic.m */,
				A706D81E14B9269F00B469BB /* NSNotificationCenter+Opetopic.h */,
				A706D81F14B9269F00B469BB /* NSNotificationCenter+Opetopic.m */,
				A706D82014B9269F00B469BB /* NSObject+Opetopic.h */,
				A706D82114B9269F00B469BB /* NSObject+Opetopic.m */,
				A706D82214B9269F00B469BB /* NSPredicate+Opetopic.h */,
				A706D82314B9269F00B469BB /* NSPredicate+Opetopic.m */,
				A706D82414B9269F00B469BB /* NSSet+Opetopic.h */,
				A706D82514B9269F00B469BB /* NSSet+Opetopic.m */,
				A706D82614B9269F00B469BB /* NSString+Opetopic.h */,
				A706D82714B9269F00B469BB /* NSString+Opetopic.m */,
				A706D82814B9269F00B469BB /* NSURL+Opetopic.h */,
				A706D82914B9269F00B469BB /* NSURL+Opetopic.m */,
			);
			path = Foundation;
			sourceTree = "<group>";
		};
		A706D82A14B9269F00B469BB /* Macros */ = {
			isa = PBXGroup;
			children = (
				A706D82B14B9269F00B469BB /* OPMacros.h */,
				A706D82C14B9269F00B469BB /* OPMacros.m */,
			);
			path = Macros;
			sourceTree = "<group>";
		};
		A706D82D14B9269F00B469BB /* MapKit */ = {
			isa = PBXGroup;
			children = (
				A706D82E14B9269F00B469BB /* MKMapView+Opetopic.h */,
				A706D82F14B9269F00B469BB /* MKMapView+Opetopic.m */,
			);
			path = MapKit;
			sourceTree = "<group>";
		};
		A706D83014B9269F00B469BB /* UIKit */ = {
			isa = PBXGroup;
			children = (
				A706D83114B9269F00B469BB /* UIApplication+Opetopic.h */,
				A706D83214B9269F00B469BB /* UIApplication+Opetopic.m */,
				A706D83314B9269F00B469BB /* UIDevice+Opetopic.h */,
				A706D83414B9269F00B469BB /* UIDevice+Opetopic.m */,
				A706D83514B9269F00B469BB /* UIImage+Opetopic.h */,
				A706D83614B9269F00B469BB /* UIImage+Opetopic.m */,
				A706D83714B9269F00B469BB /* UINavigationController+Opetopic.h */,
				A706D83814B9269F00B469BB /* UINavigationController+Opetopic.m */,
				A706D83914B9269F00B469BB /* UIProgressView+Opetopic.h */,
				A706D83A14B9269F00B469BB /* UIProgressView+Opetopic.m */,
				A706D83B14B9269F00B469BB /* UIView+Opetopic.h */,
				A706D83C14B9269F00B469BB /* UIView+Opetopic.m */,
				A706D83D14B9269F00B469BB /* UIViewController+Opetopic.h */,
				A706D83E14B9269F00B469BB /* UIViewController+Opetopic.m */,
				A706D83F14B9269F00B469BB /* UIWebView+Opetopic.h */,
				A706D84014B9269F00B469BB /* UIWebView+Opetopic.m */,
			);
			path = UIKit;
			sourceTree = "<group>";
		};
/* End PBXGroup section */

/* Begin PBXNativeTarget section */
		A706D6F914B9235100B469BB /* OPUIKit */ = {
			isa = PBXNativeTarget;
			buildConfigurationList = A706D71214B9235100B469BB /* Build configuration list for PBXNativeTarget "OPUIKit" */;
			buildPhases = (
				A706D6F614B9235100B469BB /* Sources */,
				A706D6F714B9235100B469BB /* Frameworks */,
				A706D6F814B9235100B469BB /* Resources */,
			);
			buildRules = (
			);
			dependencies = (
			);
			name = OPUIKit;
			productName = OPUIKit;
			productReference = A706D6FA14B9235100B469BB /* OPUIKit.app */;
			productType = "com.apple.product-type.application";
		};
		A706D71C14B9237500B469BB /* OPUIKitTests */ = {
			isa = PBXNativeTarget;
			buildConfigurationList = A706D73014B9237500B469BB /* Build configuration list for PBXNativeTarget "OPUIKitTests" */;
			buildPhases = (
				A706D71914B9237500B469BB /* Sources */,
				A706D71A14B9237500B469BB /* Frameworks */,
				A706D71B14B9237500B469BB /* Resources */,
			);
			buildRules = (
			);
			dependencies = (
			);
			name = OPUIKitTests;
			productName = OPUIKitTests;
			productReference = A706D71D14B9237500B469BB /* OPUIKitTests.app */;
			productType = "com.apple.product-type.application";
		};
/* End PBXNativeTarget section */

/* Begin PBXProject section */
		A706D6F114B9235100B469BB /* Project object */ = {
			isa = PBXProject;
			attributes = {
				LastUpgradeCheck = 0420;
				ORGANIZATIONNAME = Opetopic;
			};
			buildConfigurationList = A706D6F414B9235100B469BB /* Build configuration list for PBXProject "OPUIKit" */;
			compatibilityVersion = "Xcode 3.2";
			developmentRegion = English;
			hasScannedForEncodings = 0;
			knownRegions = (
				en,
			);
			mainGroup = A706D6EF14B9235100B469BB;
			productRefGroup = A706D6FB14B9235100B469BB /* Products */;
			projectDirPath = "";
			projectRoot = "";
			targets = (
				A706D6F914B9235100B469BB /* OPUIKit */,
				A706D71C14B9237500B469BB /* OPUIKitTests */,
			);
		};
/* End PBXProject section */

/* Begin PBXResourcesBuildPhase section */
		A706D6F814B9235100B469BB /* Resources */ = {
			isa = PBXResourcesBuildPhase;
			buildActionMask = 2147483647;
			files = (
				A706D75914B9253400B469BB /* OPNavigationController.xib in Resources */,
				A706D75D14B9253400B469BB /* OPSidebarNavigationController.xib in Resources */,
				A706D76814B925BD00B469BB /* OPUIKit.podspec in Resources */,
			);
			runOnlyForDeploymentPostprocessing = 0;
		};
		A706D71B14B9237500B469BB /* Resources */ = {
			isa = PBXResourcesBuildPhase;
			buildActionMask = 2147483647;
			files = (
				A706D75A14B9253400B469BB /* OPNavigationController.xib in Resources */,
				A706D75E14B9253400B469BB /* OPSidebarNavigationController.xib in Resources */,
			);
			runOnlyForDeploymentPostprocessing = 0;
		};
/* End PBXResourcesBuildPhase section */

/* Begin PBXSourcesBuildPhase section */
		A706D6F614B9235100B469BB /* Sources */ = {
			isa = PBXSourcesBuildPhase;
			buildActionMask = 2147483647;
			files = (
				A706D70B14B9235100B469BB /* main.m in Sources */,
				A706D70F14B9235100B469BB /* OPAppDelegate.m in Sources */,
				A706D75114B9253400B469BB /* OPBarButtonItem.m in Sources */,
				A706D75314B9253400B469BB /* OPGradientView.m in Sources */,
				A706D75514B9253400B469BB /* OPNavigationBar.m in Sources */,
				A706D75714B9253400B469BB /* OPNavigationController.m in Sources */,
				A706D75B14B9253400B469BB /* OPSidebarNavigationController.m in Sources */,
				A706D75F14B9253400B469BB /* OPTableViewController.m in Sources */,
				A706D76114B9253400B469BB /* OPTextView.m in Sources */,
				A706D76314B9253400B469BB /* OPView.m in Sources */,
				A706D76514B9253400B469BB /* OPViewController.m in Sources */,
				A706D7BB14B9268100B469BB /* A2BlockDelegate.m in Sources */,
				A706D7BD14B9268100B469BB /* A2DynamicDelegate.m in Sources */,
				A706D7C914B9268100B469BB /* A2BlockDelegate+BlocksKit.m in Sources */,
				A706D7CD14B9268100B469BB /* MFMailComposeViewController+BlocksKit.m in Sources */,
				A706D7CF14B9268100B469BB /* MFMessageComposeViewController+BlocksKit.m in Sources */,
				A706D7D114B9268100B469BB /* NSArray+BlocksKit.m in Sources */,
				A706D7D314B9268100B469BB /* NSCache+BlocksKit.m in Sources */,
				A706D7D514B9268100B469BB /* NSDictionary+BlocksKit.m in Sources */,
				A706D7D714B9268100B469BB /* NSIndexSet+BlocksKit.m in Sources */,
				A706D7D914B9268100B469BB /* NSInvocation+BlocksKit.m in Sources */,
				A706D7DB14B9268100B469BB /* NSMutableArray+BlocksKit.m in Sources */,
				A706D7DD14B9268100B469BB /* NSMutableDictionary+BlocksKit.m in Sources */,
				A706D7DF14B9268100B469BB /* NSMutableIndexSet+BlocksKit.m in Sources */,
				A706D7E114B9268100B469BB /* NSMutableSet+BlocksKit.m in Sources */,
				A706D7E314B9268100B469BB /* NSObject+AssociatedObjects.m in Sources */,
				A706D7E514B9268100B469BB /* NSObject+BlockObservation.m in Sources */,
				A706D7E714B9268100B469BB /* NSObject+BlocksKit.m in Sources */,
				A706D7E914B9268100B469BB /* NSSet+BlocksKit.m in Sources */,
				A706D7EB14B9268100B469BB /* NSTimer+BlocksKit.m in Sources */,
				A706D7ED14B9268100B469BB /* NSURLConnection+BlocksKit.m in Sources */,
				A706D7EF14B9268100B469BB /* UIActionSheet+BlocksKit.m in Sources */,
				A706D7F114B9268100B469BB /* UIAlertView+BlocksKit.m in Sources */,
				A706D7F314B9268100B469BB /* UIBarButtonItem+BlocksKit.m in Sources */,
				A706D7F514B9268100B469BB /* UIControl+BlocksKit.m in Sources */,
				A706D7F714B9268100B469BB /* UIGestureRecognizer+BlocksKit.m in Sources */,
				A706D7F914B9268100B469BB /* UIPopoverController+BlocksKit.m in Sources */,
				A706D7FB14B9268100B469BB /* UIView+BlocksKit.m in Sources */,
				A706D7FD14B9268100B469BB /* UIWebView+BlocksKit.m in Sources */,
				A706D84114B926A000B469BB /* NSManagedObjectContext+Opetopic.m in Sources */,
				A706D84314B926A000B469BB /* NSPersistentStoreCoordinator+Opetopic.m in Sources */,
				A706D84514B926A000B469BB /* NSArray+Opetopic.m in Sources */,
				A706D84714B926A000B469BB /* NSCache+Opetopic.m in Sources */,
				A706D84914B926A000B469BB /* NSData+Opetopic.m in Sources */,
				A706D84B14B926A000B469BB /* NSDate+Opetopic.m in Sources */,
				A706D84D14B926A000B469BB /* NSDateFormatter+Opetopic.m in Sources */,
				A706D84F14B926A000B469BB /* NSDictionary+Opetopic.m in Sources */,
				A706D85114B926A000B469BB /* NSLocale+Opetopic.m in Sources */,
				A706D85314B926A000B469BB /* NSMutableArray+Opetopic.m in Sources */,
				A706D85514B926A000B469BB /* NSMutableDictionary+Opetopic.m in Sources */,
				A706D85714B926A000B469BB /* NSNotificationCenter+Opetopic.m in Sources */,
				A706D85914B926A000B469BB /* NSObject+Opetopic.m in Sources */,
				A706D85B14B926A000B469BB /* NSPredicate+Opetopic.m in Sources */,
				A706D85D14B926A000B469BB /* NSSet+Opetopic.m in Sources */,
				A706D85F14B926A000B469BB /* NSString+Opetopic.m in Sources */,
				A706D86114B926A000B469BB /* NSURL+Opetopic.m in Sources */,
				A706D86314B926A000B469BB /* OPMacros.m in Sources */,
				A706D86514B926A000B469BB /* MKMapView+Opetopic.m in Sources */,
				A706D86714B926A000B469BB /* UIApplication+Opetopic.m in Sources */,
				A706D86914B926A000B469BB /* UIDevice+Opetopic.m in Sources */,
				A706D86B14B926A000B469BB /* UIImage+Opetopic.m in Sources */,
				A706D86D14B926A000B469BB /* UINavigationController+Opetopic.m in Sources */,
				A706D86F14B926A000B469BB /* UIProgressView+Opetopic.m in Sources */,
				A706D87114B926A000B469BB /* UIView+Opetopic.m in Sources */,
				A706D87314B926A000B469BB /* UIViewController+Opetopic.m in Sources */,
				A706D87514B926A000B469BB /* UIWebView+Opetopic.m in Sources */,
			);
			runOnlyForDeploymentPostprocessing = 0;
		};
		A706D71914B9237500B469BB /* Sources */ = {
			isa = PBXSourcesBuildPhase;
			buildActionMask = 2147483647;
			files = (
				A706D72914B9237500B469BB /* main.m in Sources */,
				A706D75214B9253400B469BB /* OPBarButtonItem.m in Sources */,
				A706D75414B9253400B469BB /* OPGradientView.m in Sources */,
				A706D75614B9253400B469BB /* OPNavigationBar.m in Sources */,
				A706D75814B9253400B469BB /* OPNavigationController.m in Sources */,
				A706D75C14B9253400B469BB /* OPSidebarNavigationController.m in Sources */,
				A706D76014B9253400B469BB /* OPTableViewController.m in Sources */,
				A706D76214B9253400B469BB /* OPTextView.m in Sources */,
				A706D76414B9253400B469BB /* OPView.m in Sources */,
				A706D76614B9253400B469BB /* OPViewController.m in Sources */,
				A706D7BC14B9268100B469BB /* A2BlockDelegate.m in Sources */,
				A706D7BE14B9268100B469BB /* A2DynamicDelegate.m in Sources */,
				A706D7CA14B9268100B469BB /* A2BlockDelegate+BlocksKit.m in Sources */,
				A706D7CE14B9268100B469BB /* MFMailComposeViewController+BlocksKit.m in Sources */,
				A706D7D014B9268100B469BB /* MFMessageComposeViewController+BlocksKit.m in Sources */,
				A706D7D214B9268100B469BB /* NSArray+BlocksKit.m in Sources */,
				A706D7D414B9268100B469BB /* NSCache+BlocksKit.m in Sources */,
				A706D7D614B9268100B469BB /* NSDictionary+BlocksKit.m in Sources */,
				A706D7D814B9268100B469BB /* NSIndexSet+BlocksKit.m in Sources */,
				A706D7DA14B9268100B469BB /* NSInvocation+BlocksKit.m in Sources */,
				A706D7DC14B9268100B469BB /* NSMutableArray+BlocksKit.m in Sources */,
				A706D7DE14B9268100B469BB /* NSMutableDictionary+BlocksKit.m in Sources */,
				A706D7E014B9268100B469BB /* NSMutableIndexSet+BlocksKit.m in Sources */,
				A706D7E214B9268100B469BB /* NSMutableSet+BlocksKit.m in Sources */,
				A706D7E414B9268100B469BB /* NSObject+AssociatedObjects.m in Sources */,
				A706D7E614B9268100B469BB /* NSObject+BlockObservation.m in Sources */,
				A706D7E814B9268100B469BB /* NSObject+BlocksKit.m in Sources */,
				A706D7EA14B9268100B469BB /* NSSet+BlocksKit.m in Sources */,
				A706D7EC14B9268100B469BB /* NSTimer+BlocksKit.m in Sources */,
				A706D7EE14B9268100B469BB /* NSURLConnection+BlocksKit.m in Sources */,
				A706D7F014B9268100B469BB /* UIActionSheet+BlocksKit.m in Sources */,
				A706D7F214B9268100B469BB /* UIAlertView+BlocksKit.m in Sources */,
				A706D7F414B9268100B469BB /* UIBarButtonItem+BlocksKit.m in Sources */,
				A706D7F614B9268100B469BB /* UIControl+BlocksKit.m in Sources */,
				A706D7F814B9268100B469BB /* UIGestureRecognizer+BlocksKit.m in Sources */,
				A706D7FA14B9268100B469BB /* UIPopoverController+BlocksKit.m in Sources */,
				A706D7FC14B9268100B469BB /* UIView+BlocksKit.m in Sources */,
				A706D7FE14B9268100B469BB /* UIWebView+BlocksKit.m in Sources */,
				A706D84214B926A000B469BB /* NSManagedObjectContext+Opetopic.m in Sources */,
				A706D84414B926A000B469BB /* NSPersistentStoreCoordinator+Opetopic.m in Sources */,
				A706D84614B926A000B469BB /* NSArray+Opetopic.m in Sources */,
				A706D84814B926A000B469BB /* NSCache+Opetopic.m in Sources */,
				A706D84A14B926A000B469BB /* NSData+Opetopic.m in Sources */,
				A706D84C14B926A000B469BB /* NSDate+Opetopic.m in Sources */,
				A706D84E14B926A000B469BB /* NSDateFormatter+Opetopic.m in Sources */,
				A706D85014B926A000B469BB /* NSDictionary+Opetopic.m in Sources */,
				A706D85214B926A000B469BB /* NSLocale+Opetopic.m in Sources */,
				A706D85414B926A000B469BB /* NSMutableArray+Opetopic.m in Sources */,
				A706D85614B926A000B469BB /* NSMutableDictionary+Opetopic.m in Sources */,
				A706D85814B926A000B469BB /* NSNotificationCenter+Opetopic.m in Sources */,
				A706D85A14B926A000B469BB /* NSObject+Opetopic.m in Sources */,
				A706D85C14B926A000B469BB /* NSPredicate+Opetopic.m in Sources */,
				A706D85E14B926A000B469BB /* NSSet+Opetopic.m in Sources */,
				A706D86014B926A000B469BB /* NSString+Opetopic.m in Sources */,
				A706D86214B926A000B469BB /* NSURL+Opetopic.m in Sources */,
				A706D86414B926A000B469BB /* OPMacros.m in Sources */,
				A706D86614B926A000B469BB /* MKMapView+Opetopic.m in Sources */,
				A706D86814B926A000B469BB /* UIApplication+Opetopic.m in Sources */,
				A706D86A14B926A000B469BB /* UIDevice+Opetopic.m in Sources */,
				A706D86C14B926A000B469BB /* UIImage+Opetopic.m in Sources */,
				A706D86E14B926A000B469BB /* UINavigationController+Opetopic.m in Sources */,
				A706D87014B926A000B469BB /* UIProgressView+Opetopic.m in Sources */,
				A706D87214B926A000B469BB /* UIView+Opetopic.m in Sources */,
				A706D87414B926A000B469BB /* UIViewController+Opetopic.m in Sources */,
				A706D87614B926A000B469BB /* UIWebView+Opetopic.m in Sources */,
			);
			runOnlyForDeploymentPostprocessing = 0;
		};
/* End PBXSourcesBuildPhase section */

/* Begin XCBuildConfiguration section */
		A706D71014B9235100B469BB /* Debug */ = {
			isa = XCBuildConfiguration;
			buildSettings = {
				ALWAYS_SEARCH_USER_PATHS = NO;
				ARCHS = "$(ARCHS_STANDARD_32_BIT)";
				CLANG_ENABLE_OBJC_ARC = YES;
				"CODE_SIGN_IDENTITY[sdk=iphoneos*]" = "iPhone Developer";
				COPY_PHASE_STRIP = NO;
				GCC_C_LANGUAGE_STANDARD = gnu99;
				GCC_DYNAMIC_NO_PIC = NO;
				GCC_OPTIMIZATION_LEVEL = 0;
				GCC_PREPROCESSOR_DEFINITIONS = (
					"DEBUG=1",
					"$(inherited)",
				);
				GCC_SYMBOLS_PRIVATE_EXTERN = NO;
				GCC_VERSION = com.apple.compilers.llvm.clang.1_0;
				GCC_WARN_ABOUT_MISSING_PROTOTYPES = YES;
				GCC_WARN_ABOUT_RETURN_TYPE = YES;
				GCC_WARN_UNUSED_VARIABLE = YES;
				IPHONEOS_DEPLOYMENT_TARGET = 5.0;
				SDKROOT = iphoneos;
				TARGETED_DEVICE_FAMILY = "1,2";
			};
			name = Debug;
		};
		A706D71114B9235100B469BB /* Release */ = {
			isa = XCBuildConfiguration;
			buildSettings = {
				ALWAYS_SEARCH_USER_PATHS = NO;
				ARCHS = "$(ARCHS_STANDARD_32_BIT)";
				CLANG_ENABLE_OBJC_ARC = YES;
				"CODE_SIGN_IDENTITY[sdk=iphoneos*]" = "iPhone Developer";
				COPY_PHASE_STRIP = YES;
				GCC_C_LANGUAGE_STANDARD = gnu99;
				GCC_VERSION = com.apple.compilers.llvm.clang.1_0;
				GCC_WARN_ABOUT_MISSING_PROTOTYPES = YES;
				GCC_WARN_ABOUT_RETURN_TYPE = YES;
				GCC_WARN_UNUSED_VARIABLE = YES;
				IPHONEOS_DEPLOYMENT_TARGET = 5.0;
				OTHER_CFLAGS = "-DNS_BLOCK_ASSERTIONS=1";
				SDKROOT = iphoneos;
				TARGETED_DEVICE_FAMILY = "1,2";
				VALIDATE_PRODUCT = YES;
			};
			name = Release;
		};
		A706D71314B9235100B469BB /* Debug */ = {
			isa = XCBuildConfiguration;
			buildSettings = {
				FRAMEWORK_SEARCH_PATHS = (
					"$(inherited)",
					"\"$(SRCROOT)/OPUIKitTests\"",
				);
				GCC_PRECOMPILE_PREFIX_HEADER = YES;
				GCC_PREFIX_HEADER = "OPUIKit/OPUIKit-Prefix.pch";
				INFOPLIST_FILE = "OPUIKit/OPUIKit-Info.plist";
				PRODUCT_NAME = "$(TARGET_NAME)";
				WRAPPER_EXTENSION = app;
			};
			name = Debug;
		};
		A706D71414B9235100B469BB /* Release */ = {
			isa = XCBuildConfiguration;
			buildSettings = {
				FRAMEWORK_SEARCH_PATHS = (
					"$(inherited)",
					"\"$(SRCROOT)/OPUIKitTests\"",
				);
				GCC_PRECOMPILE_PREFIX_HEADER = YES;
				GCC_PREFIX_HEADER = "OPUIKit/OPUIKit-Prefix.pch";
				INFOPLIST_FILE = "OPUIKit/OPUIKit-Info.plist";
				PRODUCT_NAME = "$(TARGET_NAME)";
				WRAPPER_EXTENSION = app;
			};
			name = Release;
		};
		A706D72E14B9237500B469BB /* Debug */ = {
			isa = XCBuildConfiguration;
			buildSettings = {
				"CODE_SIGN_IDENTITY[sdk=iphoneos*]" = "iPhone Developer";
				FRAMEWORK_SEARCH_PATHS = (
					"$(inherited)",
					"\"$(SRCROOT)/OPUIKitTests\"",
				);
				GCC_PRECOMPILE_PREFIX_HEADER = YES;
				GCC_PREFIX_HEADER = "OPUIKitTests/OPUIKitTests-Prefix.pch";
				INFOPLIST_FILE = "OPUIKitTests/OPUIKitTests-Info.plist";
				PRODUCT_NAME = "$(TARGET_NAME)";
				WRAPPER_EXTENSION = app;
			};
			name = Debug;
		};
		A706D72F14B9237500B469BB /* Release */ = {
			isa = XCBuildConfiguration;
			buildSettings = {
				"CODE_SIGN_IDENTITY[sdk=iphoneos*]" = "iPhone Developer";
				FRAMEWORK_SEARCH_PATHS = (
					"$(inherited)",
					"\"$(SRCROOT)/OPUIKitTests\"",
				);
				GCC_PRECOMPILE_PREFIX_HEADER = YES;
				GCC_PREFIX_HEADER = "OPUIKitTests/OPUIKitTests-Prefix.pch";
				INFOPLIST_FILE = "OPUIKitTests/OPUIKitTests-Info.plist";
				PRODUCT_NAME = "$(TARGET_NAME)";
				WRAPPER_EXTENSION = app;
			};
			name = Release;
		};
/* End XCBuildConfiguration section */

/* Begin XCConfigurationList section */
		A706D6F414B9235100B469BB /* Build configuration list for PBXProject "OPUIKit" */ = {
			isa = XCConfigurationList;
			buildConfigurations = (
				A706D71014B9235100B469BB /* Debug */,
				A706D71114B9235100B469BB /* Release */,
			);
			defaultConfigurationIsVisible = 0;
			defaultConfigurationName = Release;
		};
		A706D71214B9235100B469BB /* Build configuration list for PBXNativeTarget "OPUIKit" */ = {
			isa = XCConfigurationList;
			buildConfigurations = (
				A706D71314B9235100B469BB /* Debug */,
				A706D71414B9235100B469BB /* Release */,
			);
			defaultConfigurationIsVisible = 0;
			defaultConfigurationName = Release;
		};
		A706D73014B9237500B469BB /* Build configuration list for PBXNativeTarget "OPUIKitTests" */ = {
			isa = XCConfigurationList;
			buildConfigurations = (
				A706D72E14B9237500B469BB /* Debug */,
				A706D72F14B9237500B469BB /* Release */,
			);
			defaultConfigurationIsVisible = 0;
			defaultConfigurationName = Release;
		};
/* End XCConfigurationList section */
	};
	rootObject = A706D6F114B9235100B469BB /* Project object */;
}
